
Microsoft Visual Studio Solution File, Format Version 12.00
# Visual Studio Version 16
VisualStudioVersion = 16.0.30114.105
MinimumVisualStudioVersion = 10.0.40219.1
Project("{FAE04EC0-301F-11D3-BF4B-00C04F79EFBC}") = "Penguin.Cms.Modules.Files.Local", "Penguin.Cms.Modules.Files.Local.csproj", "{A8B635F8-003D-4CA3-9597-2F528683C587}"
EndProject
Project("{FAE04EC0-301F-11D3-BF4B-00C04F79EFBC}") = "Penguin.Cms.Web.Files.Local", "..\Penguin.Cms.Web.Files\Penguin.Cms.Web.Files.Local.csproj", "{F3433D32-A6E9-4A9D-822A-D8A937C4983A}"
EndProject
Project("{FAE04EC0-301F-11D3-BF4B-00C04F79EFBC}") = "Penguin.Web.Data.Local", "..\Penguin.Web.Data\Penguin.Web.Data.Local.csproj", "{DB8E0E0A-D972-487F-9782-5AA35D86C0E6}"
EndProject
Project("{FAE04EC0-301F-11D3-BF4B-00C04F79EFBC}") = "Penguin.Email.Templating.Abstractions.Local", "..\Penguin.Email.Templating.Abstractions\Penguin.Email.Templating.Abstractions.Local.csproj", "{59BD3955-FC2D-49F6-BF1F-5C3247B90AD1}"
EndProject
Project("{FAE04EC0-301F-11D3-BF4B-00C04F79EFBC}") = "Penguin.Email.Abstractions.Local", "..\Penguin.Email.Abstractions\Penguin.Email.Abstractions.Local.csproj", "{BEF5EA35-AA7B-474D-BDC1-EF7AA54566C9}"
EndProject
Project("{FAE04EC0-301F-11D3-BF4B-00C04F79EFBC}") = "Penguin.Files.Abstractions.Local", "..\Penguin.Files.Abstractions\Penguin.Files.Abstractions.Local.csproj", "{CA3989B2-28D1-41C1-8B18-A1AAD3C8CF1D}"
EndProject
Project("{FAE04EC0-301F-11D3-BF4B-00C04F79EFBC}") = "Penguin.Templating.Abstractions.Local", "..\Penguin.Templating.Abstractions\Penguin.Templating.Abstractions.Local.csproj", "{C973375A-49FA-4DB3-99D2-897BAAA4BA46}"
EndProject
Project("{FAE04EC0-301F-11D3-BF4B-00C04F79EFBC}") = "Penguin.Web.Abstractions.Local", "..\Penguin.Web.Abstractions\Penguin.Web.Abstractions.Local.csproj", "{666D76D8-952D-4B73-B2D2-FB40146155B9}"
EndProject
Project("{FAE04EC0-301F-11D3-BF4B-00C04F79EFBC}") = "Penguin.Messaging.Application.Local", "..\Penguin.Messaging.Application\Penguin.Messaging.Application.Local.csproj", "{3D8D299F-F5E1-4049-B657-07F6919E63F5}"
EndProject
Project("{FAE04EC0-301F-11D3-BF4B-00C04F79EFBC}") = "Penguin.Messaging.Core.Local", "..\Penguin.Messaging.Core\Penguin.Messaging.Core.Local.csproj", "{1A5EC35F-CA3B-4CDF-8764-4DAFE1FC3C78}"
EndProject
Project("{FAE04EC0-301F-11D3-BF4B-00C04F79EFBC}") = "Penguin.Messaging.Abstractions.Local", "..\Penguin.Messaging.Abstractions\Penguin.Messaging.Abstractions.Local.csproj", "{20EDB86F-149C-4F85-8436-D1E63CE00ADB}"
EndProject
Project("{FAE04EC0-301F-11D3-BF4B-00C04F79EFBC}") = "Penguin.Debugging.Local", "..\Penguin.Debugging\Penguin.Debugging.Local.csproj", "{9BD25039-E454-4387-8E5F-61548261C26E}"
EndProject
Project("{FAE04EC0-301F-11D3-BF4B-00C04F79EFBC}") = "Penguin.Extensions.Exceptions.Local", "..\Penguin.Extensions.Exceptions\Penguin.Extensions.Exceptions.Local.csproj", "{E09202E2-E215-4811-851C-D89CBDD55D50}"
EndProject
Project("{FAE04EC0-301F-11D3-BF4B-00C04F79EFBC}") = "Penguin.Cms.Files.Repositories.Local", "..\Penguin.Cms.Files.Repositories\Penguin.Cms.Files.Repositories.Local.csproj", "{70782BB8-8576-4B15-B8BB-E04BF8C35F80}"
EndProject
Project("{FAE04EC0-301F-11D3-BF4B-00C04F79EFBC}") = "Penguin.Cms.Files.Local", "..\Penguin.Cms.Files\Penguin.Cms.Files.Local.csproj", "{259F3BD0-C61A-4583-94F7-E2C103EDC3A0}"
EndProject
Project("{FAE04EC0-301F-11D3-BF4B-00C04F79EFBC}") = "Penguin.Cms.Entities.Local", "..\Penguin.Cms.Entities\Penguin.Cms.Entities.Local.csproj", "{3080A466-9687-4294-8740-B197C89EE60F}"
EndProject
Project("{FAE04EC0-301F-11D3-BF4B-00C04F79EFBC}") = "Penguin.Persistence.Abstractions.Local", "..\Penguin.Persistence.Abstractions\Penguin.Persistence.Abstractions.Local.csproj", "{3B0715E0-5A5B-441D-BD64-D788CB923DAA}"
EndProject
Project("{FAE04EC0-301F-11D3-BF4B-00C04F79EFBC}") = "Penguin.Entities.Abstractions.Local", "..\Penguin.Entities.Abstractions\Penguin.Entities.Abstractions.Local.csproj", "{4A4E4BA2-F30B-43A4-AF2D-C64527679070}"
EndProject
Project("{FAE04EC0-301F-11D3-BF4B-00C04F79EFBC}") = "Penguin.Reflection.Extensions.Local", "..\Penguin.Reflection.Extensions\Penguin.Reflection.Extensions.Local.csproj", "{61676661-72BB-4B85-80F1-A85B221D6967}"
EndProject
Project("{FAE04EC0-301F-11D3-BF4B-00C04F79EFBC}") = "Penguin.Reflection.Abstractions.Local", "..\Penguin.Reflection.Abstractions\Penguin.Reflection.Abstractions.Local.csproj", "{3E02FA01-8126-496D-BEB6-3243E8333060}"
EndProject
Project("{FAE04EC0-301F-11D3-BF4B-00C04F79EFBC}") = "Penguin.Extensions.String.Local", "..\Penguin.Extensions.String\Penguin.Extensions.String.Local.csproj", "{101F4038-7D80-4F76-8F37-B746D57B92C0}"
EndProject
Project("{FAE04EC0-301F-11D3-BF4B-00C04F79EFBC}") = "Penguin.Files.Local", "..\Penguin.Files\Penguin.Files.Local.csproj", "{628A2CA6-5622-46A2-AD1D-B655E9573009}"
EndProject
Project("{FAE04EC0-301F-11D3-BF4B-00C04F79EFBC}") = "Penguin.DependencyInjection.Abstractions.Local", "..\Penguin.DependencyInjection.Abstractions\Penguin.DependencyInjection.Abstractions.Local.csproj", "{D445C484-4D47-428B-A424-91135DE5253D}"
EndProject
Project("{FAE04EC0-301F-11D3-BF4B-00C04F79EFBC}") = "Penguin.Security.Abstractions.Local", "..\Penguin.Security.Abstractions\Penguin.Security.Abstractions.Local.csproj", "{867538E1-365A-442B-9825-8AB82A52929F}"
EndProject
Project("{FAE04EC0-301F-11D3-BF4B-00C04F79EFBC}") = "Penguin.Configuration.Abstractions.Local", "..\Penguin.Configuration.Abstractions\Penguin.Configuration.Abstractions.Local.csproj", "{B284F52F-9C8D-4812-97B2-5B44349DA28A}"
EndProject
Project("{FAE04EC0-301F-11D3-BF4B-00C04F79EFBC}") = "Penguin.Cms.Repositories.Local", "..\Penguin.Cms.Repositories\Penguin.Cms.Repositories.Local.csproj", "{5D17D994-618B-4C24-BAFC-68BFD0262F3B}"
EndProject
Project("{FAE04EC0-301F-11D3-BF4B-00C04F79EFBC}") = "Penguin.Persistence.Repositories.Local", "..\Penguin.Persistence.Repositories\Penguin.Persistence.Repositories.Local.csproj", "{BB4CEB9C-D1FC-4BA7-8B90-CCA510978D09}"
EndProject
Project("{FAE04EC0-301F-11D3-BF4B-00C04F79EFBC}") = "Penguin.Messaging.Persistence.Local", "..\Penguin.Messaging.Persistence\Penguin.Messaging.Persistence.Local.csproj", "{4B71FE41-D077-4451-8776-9F462E99326C}"
EndProject
Project("{FAE04EC0-301F-11D3-BF4B-00C04F79EFBC}") = "Penguin.Reflection.Local", "..\Penguin.Reflection\Penguin.Reflection.Local.csproj", "{B9B593E7-D377-49A0-95C5-12499A5854BE}"
EndProject
Project("{FAE04EC0-301F-11D3-BF4B-00C04F79EFBC}") = "Penguin.Cms.Modules.Dynamic.Local", "..\Penguin.Cms.Modules.Dynamic\Penguin.Cms.Modules.Dynamic.Local.csproj", "{00A50B1E-FA53-49EA-9E84-6FFA0636B5B6}"
EndProject
Project("{FAE04EC0-301F-11D3-BF4B-00C04F79EFBC}") = "Penguin.Shared.Objects.Local", "..\Penguin.Shared.Objects\Penguin.Shared.Objects.Local.csproj", "{DB4E2843-D1AC-4CE6-A51C-1FA66D27D819}"
EndProject
Project("{FAE04EC0-301F-11D3-BF4B-00C04F79EFBC}") = "Penguin.Cms.Errors.Local", "..\Penguin.Cms.Errors\Penguin.Cms.Errors.Local.csproj", "{7A415EC2-E616-43A2-A7E0-4468F6C01F0A}"
EndProject
Project("{FAE04EC0-301F-11D3-BF4B-00C04F79EFBC}") = "Penguin.Auditing.Abstractions.Local", "..\Penguin.Auditing.Abstractions\Penguin.Auditing.Abstractions.Local.csproj", "{C8956689-D637-4091-B3B3-5314667F759F}"
EndProject
Project("{FAE04EC0-301F-11D3-BF4B-00C04F79EFBC}") = "Penguin.Web.Dynamic.Local", "..\Penguin.Web.Dynamic\Penguin.Web.Dynamic.Local.csproj", "{FE2CE8CD-BF49-4B2D-86FA-43674A11CD21}"
EndProject
Project("{FAE04EC0-301F-11D3-BF4B-00C04F79EFBC}") = "Penguin.Extensions.Collections.Local", "..\Penguin.Extensions.Collections\Penguin.Extensions.Collections.Local.csproj", "{DE4AB60E-D1B2-49E5-8FEA-EC9E9B9681EF}"
EndProject
Project("{FAE04EC0-301F-11D3-BF4B-00C04F79EFBC}") = "Penguin.Reflection.Serialization.Local", "..\Penguin.Reflection.Serialization\Penguin.Reflection.Serialization.Local.csproj", "{2AFF285D-D5D7-4F80-BA37-AD6210DA71CC}"
EndProject
Project("{FAE04EC0-301F-11D3-BF4B-00C04F79EFBC}") = "Penguin.Reflection.Serialization.Abstractions.Local", "..\Penguin.Reflection.Serialization.Abstractions\Penguin.Reflection.Serialization.Abstractions.Local.csproj", "{7D0F8E26-F345-48A9-94AD-F2184315D298}"
EndProject
Project("{FAE04EC0-301F-11D3-BF4B-00C04F79EFBC}") = "Penguin.Cms.Modules.Admin.Local", "..\Penguin.Cms.Modules.Admin\Penguin.Cms.Modules.Admin.Local.csproj", "{753FF020-4113-49AF-8F9B-A50A31C66813}"
EndProject
Project("{FAE04EC0-301F-11D3-BF4B-00C04F79EFBC}") = "Penguin.Web.Security.Local", "..\Penguin.Web.Security\Penguin.Web.Security.Local.csproj", "{94795009-8BC1-4F46-BDD1-10A950E35DC3}"
EndProject
Project("{FAE04EC0-301F-11D3-BF4B-00C04F79EFBC}") = "Penguin.Cms.Modules.Core.Local", "..\Penguin.Cms.Modules.Core\Penguin.Cms.Modules.Core.Local.csproj", "{90FCA457-839A-40B3-9A0C-B6DCF456AC29}"
EndProject
Project("{FAE04EC0-301F-11D3-BF4B-00C04F79EFBC}") = "Penguin.Navigation.Abstractions.Local", "..\Penguin.Navigation.Abstractions\Penguin.Navigation.Abstractions.Local.csproj", "{860A0F88-FA27-4434-99AC-3710CCF1902A}"
EndProject
Project("{FAE04EC0-301F-11D3-BF4B-00C04F79EFBC}") = "Penguin.Cms.Core.Local", "..\Penguin.Cms.Core\Penguin.Cms.Core.Local.csproj", "{D4F2BA82-6815-4386-84DD-182E57078472}"
EndProject
Project("{FAE04EC0-301F-11D3-BF4B-00C04F79EFBC}") = "Penguin.Cms.Abstractions.Local", "..\Penguin.Cms.Abstractions\Penguin.Cms.Abstractions.Local.csproj", "{9E41DB65-FA66-42A2-B17B-D95389A56FE4}"
EndProject
Project("{FAE04EC0-301F-11D3-BF4B-00C04F79EFBC}") = "Penguin.Cms.Web.Local", "..\Penguin.Cms.Web\Penguin.Cms.Web.Local.csproj", "{3955A635-5C32-4603-9FB3-431FC4BF82FB}"
EndProject
Project("{FAE04EC0-301F-11D3-BF4B-00C04F79EFBC}") = "Penguin.Web.Mvc.Local", "..\Penguin.Web.Mvc\Penguin.Web.Mvc.Local.csproj", "{EB85BA4B-722A-4D8E-B811-589AAD869054}"
EndProject
Project("{FAE04EC0-301F-11D3-BF4B-00C04F79EFBC}") = "Penguin.Web.Mvc.Abstractions.Local", "..\Penguin.Web.Mvc.Abstractions\Penguin.Web.Mvc.Abstractions.Local.csproj", "{01F12312-460D-4071-8B6E-15F0BE618E61}"
EndProject
Project("{FAE04EC0-301F-11D3-BF4B-00C04F79EFBC}") = "Penguin.Configuration.Local", "..\Penguin.Configuration\Penguin.Configuration.Local.csproj", "{F06CA8A7-EA9E-4CF4-AD57-D6C69B2F2D06}"
EndProject
Project("{FAE04EC0-301F-11D3-BF4B-00C04F79EFBC}") = "Penguin.Testing.Local", "..\Penguin.Testing\Penguin.Testing.Local.csproj", "{678FDA96-A0DF-4854-8C32-517DB13BC81F}"
EndProject
Project("{FAE04EC0-301F-11D3-BF4B-00C04F79EFBC}") = "Penguin.Web.Errors.Local", "..\Penguin.Web.Errors\Penguin.Web.Errors.Local.csproj", "{7A4B57F9-4D05-47EE-AC15-CA2179D9BB40}"
EndProject
Project("{FAE04EC0-301F-11D3-BF4B-00C04F79EFBC}") = "Penguin.Web.DependencyInjection.Local", "..\Penguin.Web.DependencyInjection\Penguin.Web.DependencyInjection.Local.csproj", "{74117DFF-B60C-4345-B4F1-5352E917BEF0}"
EndProject
Project("{FAE04EC0-301F-11D3-BF4B-00C04F79EFBC}") = "Penguin.Web.Testing.Local", "..\Penguin.Web.Testing\Penguin.Web.Testing.Local.csproj", "{2C336EE8-5EAD-4E4E-B6B9-2AB528D393B3}"
EndProject
Project("{FAE04EC0-301F-11D3-BF4B-00C04F79EFBC}") = "Penguin.DependencyInjection.Local", "..\Penguin.DependencyInjection\Penguin.DependencyInjection.Local.csproj", "{19D2CF67-5B21-431B-9C0B-756C8D3DC787}"
EndProject
Project("{FAE04EC0-301F-11D3-BF4B-00C04F79EFBC}") = "Penguin.Reflection.Serialization.Extensions.Local", "..\Penguin.Reflection.Serialization.Extensions\Penguin.Reflection.Serialization.Extensions.Local.csproj", "{326B7076-7EC9-4D85-AFD1-E9910A885649}"
EndProject
Project("{FAE04EC0-301F-11D3-BF4B-00C04F79EFBC}") = "Penguin.Persistence.Database.Local", "..\Penguin.Persistence.Database\Penguin.Persistence.Database.Local.csproj", "{DB948A26-9B94-4667-BBBB-AB2809FED1BA}"
EndProject
Project("{FAE04EC0-301F-11D3-BF4B-00C04F79EFBC}") = "Penguin.Threading.BackgroundWorker.Local", "..\Penguin.Threading.BackgroundWorker\Penguin.Threading.BackgroundWorker.Local.csproj", "{D4949A02-11DA-4338-ACB4-81B285C5594B}"
EndProject
Project("{FAE04EC0-301F-11D3-BF4B-00C04F79EFBC}") = "Penguin.Json.Local", "..\Penguin.Json\Penguin.Json.Local.csproj", "{93684841-4033-47C9-9D2C-A8D6167C6586}"
EndProject
Project("{FAE04EC0-301F-11D3-BF4B-00C04F79EFBC}") = "Penguin.SystemExtensions.Abstractions.Local", "..\Penguin.SystemExtensions.Abstractions\Penguin.SystemExtensions.Abstractions.Local.csproj", "{2BE0DAEB-9C84-413A-BC35-8A3169C52871}"
EndProject
Project("{FAE04EC0-301F-11D3-BF4B-00C04F79EFBC}") = "Penguin.Json.Abstractions.Local", "..\Penguin.Json.Abstractions\Penguin.Json.Abstractions.Local.csproj", "{6D7D6F6E-7E4F-4AD8-8159-D76F36083D8C}"
EndProject
Global
	GlobalSection(SolutionConfigurationPlatforms) = preSolution
		Debug|Any CPU = Debug|Any CPU
		Debug|x64 = Debug|x64
		Debug|x86 = Debug|x86
		Release|Any CPU = Release|Any CPU
		Release|x64 = Release|x64
		Release|x86 = Release|x86
	EndGlobalSection
	GlobalSection(SolutionProperties) = preSolution
		HideSolutionNode = FALSE
	EndGlobalSection
	GlobalSection(ProjectConfigurationPlatforms) = postSolution
		{A8B635F8-003D-4CA3-9597-2F528683C587}.Debug|Any CPU.ActiveCfg = Debug|Any CPU
		{A8B635F8-003D-4CA3-9597-2F528683C587}.Debug|Any CPU.Build.0 = Debug|Any CPU
		{A8B635F8-003D-4CA3-9597-2F528683C587}.Debug|x64.ActiveCfg = Debug|Any CPU
		{A8B635F8-003D-4CA3-9597-2F528683C587}.Debug|x64.Build.0 = Debug|Any CPU
		{A8B635F8-003D-4CA3-9597-2F528683C587}.Debug|x86.ActiveCfg = Debug|Any CPU
		{A8B635F8-003D-4CA3-9597-2F528683C587}.Debug|x86.Build.0 = Debug|Any CPU
		{A8B635F8-003D-4CA3-9597-2F528683C587}.Release|Any CPU.ActiveCfg = Release|Any CPU
		{A8B635F8-003D-4CA3-9597-2F528683C587}.Release|Any CPU.Build.0 = Release|Any CPU
		{A8B635F8-003D-4CA3-9597-2F528683C587}.Release|x64.ActiveCfg = Release|Any CPU
		{A8B635F8-003D-4CA3-9597-2F528683C587}.Release|x64.Build.0 = Release|Any CPU
		{A8B635F8-003D-4CA3-9597-2F528683C587}.Release|x86.ActiveCfg = Release|Any CPU
		{A8B635F8-003D-4CA3-9597-2F528683C587}.Release|x86.Build.0 = Release|Any CPU
		{F3433D32-A6E9-4A9D-822A-D8A937C4983A}.Debug|Any CPU.ActiveCfg = Debug|Any CPU
		{F3433D32-A6E9-4A9D-822A-D8A937C4983A}.Debug|Any CPU.Build.0 = Debug|Any CPU
		{F3433D32-A6E9-4A9D-822A-D8A937C4983A}.Debug|x64.ActiveCfg = Debug|Any CPU
		{F3433D32-A6E9-4A9D-822A-D8A937C4983A}.Debug|x64.Build.0 = Debug|Any CPU
		{F3433D32-A6E9-4A9D-822A-D8A937C4983A}.Debug|x86.ActiveCfg = Debug|Any CPU
		{F3433D32-A6E9-4A9D-822A-D8A937C4983A}.Debug|x86.Build.0 = Debug|Any CPU
		{F3433D32-A6E9-4A9D-822A-D8A937C4983A}.Release|Any CPU.ActiveCfg = Release|Any CPU
		{F3433D32-A6E9-4A9D-822A-D8A937C4983A}.Release|Any CPU.Build.0 = Release|Any CPU
		{F3433D32-A6E9-4A9D-822A-D8A937C4983A}.Release|x64.ActiveCfg = Release|Any CPU
		{F3433D32-A6E9-4A9D-822A-D8A937C4983A}.Release|x64.Build.0 = Release|Any CPU
		{F3433D32-A6E9-4A9D-822A-D8A937C4983A}.Release|x86.ActiveCfg = Release|Any CPU
		{F3433D32-A6E9-4A9D-822A-D8A937C4983A}.Release|x86.Build.0 = Release|Any CPU
		{DB8E0E0A-D972-487F-9782-5AA35D86C0E6}.Debug|Any CPU.ActiveCfg = Debug|Any CPU
		{DB8E0E0A-D972-487F-9782-5AA35D86C0E6}.Debug|Any CPU.Build.0 = Debug|Any CPU
		{DB8E0E0A-D972-487F-9782-5AA35D86C0E6}.Debug|x64.ActiveCfg = Debug|Any CPU
		{DB8E0E0A-D972-487F-9782-5AA35D86C0E6}.Debug|x64.Build.0 = Debug|Any CPU
		{DB8E0E0A-D972-487F-9782-5AA35D86C0E6}.Debug|x86.ActiveCfg = Debug|Any CPU
		{DB8E0E0A-D972-487F-9782-5AA35D86C0E6}.Debug|x86.Build.0 = Debug|Any CPU
		{DB8E0E0A-D972-487F-9782-5AA35D86C0E6}.Release|Any CPU.ActiveCfg = Release|Any CPU
		{DB8E0E0A-D972-487F-9782-5AA35D86C0E6}.Release|Any CPU.Build.0 = Release|Any CPU
		{DB8E0E0A-D972-487F-9782-5AA35D86C0E6}.Release|x64.ActiveCfg = Release|Any CPU
		{DB8E0E0A-D972-487F-9782-5AA35D86C0E6}.Release|x64.Build.0 = Release|Any CPU
		{DB8E0E0A-D972-487F-9782-5AA35D86C0E6}.Release|x86.ActiveCfg = Release|Any CPU
		{DB8E0E0A-D972-487F-9782-5AA35D86C0E6}.Release|x86.Build.0 = Release|Any CPU
		{59BD3955-FC2D-49F6-BF1F-5C3247B90AD1}.Debug|Any CPU.ActiveCfg = Debug|Any CPU
		{59BD3955-FC2D-49F6-BF1F-5C3247B90AD1}.Debug|Any CPU.Build.0 = Debug|Any CPU
		{59BD3955-FC2D-49F6-BF1F-5C3247B90AD1}.Debug|x64.ActiveCfg = Debug|Any CPU
		{59BD3955-FC2D-49F6-BF1F-5C3247B90AD1}.Debug|x64.Build.0 = Debug|Any CPU
		{59BD3955-FC2D-49F6-BF1F-5C3247B90AD1}.Debug|x86.ActiveCfg = Debug|Any CPU
		{59BD3955-FC2D-49F6-BF1F-5C3247B90AD1}.Debug|x86.Build.0 = Debug|Any CPU
		{59BD3955-FC2D-49F6-BF1F-5C3247B90AD1}.Release|Any CPU.ActiveCfg = Release|Any CPU
		{59BD3955-FC2D-49F6-BF1F-5C3247B90AD1}.Release|Any CPU.Build.0 = Release|Any CPU
		{59BD3955-FC2D-49F6-BF1F-5C3247B90AD1}.Release|x64.ActiveCfg = Release|Any CPU
		{59BD3955-FC2D-49F6-BF1F-5C3247B90AD1}.Release|x64.Build.0 = Release|Any CPU
		{59BD3955-FC2D-49F6-BF1F-5C3247B90AD1}.Release|x86.ActiveCfg = Release|Any CPU
		{59BD3955-FC2D-49F6-BF1F-5C3247B90AD1}.Release|x86.Build.0 = Release|Any CPU
		{BEF5EA35-AA7B-474D-BDC1-EF7AA54566C9}.Debug|Any CPU.ActiveCfg = Debug|Any CPU
		{BEF5EA35-AA7B-474D-BDC1-EF7AA54566C9}.Debug|Any CPU.Build.0 = Debug|Any CPU
		{BEF5EA35-AA7B-474D-BDC1-EF7AA54566C9}.Debug|x64.ActiveCfg = Debug|Any CPU
		{BEF5EA35-AA7B-474D-BDC1-EF7AA54566C9}.Debug|x64.Build.0 = Debug|Any CPU
		{BEF5EA35-AA7B-474D-BDC1-EF7AA54566C9}.Debug|x86.ActiveCfg = Debug|Any CPU
		{BEF5EA35-AA7B-474D-BDC1-EF7AA54566C9}.Debug|x86.Build.0 = Debug|Any CPU
		{BEF5EA35-AA7B-474D-BDC1-EF7AA54566C9}.Release|Any CPU.ActiveCfg = Release|Any CPU
		{BEF5EA35-AA7B-474D-BDC1-EF7AA54566C9}.Release|Any CPU.Build.0 = Release|Any CPU
		{BEF5EA35-AA7B-474D-BDC1-EF7AA54566C9}.Release|x64.ActiveCfg = Release|Any CPU
		{BEF5EA35-AA7B-474D-BDC1-EF7AA54566C9}.Release|x64.Build.0 = Release|Any CPU
		{BEF5EA35-AA7B-474D-BDC1-EF7AA54566C9}.Release|x86.ActiveCfg = Release|Any CPU
		{BEF5EA35-AA7B-474D-BDC1-EF7AA54566C9}.Release|x86.Build.0 = Release|Any CPU
		{CA3989B2-28D1-41C1-8B18-A1AAD3C8CF1D}.Debug|Any CPU.ActiveCfg = Debug|Any CPU
		{CA3989B2-28D1-41C1-8B18-A1AAD3C8CF1D}.Debug|Any CPU.Build.0 = Debug|Any CPU
		{CA3989B2-28D1-41C1-8B18-A1AAD3C8CF1D}.Debug|x64.ActiveCfg = Debug|Any CPU
		{CA3989B2-28D1-41C1-8B18-A1AAD3C8CF1D}.Debug|x64.Build.0 = Debug|Any CPU
		{CA3989B2-28D1-41C1-8B18-A1AAD3C8CF1D}.Debug|x86.ActiveCfg = Debug|Any CPU
		{CA3989B2-28D1-41C1-8B18-A1AAD3C8CF1D}.Debug|x86.Build.0 = Debug|Any CPU
		{CA3989B2-28D1-41C1-8B18-A1AAD3C8CF1D}.Release|Any CPU.ActiveCfg = Release|Any CPU
		{CA3989B2-28D1-41C1-8B18-A1AAD3C8CF1D}.Release|Any CPU.Build.0 = Release|Any CPU
		{CA3989B2-28D1-41C1-8B18-A1AAD3C8CF1D}.Release|x64.ActiveCfg = Release|Any CPU
		{CA3989B2-28D1-41C1-8B18-A1AAD3C8CF1D}.Release|x64.Build.0 = Release|Any CPU
		{CA3989B2-28D1-41C1-8B18-A1AAD3C8CF1D}.Release|x86.ActiveCfg = Release|Any CPU
		{CA3989B2-28D1-41C1-8B18-A1AAD3C8CF1D}.Release|x86.Build.0 = Release|Any CPU
		{C973375A-49FA-4DB3-99D2-897BAAA4BA46}.Debug|Any CPU.ActiveCfg = Debug|Any CPU
		{C973375A-49FA-4DB3-99D2-897BAAA4BA46}.Debug|Any CPU.Build.0 = Debug|Any CPU
		{C973375A-49FA-4DB3-99D2-897BAAA4BA46}.Debug|x64.ActiveCfg = Debug|Any CPU
		{C973375A-49FA-4DB3-99D2-897BAAA4BA46}.Debug|x64.Build.0 = Debug|Any CPU
		{C973375A-49FA-4DB3-99D2-897BAAA4BA46}.Debug|x86.ActiveCfg = Debug|Any CPU
		{C973375A-49FA-4DB3-99D2-897BAAA4BA46}.Debug|x86.Build.0 = Debug|Any CPU
		{C973375A-49FA-4DB3-99D2-897BAAA4BA46}.Release|Any CPU.ActiveCfg = Release|Any CPU
		{C973375A-49FA-4DB3-99D2-897BAAA4BA46}.Release|Any CPU.Build.0 = Release|Any CPU
		{C973375A-49FA-4DB3-99D2-897BAAA4BA46}.Release|x64.ActiveCfg = Release|Any CPU
		{C973375A-49FA-4DB3-99D2-897BAAA4BA46}.Release|x64.Build.0 = Release|Any CPU
		{C973375A-49FA-4DB3-99D2-897BAAA4BA46}.Release|x86.ActiveCfg = Release|Any CPU
		{C973375A-49FA-4DB3-99D2-897BAAA4BA46}.Release|x86.Build.0 = Release|Any CPU
		{666D76D8-952D-4B73-B2D2-FB40146155B9}.Debug|Any CPU.ActiveCfg = Debug|Any CPU
		{666D76D8-952D-4B73-B2D2-FB40146155B9}.Debug|Any CPU.Build.0 = Debug|Any CPU
		{666D76D8-952D-4B73-B2D2-FB40146155B9}.Debug|x64.ActiveCfg = Debug|Any CPU
		{666D76D8-952D-4B73-B2D2-FB40146155B9}.Debug|x64.Build.0 = Debug|Any CPU
		{666D76D8-952D-4B73-B2D2-FB40146155B9}.Debug|x86.ActiveCfg = Debug|Any CPU
		{666D76D8-952D-4B73-B2D2-FB40146155B9}.Debug|x86.Build.0 = Debug|Any CPU
		{666D76D8-952D-4B73-B2D2-FB40146155B9}.Release|Any CPU.ActiveCfg = Release|Any CPU
		{666D76D8-952D-4B73-B2D2-FB40146155B9}.Release|Any CPU.Build.0 = Release|Any CPU
		{666D76D8-952D-4B73-B2D2-FB40146155B9}.Release|x64.ActiveCfg = Release|Any CPU
		{666D76D8-952D-4B73-B2D2-FB40146155B9}.Release|x64.Build.0 = Release|Any CPU
		{666D76D8-952D-4B73-B2D2-FB40146155B9}.Release|x86.ActiveCfg = Release|Any CPU
		{666D76D8-952D-4B73-B2D2-FB40146155B9}.Release|x86.Build.0 = Release|Any CPU
		{3D8D299F-F5E1-4049-B657-07F6919E63F5}.Debug|Any CPU.ActiveCfg = Debug|Any CPU
		{3D8D299F-F5E1-4049-B657-07F6919E63F5}.Debug|Any CPU.Build.0 = Debug|Any CPU
		{3D8D299F-F5E1-4049-B657-07F6919E63F5}.Debug|x64.ActiveCfg = Debug|Any CPU
		{3D8D299F-F5E1-4049-B657-07F6919E63F5}.Debug|x64.Build.0 = Debug|Any CPU
		{3D8D299F-F5E1-4049-B657-07F6919E63F5}.Debug|x86.ActiveCfg = Debug|Any CPU
		{3D8D299F-F5E1-4049-B657-07F6919E63F5}.Debug|x86.Build.0 = Debug|Any CPU
		{3D8D299F-F5E1-4049-B657-07F6919E63F5}.Release|Any CPU.ActiveCfg = Release|Any CPU
		{3D8D299F-F5E1-4049-B657-07F6919E63F5}.Release|Any CPU.Build.0 = Release|Any CPU
		{3D8D299F-F5E1-4049-B657-07F6919E63F5}.Release|x64.ActiveCfg = Release|Any CPU
		{3D8D299F-F5E1-4049-B657-07F6919E63F5}.Release|x64.Build.0 = Release|Any CPU
		{3D8D299F-F5E1-4049-B657-07F6919E63F5}.Release|x86.ActiveCfg = Release|Any CPU
		{3D8D299F-F5E1-4049-B657-07F6919E63F5}.Release|x86.Build.0 = Release|Any CPU
		{1A5EC35F-CA3B-4CDF-8764-4DAFE1FC3C78}.Debug|Any CPU.ActiveCfg = Debug|Any CPU
		{1A5EC35F-CA3B-4CDF-8764-4DAFE1FC3C78}.Debug|Any CPU.Build.0 = Debug|Any CPU
		{1A5EC35F-CA3B-4CDF-8764-4DAFE1FC3C78}.Debug|x64.ActiveCfg = Debug|Any CPU
		{1A5EC35F-CA3B-4CDF-8764-4DAFE1FC3C78}.Debug|x64.Build.0 = Debug|Any CPU
		{1A5EC35F-CA3B-4CDF-8764-4DAFE1FC3C78}.Debug|x86.ActiveCfg = Debug|Any CPU
		{1A5EC35F-CA3B-4CDF-8764-4DAFE1FC3C78}.Debug|x86.Build.0 = Debug|Any CPU
		{1A5EC35F-CA3B-4CDF-8764-4DAFE1FC3C78}.Release|Any CPU.ActiveCfg = Release|Any CPU
		{1A5EC35F-CA3B-4CDF-8764-4DAFE1FC3C78}.Release|Any CPU.Build.0 = Release|Any CPU
		{1A5EC35F-CA3B-4CDF-8764-4DAFE1FC3C78}.Release|x64.ActiveCfg = Release|Any CPU
		{1A5EC35F-CA3B-4CDF-8764-4DAFE1FC3C78}.Release|x64.Build.0 = Release|Any CPU
		{1A5EC35F-CA3B-4CDF-8764-4DAFE1FC3C78}.Release|x86.ActiveCfg = Release|Any CPU
		{1A5EC35F-CA3B-4CDF-8764-4DAFE1FC3C78}.Release|x86.Build.0 = Release|Any CPU
		{20EDB86F-149C-4F85-8436-D1E63CE00ADB}.Debug|Any CPU.ActiveCfg = Debug|Any CPU
		{20EDB86F-149C-4F85-8436-D1E63CE00ADB}.Debug|Any CPU.Build.0 = Debug|Any CPU
		{20EDB86F-149C-4F85-8436-D1E63CE00ADB}.Debug|x64.ActiveCfg = Debug|Any CPU
		{20EDB86F-149C-4F85-8436-D1E63CE00ADB}.Debug|x64.Build.0 = Debug|Any CPU
		{20EDB86F-149C-4F85-8436-D1E63CE00ADB}.Debug|x86.ActiveCfg = Debug|Any CPU
		{20EDB86F-149C-4F85-8436-D1E63CE00ADB}.Debug|x86.Build.0 = Debug|Any CPU
		{20EDB86F-149C-4F85-8436-D1E63CE00ADB}.Release|Any CPU.ActiveCfg = Release|Any CPU
		{20EDB86F-149C-4F85-8436-D1E63CE00ADB}.Release|Any CPU.Build.0 = Release|Any CPU
		{20EDB86F-149C-4F85-8436-D1E63CE00ADB}.Release|x64.ActiveCfg = Release|Any CPU
		{20EDB86F-149C-4F85-8436-D1E63CE00ADB}.Release|x64.Build.0 = Release|Any CPU
		{20EDB86F-149C-4F85-8436-D1E63CE00ADB}.Release|x86.ActiveCfg = Release|Any CPU
		{20EDB86F-149C-4F85-8436-D1E63CE00ADB}.Release|x86.Build.0 = Release|Any CPU
		{9BD25039-E454-4387-8E5F-61548261C26E}.Debug|Any CPU.ActiveCfg = Debug|Any CPU
		{9BD25039-E454-4387-8E5F-61548261C26E}.Debug|Any CPU.Build.0 = Debug|Any CPU
		{9BD25039-E454-4387-8E5F-61548261C26E}.Debug|x64.ActiveCfg = Debug|Any CPU
		{9BD25039-E454-4387-8E5F-61548261C26E}.Debug|x64.Build.0 = Debug|Any CPU
		{9BD25039-E454-4387-8E5F-61548261C26E}.Debug|x86.ActiveCfg = Debug|Any CPU
		{9BD25039-E454-4387-8E5F-61548261C26E}.Debug|x86.Build.0 = Debug|Any CPU
		{9BD25039-E454-4387-8E5F-61548261C26E}.Release|Any CPU.ActiveCfg = Release|Any CPU
		{9BD25039-E454-4387-8E5F-61548261C26E}.Release|Any CPU.Build.0 = Release|Any CPU
		{9BD25039-E454-4387-8E5F-61548261C26E}.Release|x64.ActiveCfg = Release|Any CPU
		{9BD25039-E454-4387-8E5F-61548261C26E}.Release|x64.Build.0 = Release|Any CPU
		{9BD25039-E454-4387-8E5F-61548261C26E}.Release|x86.ActiveCfg = Release|Any CPU
		{9BD25039-E454-4387-8E5F-61548261C26E}.Release|x86.Build.0 = Release|Any CPU
		{E09202E2-E215-4811-851C-D89CBDD55D50}.Debug|Any CPU.ActiveCfg = Debug|Any CPU
		{E09202E2-E215-4811-851C-D89CBDD55D50}.Debug|Any CPU.Build.0 = Debug|Any CPU
		{E09202E2-E215-4811-851C-D89CBDD55D50}.Debug|x64.ActiveCfg = Debug|Any CPU
		{E09202E2-E215-4811-851C-D89CBDD55D50}.Debug|x64.Build.0 = Debug|Any CPU
		{E09202E2-E215-4811-851C-D89CBDD55D50}.Debug|x86.ActiveCfg = Debug|Any CPU
		{E09202E2-E215-4811-851C-D89CBDD55D50}.Debug|x86.Build.0 = Debug|Any CPU
		{E09202E2-E215-4811-851C-D89CBDD55D50}.Release|Any CPU.ActiveCfg = Release|Any CPU
		{E09202E2-E215-4811-851C-D89CBDD55D50}.Release|Any CPU.Build.0 = Release|Any CPU
		{E09202E2-E215-4811-851C-D89CBDD55D50}.Release|x64.ActiveCfg = Release|Any CPU
		{E09202E2-E215-4811-851C-D89CBDD55D50}.Release|x64.Build.0 = Release|Any CPU
		{E09202E2-E215-4811-851C-D89CBDD55D50}.Release|x86.ActiveCfg = Release|Any CPU
		{E09202E2-E215-4811-851C-D89CBDD55D50}.Release|x86.Build.0 = Release|Any CPU
		{70782BB8-8576-4B15-B8BB-E04BF8C35F80}.Debug|Any CPU.ActiveCfg = Debug|Any CPU
		{70782BB8-8576-4B15-B8BB-E04BF8C35F80}.Debug|Any CPU.Build.0 = Debug|Any CPU
		{70782BB8-8576-4B15-B8BB-E04BF8C35F80}.Debug|x64.ActiveCfg = Debug|Any CPU
		{70782BB8-8576-4B15-B8BB-E04BF8C35F80}.Debug|x64.Build.0 = Debug|Any CPU
		{70782BB8-8576-4B15-B8BB-E04BF8C35F80}.Debug|x86.ActiveCfg = Debug|Any CPU
		{70782BB8-8576-4B15-B8BB-E04BF8C35F80}.Debug|x86.Build.0 = Debug|Any CPU
		{70782BB8-8576-4B15-B8BB-E04BF8C35F80}.Release|Any CPU.ActiveCfg = Release|Any CPU
		{70782BB8-8576-4B15-B8BB-E04BF8C35F80}.Release|Any CPU.Build.0 = Release|Any CPU
		{70782BB8-8576-4B15-B8BB-E04BF8C35F80}.Release|x64.ActiveCfg = Release|Any CPU
		{70782BB8-8576-4B15-B8BB-E04BF8C35F80}.Release|x64.Build.0 = Release|Any CPU
		{70782BB8-8576-4B15-B8BB-E04BF8C35F80}.Release|x86.ActiveCfg = Release|Any CPU
		{70782BB8-8576-4B15-B8BB-E04BF8C35F80}.Release|x86.Build.0 = Release|Any CPU
		{259F3BD0-C61A-4583-94F7-E2C103EDC3A0}.Debug|Any CPU.ActiveCfg = Debug|Any CPU
		{259F3BD0-C61A-4583-94F7-E2C103EDC3A0}.Debug|Any CPU.Build.0 = Debug|Any CPU
		{259F3BD0-C61A-4583-94F7-E2C103EDC3A0}.Debug|x64.ActiveCfg = Debug|Any CPU
		{259F3BD0-C61A-4583-94F7-E2C103EDC3A0}.Debug|x64.Build.0 = Debug|Any CPU
		{259F3BD0-C61A-4583-94F7-E2C103EDC3A0}.Debug|x86.ActiveCfg = Debug|Any CPU
		{259F3BD0-C61A-4583-94F7-E2C103EDC3A0}.Debug|x86.Build.0 = Debug|Any CPU
		{259F3BD0-C61A-4583-94F7-E2C103EDC3A0}.Release|Any CPU.ActiveCfg = Release|Any CPU
		{259F3BD0-C61A-4583-94F7-E2C103EDC3A0}.Release|Any CPU.Build.0 = Release|Any CPU
		{259F3BD0-C61A-4583-94F7-E2C103EDC3A0}.Release|x64.ActiveCfg = Release|Any CPU
		{259F3BD0-C61A-4583-94F7-E2C103EDC3A0}.Release|x64.Build.0 = Release|Any CPU
		{259F3BD0-C61A-4583-94F7-E2C103EDC3A0}.Release|x86.ActiveCfg = Release|Any CPU
		{259F3BD0-C61A-4583-94F7-E2C103EDC3A0}.Release|x86.Build.0 = Release|Any CPU
		{3080A466-9687-4294-8740-B197C89EE60F}.Debug|Any CPU.ActiveCfg = Debug|Any CPU
		{3080A466-9687-4294-8740-B197C89EE60F}.Debug|Any CPU.Build.0 = Debug|Any CPU
		{3080A466-9687-4294-8740-B197C89EE60F}.Debug|x64.ActiveCfg = Debug|Any CPU
		{3080A466-9687-4294-8740-B197C89EE60F}.Debug|x64.Build.0 = Debug|Any CPU
		{3080A466-9687-4294-8740-B197C89EE60F}.Debug|x86.ActiveCfg = Debug|Any CPU
		{3080A466-9687-4294-8740-B197C89EE60F}.Debug|x86.Build.0 = Debug|Any CPU
		{3080A466-9687-4294-8740-B197C89EE60F}.Release|Any CPU.ActiveCfg = Release|Any CPU
		{3080A466-9687-4294-8740-B197C89EE60F}.Release|Any CPU.Build.0 = Release|Any CPU
		{3080A466-9687-4294-8740-B197C89EE60F}.Release|x64.ActiveCfg = Release|Any CPU
		{3080A466-9687-4294-8740-B197C89EE60F}.Release|x64.Build.0 = Release|Any CPU
		{3080A466-9687-4294-8740-B197C89EE60F}.Release|x86.ActiveCfg = Release|Any CPU
		{3080A466-9687-4294-8740-B197C89EE60F}.Release|x86.Build.0 = Release|Any CPU
		{3B0715E0-5A5B-441D-BD64-D788CB923DAA}.Debug|Any CPU.ActiveCfg = Debug|Any CPU
		{3B0715E0-5A5B-441D-BD64-D788CB923DAA}.Debug|Any CPU.Build.0 = Debug|Any CPU
		{3B0715E0-5A5B-441D-BD64-D788CB923DAA}.Debug|x64.ActiveCfg = Debug|Any CPU
		{3B0715E0-5A5B-441D-BD64-D788CB923DAA}.Debug|x64.Build.0 = Debug|Any CPU
		{3B0715E0-5A5B-441D-BD64-D788CB923DAA}.Debug|x86.ActiveCfg = Debug|Any CPU
		{3B0715E0-5A5B-441D-BD64-D788CB923DAA}.Debug|x86.Build.0 = Debug|Any CPU
		{3B0715E0-5A5B-441D-BD64-D788CB923DAA}.Release|Any CPU.ActiveCfg = Release|Any CPU
		{3B0715E0-5A5B-441D-BD64-D788CB923DAA}.Release|Any CPU.Build.0 = Release|Any CPU
		{3B0715E0-5A5B-441D-BD64-D788CB923DAA}.Release|x64.ActiveCfg = Release|Any CPU
		{3B0715E0-5A5B-441D-BD64-D788CB923DAA}.Release|x64.Build.0 = Release|Any CPU
		{3B0715E0-5A5B-441D-BD64-D788CB923DAA}.Release|x86.ActiveCfg = Release|Any CPU
		{3B0715E0-5A5B-441D-BD64-D788CB923DAA}.Release|x86.Build.0 = Release|Any CPU
		{4A4E4BA2-F30B-43A4-AF2D-C64527679070}.Debug|Any CPU.ActiveCfg = Debug|Any CPU
		{4A4E4BA2-F30B-43A4-AF2D-C64527679070}.Debug|Any CPU.Build.0 = Debug|Any CPU
		{4A4E4BA2-F30B-43A4-AF2D-C64527679070}.Debug|x64.ActiveCfg = Debug|Any CPU
		{4A4E4BA2-F30B-43A4-AF2D-C64527679070}.Debug|x64.Build.0 = Debug|Any CPU
		{4A4E4BA2-F30B-43A4-AF2D-C64527679070}.Debug|x86.ActiveCfg = Debug|Any CPU
		{4A4E4BA2-F30B-43A4-AF2D-C64527679070}.Debug|x86.Build.0 = Debug|Any CPU
		{4A4E4BA2-F30B-43A4-AF2D-C64527679070}.Release|Any CPU.ActiveCfg = Release|Any CPU
		{4A4E4BA2-F30B-43A4-AF2D-C64527679070}.Release|Any CPU.Build.0 = Release|Any CPU
		{4A4E4BA2-F30B-43A4-AF2D-C64527679070}.Release|x64.ActiveCfg = Release|Any CPU
		{4A4E4BA2-F30B-43A4-AF2D-C64527679070}.Release|x64.Build.0 = Release|Any CPU
		{4A4E4BA2-F30B-43A4-AF2D-C64527679070}.Release|x86.ActiveCfg = Release|Any CPU
		{4A4E4BA2-F30B-43A4-AF2D-C64527679070}.Release|x86.Build.0 = Release|Any CPU
		{61676661-72BB-4B85-80F1-A85B221D6967}.Debug|Any CPU.ActiveCfg = Debug|Any CPU
		{61676661-72BB-4B85-80F1-A85B221D6967}.Debug|Any CPU.Build.0 = Debug|Any CPU
		{61676661-72BB-4B85-80F1-A85B221D6967}.Debug|x64.ActiveCfg = Debug|Any CPU
		{61676661-72BB-4B85-80F1-A85B221D6967}.Debug|x64.Build.0 = Debug|Any CPU
		{61676661-72BB-4B85-80F1-A85B221D6967}.Debug|x86.ActiveCfg = Debug|Any CPU
		{61676661-72BB-4B85-80F1-A85B221D6967}.Debug|x86.Build.0 = Debug|Any CPU
		{61676661-72BB-4B85-80F1-A85B221D6967}.Release|Any CPU.ActiveCfg = Release|Any CPU
		{61676661-72BB-4B85-80F1-A85B221D6967}.Release|Any CPU.Build.0 = Release|Any CPU
		{61676661-72BB-4B85-80F1-A85B221D6967}.Release|x64.ActiveCfg = Release|Any CPU
		{61676661-72BB-4B85-80F1-A85B221D6967}.Release|x64.Build.0 = Release|Any CPU
		{61676661-72BB-4B85-80F1-A85B221D6967}.Release|x86.ActiveCfg = Release|Any CPU
		{61676661-72BB-4B85-80F1-A85B221D6967}.Release|x86.Build.0 = Release|Any CPU
		{3E02FA01-8126-496D-BEB6-3243E8333060}.Debug|Any CPU.ActiveCfg = Debug|Any CPU
		{3E02FA01-8126-496D-BEB6-3243E8333060}.Debug|Any CPU.Build.0 = Debug|Any CPU
		{3E02FA01-8126-496D-BEB6-3243E8333060}.Debug|x64.ActiveCfg = Debug|Any CPU
		{3E02FA01-8126-496D-BEB6-3243E8333060}.Debug|x64.Build.0 = Debug|Any CPU
		{3E02FA01-8126-496D-BEB6-3243E8333060}.Debug|x86.ActiveCfg = Debug|Any CPU
		{3E02FA01-8126-496D-BEB6-3243E8333060}.Debug|x86.Build.0 = Debug|Any CPU
		{3E02FA01-8126-496D-BEB6-3243E8333060}.Release|Any CPU.ActiveCfg = Release|Any CPU
		{3E02FA01-8126-496D-BEB6-3243E8333060}.Release|Any CPU.Build.0 = Release|Any CPU
		{3E02FA01-8126-496D-BEB6-3243E8333060}.Release|x64.ActiveCfg = Release|Any CPU
		{3E02FA01-8126-496D-BEB6-3243E8333060}.Release|x64.Build.0 = Release|Any CPU
		{3E02FA01-8126-496D-BEB6-3243E8333060}.Release|x86.ActiveCfg = Release|Any CPU
		{3E02FA01-8126-496D-BEB6-3243E8333060}.Release|x86.Build.0 = Release|Any CPU
		{101F4038-7D80-4F76-8F37-B746D57B92C0}.Debug|Any CPU.ActiveCfg = Debug|Any CPU
		{101F4038-7D80-4F76-8F37-B746D57B92C0}.Debug|Any CPU.Build.0 = Debug|Any CPU
		{101F4038-7D80-4F76-8F37-B746D57B92C0}.Debug|x64.ActiveCfg = Debug|Any CPU
		{101F4038-7D80-4F76-8F37-B746D57B92C0}.Debug|x64.Build.0 = Debug|Any CPU
		{101F4038-7D80-4F76-8F37-B746D57B92C0}.Debug|x86.ActiveCfg = Debug|Any CPU
		{101F4038-7D80-4F76-8F37-B746D57B92C0}.Debug|x86.Build.0 = Debug|Any CPU
		{101F4038-7D80-4F76-8F37-B746D57B92C0}.Release|Any CPU.ActiveCfg = Release|Any CPU
		{101F4038-7D80-4F76-8F37-B746D57B92C0}.Release|Any CPU.Build.0 = Release|Any CPU
		{101F4038-7D80-4F76-8F37-B746D57B92C0}.Release|x64.ActiveCfg = Release|Any CPU
		{101F4038-7D80-4F76-8F37-B746D57B92C0}.Release|x64.Build.0 = Release|Any CPU
		{101F4038-7D80-4F76-8F37-B746D57B92C0}.Release|x86.ActiveCfg = Release|Any CPU
		{101F4038-7D80-4F76-8F37-B746D57B92C0}.Release|x86.Build.0 = Release|Any CPU
		{628A2CA6-5622-46A2-AD1D-B655E9573009}.Debug|Any CPU.ActiveCfg = Debug|Any CPU
		{628A2CA6-5622-46A2-AD1D-B655E9573009}.Debug|Any CPU.Build.0 = Debug|Any CPU
		{628A2CA6-5622-46A2-AD1D-B655E9573009}.Debug|x64.ActiveCfg = Debug|Any CPU
		{628A2CA6-5622-46A2-AD1D-B655E9573009}.Debug|x64.Build.0 = Debug|Any CPU
		{628A2CA6-5622-46A2-AD1D-B655E9573009}.Debug|x86.ActiveCfg = Debug|Any CPU
		{628A2CA6-5622-46A2-AD1D-B655E9573009}.Debug|x86.Build.0 = Debug|Any CPU
		{628A2CA6-5622-46A2-AD1D-B655E9573009}.Release|Any CPU.ActiveCfg = Release|Any CPU
		{628A2CA6-5622-46A2-AD1D-B655E9573009}.Release|Any CPU.Build.0 = Release|Any CPU
		{628A2CA6-5622-46A2-AD1D-B655E9573009}.Release|x64.ActiveCfg = Release|Any CPU
		{628A2CA6-5622-46A2-AD1D-B655E9573009}.Release|x64.Build.0 = Release|Any CPU
		{628A2CA6-5622-46A2-AD1D-B655E9573009}.Release|x86.ActiveCfg = Release|Any CPU
		{628A2CA6-5622-46A2-AD1D-B655E9573009}.Release|x86.Build.0 = Release|Any CPU
		{D445C484-4D47-428B-A424-91135DE5253D}.Debug|Any CPU.ActiveCfg = Debug|Any CPU
		{D445C484-4D47-428B-A424-91135DE5253D}.Debug|Any CPU.Build.0 = Debug|Any CPU
		{D445C484-4D47-428B-A424-91135DE5253D}.Debug|x64.ActiveCfg = Debug|Any CPU
		{D445C484-4D47-428B-A424-91135DE5253D}.Debug|x64.Build.0 = Debug|Any CPU
		{D445C484-4D47-428B-A424-91135DE5253D}.Debug|x86.ActiveCfg = Debug|Any CPU
		{D445C484-4D47-428B-A424-91135DE5253D}.Debug|x86.Build.0 = Debug|Any CPU
		{D445C484-4D47-428B-A424-91135DE5253D}.Release|Any CPU.ActiveCfg = Release|Any CPU
		{D445C484-4D47-428B-A424-91135DE5253D}.Release|Any CPU.Build.0 = Release|Any CPU
		{D445C484-4D47-428B-A424-91135DE5253D}.Release|x64.ActiveCfg = Release|Any CPU
		{D445C484-4D47-428B-A424-91135DE5253D}.Release|x64.Build.0 = Release|Any CPU
		{D445C484-4D47-428B-A424-91135DE5253D}.Release|x86.ActiveCfg = Release|Any CPU
		{D445C484-4D47-428B-A424-91135DE5253D}.Release|x86.Build.0 = Release|Any CPU
		{867538E1-365A-442B-9825-8AB82A52929F}.Debug|Any CPU.ActiveCfg = Debug|Any CPU
		{867538E1-365A-442B-9825-8AB82A52929F}.Debug|Any CPU.Build.0 = Debug|Any CPU
		{867538E1-365A-442B-9825-8AB82A52929F}.Debug|x64.ActiveCfg = Debug|Any CPU
		{867538E1-365A-442B-9825-8AB82A52929F}.Debug|x64.Build.0 = Debug|Any CPU
		{867538E1-365A-442B-9825-8AB82A52929F}.Debug|x86.ActiveCfg = Debug|Any CPU
		{867538E1-365A-442B-9825-8AB82A52929F}.Debug|x86.Build.0 = Debug|Any CPU
		{867538E1-365A-442B-9825-8AB82A52929F}.Release|Any CPU.ActiveCfg = Release|Any CPU
		{867538E1-365A-442B-9825-8AB82A52929F}.Release|Any CPU.Build.0 = Release|Any CPU
		{867538E1-365A-442B-9825-8AB82A52929F}.Release|x64.ActiveCfg = Release|Any CPU
		{867538E1-365A-442B-9825-8AB82A52929F}.Release|x64.Build.0 = Release|Any CPU
		{867538E1-365A-442B-9825-8AB82A52929F}.Release|x86.ActiveCfg = Release|Any CPU
		{867538E1-365A-442B-9825-8AB82A52929F}.Release|x86.Build.0 = Release|Any CPU
		{B284F52F-9C8D-4812-97B2-5B44349DA28A}.Debug|Any CPU.ActiveCfg = Debug|Any CPU
		{B284F52F-9C8D-4812-97B2-5B44349DA28A}.Debug|Any CPU.Build.0 = Debug|Any CPU
		{B284F52F-9C8D-4812-97B2-5B44349DA28A}.Debug|x64.ActiveCfg = Debug|Any CPU
		{B284F52F-9C8D-4812-97B2-5B44349DA28A}.Debug|x64.Build.0 = Debug|Any CPU
		{B284F52F-9C8D-4812-97B2-5B44349DA28A}.Debug|x86.ActiveCfg = Debug|Any CPU
		{B284F52F-9C8D-4812-97B2-5B44349DA28A}.Debug|x86.Build.0 = Debug|Any CPU
		{B284F52F-9C8D-4812-97B2-5B44349DA28A}.Release|Any CPU.ActiveCfg = Release|Any CPU
		{B284F52F-9C8D-4812-97B2-5B44349DA28A}.Release|Any CPU.Build.0 = Release|Any CPU
		{B284F52F-9C8D-4812-97B2-5B44349DA28A}.Release|x64.ActiveCfg = Release|Any CPU
		{B284F52F-9C8D-4812-97B2-5B44349DA28A}.Release|x64.Build.0 = Release|Any CPU
		{B284F52F-9C8D-4812-97B2-5B44349DA28A}.Release|x86.ActiveCfg = Release|Any CPU
		{B284F52F-9C8D-4812-97B2-5B44349DA28A}.Release|x86.Build.0 = Release|Any CPU
		{5D17D994-618B-4C24-BAFC-68BFD0262F3B}.Debug|Any CPU.ActiveCfg = Debug|Any CPU
		{5D17D994-618B-4C24-BAFC-68BFD0262F3B}.Debug|Any CPU.Build.0 = Debug|Any CPU
		{5D17D994-618B-4C24-BAFC-68BFD0262F3B}.Debug|x64.ActiveCfg = Debug|Any CPU
		{5D17D994-618B-4C24-BAFC-68BFD0262F3B}.Debug|x64.Build.0 = Debug|Any CPU
		{5D17D994-618B-4C24-BAFC-68BFD0262F3B}.Debug|x86.ActiveCfg = Debug|Any CPU
		{5D17D994-618B-4C24-BAFC-68BFD0262F3B}.Debug|x86.Build.0 = Debug|Any CPU
		{5D17D994-618B-4C24-BAFC-68BFD0262F3B}.Release|Any CPU.ActiveCfg = Release|Any CPU
		{5D17D994-618B-4C24-BAFC-68BFD0262F3B}.Release|Any CPU.Build.0 = Release|Any CPU
		{5D17D994-618B-4C24-BAFC-68BFD0262F3B}.Release|x64.ActiveCfg = Release|Any CPU
		{5D17D994-618B-4C24-BAFC-68BFD0262F3B}.Release|x64.Build.0 = Release|Any CPU
		{5D17D994-618B-4C24-BAFC-68BFD0262F3B}.Release|x86.ActiveCfg = Release|Any CPU
		{5D17D994-618B-4C24-BAFC-68BFD0262F3B}.Release|x86.Build.0 = Release|Any CPU
		{BB4CEB9C-D1FC-4BA7-8B90-CCA510978D09}.Debug|Any CPU.ActiveCfg = Debug|Any CPU
		{BB4CEB9C-D1FC-4BA7-8B90-CCA510978D09}.Debug|Any CPU.Build.0 = Debug|Any CPU
		{BB4CEB9C-D1FC-4BA7-8B90-CCA510978D09}.Debug|x64.ActiveCfg = Debug|Any CPU
		{BB4CEB9C-D1FC-4BA7-8B90-CCA510978D09}.Debug|x64.Build.0 = Debug|Any CPU
		{BB4CEB9C-D1FC-4BA7-8B90-CCA510978D09}.Debug|x86.ActiveCfg = Debug|Any CPU
		{BB4CEB9C-D1FC-4BA7-8B90-CCA510978D09}.Debug|x86.Build.0 = Debug|Any CPU
		{BB4CEB9C-D1FC-4BA7-8B90-CCA510978D09}.Release|Any CPU.ActiveCfg = Release|Any CPU
		{BB4CEB9C-D1FC-4BA7-8B90-CCA510978D09}.Release|Any CPU.Build.0 = Release|Any CPU
		{BB4CEB9C-D1FC-4BA7-8B90-CCA510978D09}.Release|x64.ActiveCfg = Release|Any CPU
		{BB4CEB9C-D1FC-4BA7-8B90-CCA510978D09}.Release|x64.Build.0 = Release|Any CPU
		{BB4CEB9C-D1FC-4BA7-8B90-CCA510978D09}.Release|x86.ActiveCfg = Release|Any CPU
		{BB4CEB9C-D1FC-4BA7-8B90-CCA510978D09}.Release|x86.Build.0 = Release|Any CPU
		{4B71FE41-D077-4451-8776-9F462E99326C}.Debug|Any CPU.ActiveCfg = Debug|Any CPU
		{4B71FE41-D077-4451-8776-9F462E99326C}.Debug|Any CPU.Build.0 = Debug|Any CPU
		{4B71FE41-D077-4451-8776-9F462E99326C}.Debug|x64.ActiveCfg = Debug|Any CPU
		{4B71FE41-D077-4451-8776-9F462E99326C}.Debug|x64.Build.0 = Debug|Any CPU
		{4B71FE41-D077-4451-8776-9F462E99326C}.Debug|x86.ActiveCfg = Debug|Any CPU
		{4B71FE41-D077-4451-8776-9F462E99326C}.Debug|x86.Build.0 = Debug|Any CPU
		{4B71FE41-D077-4451-8776-9F462E99326C}.Release|Any CPU.ActiveCfg = Release|Any CPU
		{4B71FE41-D077-4451-8776-9F462E99326C}.Release|Any CPU.Build.0 = Release|Any CPU
		{4B71FE41-D077-4451-8776-9F462E99326C}.Release|x64.ActiveCfg = Release|Any CPU
		{4B71FE41-D077-4451-8776-9F462E99326C}.Release|x64.Build.0 = Release|Any CPU
		{4B71FE41-D077-4451-8776-9F462E99326C}.Release|x86.ActiveCfg = Release|Any CPU
		{4B71FE41-D077-4451-8776-9F462E99326C}.Release|x86.Build.0 = Release|Any CPU
		{B9B593E7-D377-49A0-95C5-12499A5854BE}.Debug|Any CPU.ActiveCfg = Debug|Any CPU
		{B9B593E7-D377-49A0-95C5-12499A5854BE}.Debug|Any CPU.Build.0 = Debug|Any CPU
		{B9B593E7-D377-49A0-95C5-12499A5854BE}.Debug|x64.ActiveCfg = Debug|Any CPU
		{B9B593E7-D377-49A0-95C5-12499A5854BE}.Debug|x64.Build.0 = Debug|Any CPU
		{B9B593E7-D377-49A0-95C5-12499A5854BE}.Debug|x86.ActiveCfg = Debug|Any CPU
		{B9B593E7-D377-49A0-95C5-12499A5854BE}.Debug|x86.Build.0 = Debug|Any CPU
		{B9B593E7-D377-49A0-95C5-12499A5854BE}.Release|Any CPU.ActiveCfg = Release|Any CPU
		{B9B593E7-D377-49A0-95C5-12499A5854BE}.Release|Any CPU.Build.0 = Release|Any CPU
		{B9B593E7-D377-49A0-95C5-12499A5854BE}.Release|x64.ActiveCfg = Release|Any CPU
		{B9B593E7-D377-49A0-95C5-12499A5854BE}.Release|x64.Build.0 = Release|Any CPU
		{B9B593E7-D377-49A0-95C5-12499A5854BE}.Release|x86.ActiveCfg = Release|Any CPU
		{B9B593E7-D377-49A0-95C5-12499A5854BE}.Release|x86.Build.0 = Release|Any CPU
		{00A50B1E-FA53-49EA-9E84-6FFA0636B5B6}.Debug|Any CPU.ActiveCfg = Debug|Any CPU
		{00A50B1E-FA53-49EA-9E84-6FFA0636B5B6}.Debug|Any CPU.Build.0 = Debug|Any CPU
		{00A50B1E-FA53-49EA-9E84-6FFA0636B5B6}.Debug|x64.ActiveCfg = Debug|Any CPU
		{00A50B1E-FA53-49EA-9E84-6FFA0636B5B6}.Debug|x64.Build.0 = Debug|Any CPU
		{00A50B1E-FA53-49EA-9E84-6FFA0636B5B6}.Debug|x86.ActiveCfg = Debug|Any CPU
		{00A50B1E-FA53-49EA-9E84-6FFA0636B5B6}.Debug|x86.Build.0 = Debug|Any CPU
		{00A50B1E-FA53-49EA-9E84-6FFA0636B5B6}.Release|Any CPU.ActiveCfg = Release|Any CPU
		{00A50B1E-FA53-49EA-9E84-6FFA0636B5B6}.Release|Any CPU.Build.0 = Release|Any CPU
		{00A50B1E-FA53-49EA-9E84-6FFA0636B5B6}.Release|x64.ActiveCfg = Release|Any CPU
		{00A50B1E-FA53-49EA-9E84-6FFA0636B5B6}.Release|x64.Build.0 = Release|Any CPU
		{00A50B1E-FA53-49EA-9E84-6FFA0636B5B6}.Release|x86.ActiveCfg = Release|Any CPU
		{00A50B1E-FA53-49EA-9E84-6FFA0636B5B6}.Release|x86.Build.0 = Release|Any CPU
		{DB4E2843-D1AC-4CE6-A51C-1FA66D27D819}.Debug|Any CPU.ActiveCfg = Debug|Any CPU
		{DB4E2843-D1AC-4CE6-A51C-1FA66D27D819}.Debug|Any CPU.Build.0 = Debug|Any CPU
		{DB4E2843-D1AC-4CE6-A51C-1FA66D27D819}.Debug|x64.ActiveCfg = Debug|Any CPU
		{DB4E2843-D1AC-4CE6-A51C-1FA66D27D819}.Debug|x64.Build.0 = Debug|Any CPU
		{DB4E2843-D1AC-4CE6-A51C-1FA66D27D819}.Debug|x86.ActiveCfg = Debug|Any CPU
		{DB4E2843-D1AC-4CE6-A51C-1FA66D27D819}.Debug|x86.Build.0 = Debug|Any CPU
		{DB4E2843-D1AC-4CE6-A51C-1FA66D27D819}.Release|Any CPU.ActiveCfg = Release|Any CPU
		{DB4E2843-D1AC-4CE6-A51C-1FA66D27D819}.Release|Any CPU.Build.0 = Release|Any CPU
		{DB4E2843-D1AC-4CE6-A51C-1FA66D27D819}.Release|x64.ActiveCfg = Release|Any CPU
		{DB4E2843-D1AC-4CE6-A51C-1FA66D27D819}.Release|x64.Build.0 = Release|Any CPU
		{DB4E2843-D1AC-4CE6-A51C-1FA66D27D819}.Release|x86.ActiveCfg = Release|Any CPU
		{DB4E2843-D1AC-4CE6-A51C-1FA66D27D819}.Release|x86.Build.0 = Release|Any CPU
		{7A415EC2-E616-43A2-A7E0-4468F6C01F0A}.Debug|Any CPU.ActiveCfg = Debug|Any CPU
		{7A415EC2-E616-43A2-A7E0-4468F6C01F0A}.Debug|Any CPU.Build.0 = Debug|Any CPU
		{7A415EC2-E616-43A2-A7E0-4468F6C01F0A}.Debug|x64.ActiveCfg = Debug|Any CPU
		{7A415EC2-E616-43A2-A7E0-4468F6C01F0A}.Debug|x64.Build.0 = Debug|Any CPU
		{7A415EC2-E616-43A2-A7E0-4468F6C01F0A}.Debug|x86.ActiveCfg = Debug|Any CPU
		{7A415EC2-E616-43A2-A7E0-4468F6C01F0A}.Debug|x86.Build.0 = Debug|Any CPU
		{7A415EC2-E616-43A2-A7E0-4468F6C01F0A}.Release|Any CPU.ActiveCfg = Release|Any CPU
		{7A415EC2-E616-43A2-A7E0-4468F6C01F0A}.Release|Any CPU.Build.0 = Release|Any CPU
		{7A415EC2-E616-43A2-A7E0-4468F6C01F0A}.Release|x64.ActiveCfg = Release|Any CPU
		{7A415EC2-E616-43A2-A7E0-4468F6C01F0A}.Release|x64.Build.0 = Release|Any CPU
		{7A415EC2-E616-43A2-A7E0-4468F6C01F0A}.Release|x86.ActiveCfg = Release|Any CPU
		{7A415EC2-E616-43A2-A7E0-4468F6C01F0A}.Release|x86.Build.0 = Release|Any CPU
		{C8956689-D637-4091-B3B3-5314667F759F}.Debug|Any CPU.ActiveCfg = Debug|Any CPU
		{C8956689-D637-4091-B3B3-5314667F759F}.Debug|Any CPU.Build.0 = Debug|Any CPU
		{C8956689-D637-4091-B3B3-5314667F759F}.Debug|x64.ActiveCfg = Debug|Any CPU
		{C8956689-D637-4091-B3B3-5314667F759F}.Debug|x64.Build.0 = Debug|Any CPU
		{C8956689-D637-4091-B3B3-5314667F759F}.Debug|x86.ActiveCfg = Debug|Any CPU
		{C8956689-D637-4091-B3B3-5314667F759F}.Debug|x86.Build.0 = Debug|Any CPU
		{C8956689-D637-4091-B3B3-5314667F759F}.Release|Any CPU.ActiveCfg = Release|Any CPU
		{C8956689-D637-4091-B3B3-5314667F759F}.Release|Any CPU.Build.0 = Release|Any CPU
		{C8956689-D637-4091-B3B3-5314667F759F}.Release|x64.ActiveCfg = Release|Any CPU
		{C8956689-D637-4091-B3B3-5314667F759F}.Release|x64.Build.0 = Release|Any CPU
		{C8956689-D637-4091-B3B3-5314667F759F}.Release|x86.ActiveCfg = Release|Any CPU
		{C8956689-D637-4091-B3B3-5314667F759F}.Release|x86.Build.0 = Release|Any CPU
		{FE2CE8CD-BF49-4B2D-86FA-43674A11CD21}.Debug|Any CPU.ActiveCfg = Debug|Any CPU
		{FE2CE8CD-BF49-4B2D-86FA-43674A11CD21}.Debug|Any CPU.Build.0 = Debug|Any CPU
		{FE2CE8CD-BF49-4B2D-86FA-43674A11CD21}.Debug|x64.ActiveCfg = Debug|Any CPU
		{FE2CE8CD-BF49-4B2D-86FA-43674A11CD21}.Debug|x64.Build.0 = Debug|Any CPU
		{FE2CE8CD-BF49-4B2D-86FA-43674A11CD21}.Debug|x86.ActiveCfg = Debug|Any CPU
		{FE2CE8CD-BF49-4B2D-86FA-43674A11CD21}.Debug|x86.Build.0 = Debug|Any CPU
		{FE2CE8CD-BF49-4B2D-86FA-43674A11CD21}.Release|Any CPU.ActiveCfg = Release|Any CPU
		{FE2CE8CD-BF49-4B2D-86FA-43674A11CD21}.Release|Any CPU.Build.0 = Release|Any CPU
		{FE2CE8CD-BF49-4B2D-86FA-43674A11CD21}.Release|x64.ActiveCfg = Release|Any CPU
		{FE2CE8CD-BF49-4B2D-86FA-43674A11CD21}.Release|x64.Build.0 = Release|Any CPU
		{FE2CE8CD-BF49-4B2D-86FA-43674A11CD21}.Release|x86.ActiveCfg = Release|Any CPU
		{FE2CE8CD-BF49-4B2D-86FA-43674A11CD21}.Release|x86.Build.0 = Release|Any CPU
		{DE4AB60E-D1B2-49E5-8FEA-EC9E9B9681EF}.Debug|Any CPU.ActiveCfg = Debug|Any CPU
		{DE4AB60E-D1B2-49E5-8FEA-EC9E9B9681EF}.Debug|Any CPU.Build.0 = Debug|Any CPU
		{DE4AB60E-D1B2-49E5-8FEA-EC9E9B9681EF}.Debug|x64.ActiveCfg = Debug|Any CPU
		{DE4AB60E-D1B2-49E5-8FEA-EC9E9B9681EF}.Debug|x64.Build.0 = Debug|Any CPU
		{DE4AB60E-D1B2-49E5-8FEA-EC9E9B9681EF}.Debug|x86.ActiveCfg = Debug|Any CPU
		{DE4AB60E-D1B2-49E5-8FEA-EC9E9B9681EF}.Debug|x86.Build.0 = Debug|Any CPU
		{DE4AB60E-D1B2-49E5-8FEA-EC9E9B9681EF}.Release|Any CPU.ActiveCfg = Release|Any CPU
		{DE4AB60E-D1B2-49E5-8FEA-EC9E9B9681EF}.Release|Any CPU.Build.0 = Release|Any CPU
		{DE4AB60E-D1B2-49E5-8FEA-EC9E9B9681EF}.Release|x64.ActiveCfg = Release|Any CPU
		{DE4AB60E-D1B2-49E5-8FEA-EC9E9B9681EF}.Release|x64.Build.0 = Release|Any CPU
		{DE4AB60E-D1B2-49E5-8FEA-EC9E9B9681EF}.Release|x86.ActiveCfg = Release|Any CPU
		{DE4AB60E-D1B2-49E5-8FEA-EC9E9B9681EF}.Release|x86.Build.0 = Release|Any CPU
		{2AFF285D-D5D7-4F80-BA37-AD6210DA71CC}.Debug|Any CPU.ActiveCfg = Debug|Any CPU
		{2AFF285D-D5D7-4F80-BA37-AD6210DA71CC}.Debug|Any CPU.Build.0 = Debug|Any CPU
		{2AFF285D-D5D7-4F80-BA37-AD6210DA71CC}.Debug|x64.ActiveCfg = Debug|Any CPU
		{2AFF285D-D5D7-4F80-BA37-AD6210DA71CC}.Debug|x64.Build.0 = Debug|Any CPU
		{2AFF285D-D5D7-4F80-BA37-AD6210DA71CC}.Debug|x86.ActiveCfg = Debug|Any CPU
		{2AFF285D-D5D7-4F80-BA37-AD6210DA71CC}.Debug|x86.Build.0 = Debug|Any CPU
		{2AFF285D-D5D7-4F80-BA37-AD6210DA71CC}.Release|Any CPU.ActiveCfg = Release|Any CPU
		{2AFF285D-D5D7-4F80-BA37-AD6210DA71CC}.Release|Any CPU.Build.0 = Release|Any CPU
		{2AFF285D-D5D7-4F80-BA37-AD6210DA71CC}.Release|x64.ActiveCfg = Release|Any CPU
		{2AFF285D-D5D7-4F80-BA37-AD6210DA71CC}.Release|x64.Build.0 = Release|Any CPU
		{2AFF285D-D5D7-4F80-BA37-AD6210DA71CC}.Release|x86.ActiveCfg = Release|Any CPU
		{2AFF285D-D5D7-4F80-BA37-AD6210DA71CC}.Release|x86.Build.0 = Release|Any CPU
		{7D0F8E26-F345-48A9-94AD-F2184315D298}.Debug|Any CPU.ActiveCfg = Debug|Any CPU
		{7D0F8E26-F345-48A9-94AD-F2184315D298}.Debug|Any CPU.Build.0 = Debug|Any CPU
		{7D0F8E26-F345-48A9-94AD-F2184315D298}.Debug|x64.ActiveCfg = Debug|Any CPU
		{7D0F8E26-F345-48A9-94AD-F2184315D298}.Debug|x64.Build.0 = Debug|Any CPU
		{7D0F8E26-F345-48A9-94AD-F2184315D298}.Debug|x86.ActiveCfg = Debug|Any CPU
		{7D0F8E26-F345-48A9-94AD-F2184315D298}.Debug|x86.Build.0 = Debug|Any CPU
		{7D0F8E26-F345-48A9-94AD-F2184315D298}.Release|Any CPU.ActiveCfg = Release|Any CPU
		{7D0F8E26-F345-48A9-94AD-F2184315D298}.Release|Any CPU.Build.0 = Release|Any CPU
		{7D0F8E26-F345-48A9-94AD-F2184315D298}.Release|x64.ActiveCfg = Release|Any CPU
		{7D0F8E26-F345-48A9-94AD-F2184315D298}.Release|x64.Build.0 = Release|Any CPU
		{7D0F8E26-F345-48A9-94AD-F2184315D298}.Release|x86.ActiveCfg = Release|Any CPU
		{7D0F8E26-F345-48A9-94AD-F2184315D298}.Release|x86.Build.0 = Release|Any CPU
		{753FF020-4113-49AF-8F9B-A50A31C66813}.Debug|Any CPU.ActiveCfg = Debug|Any CPU
		{753FF020-4113-49AF-8F9B-A50A31C66813}.Debug|Any CPU.Build.0 = Debug|Any CPU
		{753FF020-4113-49AF-8F9B-A50A31C66813}.Debug|x64.ActiveCfg = Debug|Any CPU
		{753FF020-4113-49AF-8F9B-A50A31C66813}.Debug|x64.Build.0 = Debug|Any CPU
		{753FF020-4113-49AF-8F9B-A50A31C66813}.Debug|x86.ActiveCfg = Debug|Any CPU
		{753FF020-4113-49AF-8F9B-A50A31C66813}.Debug|x86.Build.0 = Debug|Any CPU
		{753FF020-4113-49AF-8F9B-A50A31C66813}.Release|Any CPU.ActiveCfg = Release|Any CPU
		{753FF020-4113-49AF-8F9B-A50A31C66813}.Release|Any CPU.Build.0 = Release|Any CPU
		{753FF020-4113-49AF-8F9B-A50A31C66813}.Release|x64.ActiveCfg = Release|Any CPU
		{753FF020-4113-49AF-8F9B-A50A31C66813}.Release|x64.Build.0 = Release|Any CPU
		{753FF020-4113-49AF-8F9B-A50A31C66813}.Release|x86.ActiveCfg = Release|Any CPU
		{753FF020-4113-49AF-8F9B-A50A31C66813}.Release|x86.Build.0 = Release|Any CPU
		{94795009-8BC1-4F46-BDD1-10A950E35DC3}.Debug|Any CPU.ActiveCfg = Debug|Any CPU
		{94795009-8BC1-4F46-BDD1-10A950E35DC3}.Debug|Any CPU.Build.0 = Debug|Any CPU
		{94795009-8BC1-4F46-BDD1-10A950E35DC3}.Debug|x64.ActiveCfg = Debug|Any CPU
		{94795009-8BC1-4F46-BDD1-10A950E35DC3}.Debug|x64.Build.0 = Debug|Any CPU
		{94795009-8BC1-4F46-BDD1-10A950E35DC3}.Debug|x86.ActiveCfg = Debug|Any CPU
		{94795009-8BC1-4F46-BDD1-10A950E35DC3}.Debug|x86.Build.0 = Debug|Any CPU
		{94795009-8BC1-4F46-BDD1-10A950E35DC3}.Release|Any CPU.ActiveCfg = Release|Any CPU
		{94795009-8BC1-4F46-BDD1-10A950E35DC3}.Release|Any CPU.Build.0 = Release|Any CPU
		{94795009-8BC1-4F46-BDD1-10A950E35DC3}.Release|x64.ActiveCfg = Release|Any CPU
		{94795009-8BC1-4F46-BDD1-10A950E35DC3}.Release|x64.Build.0 = Release|Any CPU
		{94795009-8BC1-4F46-BDD1-10A950E35DC3}.Release|x86.ActiveCfg = Release|Any CPU
		{94795009-8BC1-4F46-BDD1-10A950E35DC3}.Release|x86.Build.0 = Release|Any CPU
		{90FCA457-839A-40B3-9A0C-B6DCF456AC29}.Debug|Any CPU.ActiveCfg = Debug|Any CPU
		{90FCA457-839A-40B3-9A0C-B6DCF456AC29}.Debug|Any CPU.Build.0 = Debug|Any CPU
		{90FCA457-839A-40B3-9A0C-B6DCF456AC29}.Debug|x64.ActiveCfg = Debug|Any CPU
		{90FCA457-839A-40B3-9A0C-B6DCF456AC29}.Debug|x64.Build.0 = Debug|Any CPU
		{90FCA457-839A-40B3-9A0C-B6DCF456AC29}.Debug|x86.ActiveCfg = Debug|Any CPU
		{90FCA457-839A-40B3-9A0C-B6DCF456AC29}.Debug|x86.Build.0 = Debug|Any CPU
		{90FCA457-839A-40B3-9A0C-B6DCF456AC29}.Release|Any CPU.ActiveCfg = Release|Any CPU
		{90FCA457-839A-40B3-9A0C-B6DCF456AC29}.Release|Any CPU.Build.0 = Release|Any CPU
		{90FCA457-839A-40B3-9A0C-B6DCF456AC29}.Release|x64.ActiveCfg = Release|Any CPU
		{90FCA457-839A-40B3-9A0C-B6DCF456AC29}.Release|x64.Build.0 = Release|Any CPU
		{90FCA457-839A-40B3-9A0C-B6DCF456AC29}.Release|x86.ActiveCfg = Release|Any CPU
		{90FCA457-839A-40B3-9A0C-B6DCF456AC29}.Release|x86.Build.0 = Release|Any CPU
		{860A0F88-FA27-4434-99AC-3710CCF1902A}.Debug|Any CPU.ActiveCfg = Debug|Any CPU
		{860A0F88-FA27-4434-99AC-3710CCF1902A}.Debug|Any CPU.Build.0 = Debug|Any CPU
		{860A0F88-FA27-4434-99AC-3710CCF1902A}.Debug|x64.ActiveCfg = Debug|Any CPU
		{860A0F88-FA27-4434-99AC-3710CCF1902A}.Debug|x64.Build.0 = Debug|Any CPU
		{860A0F88-FA27-4434-99AC-3710CCF1902A}.Debug|x86.ActiveCfg = Debug|Any CPU
		{860A0F88-FA27-4434-99AC-3710CCF1902A}.Debug|x86.Build.0 = Debug|Any CPU
		{860A0F88-FA27-4434-99AC-3710CCF1902A}.Release|Any CPU.ActiveCfg = Release|Any CPU
		{860A0F88-FA27-4434-99AC-3710CCF1902A}.Release|Any CPU.Build.0 = Release|Any CPU
		{860A0F88-FA27-4434-99AC-3710CCF1902A}.Release|x64.ActiveCfg = Release|Any CPU
		{860A0F88-FA27-4434-99AC-3710CCF1902A}.Release|x64.Build.0 = Release|Any CPU
		{860A0F88-FA27-4434-99AC-3710CCF1902A}.Release|x86.ActiveCfg = Release|Any CPU
		{860A0F88-FA27-4434-99AC-3710CCF1902A}.Release|x86.Build.0 = Release|Any CPU
		{D4F2BA82-6815-4386-84DD-182E57078472}.Debug|Any CPU.ActiveCfg = Debug|Any CPU
		{D4F2BA82-6815-4386-84DD-182E57078472}.Debug|Any CPU.Build.0 = Debug|Any CPU
		{D4F2BA82-6815-4386-84DD-182E57078472}.Debug|x64.ActiveCfg = Debug|Any CPU
		{D4F2BA82-6815-4386-84DD-182E57078472}.Debug|x64.Build.0 = Debug|Any CPU
		{D4F2BA82-6815-4386-84DD-182E57078472}.Debug|x86.ActiveCfg = Debug|Any CPU
		{D4F2BA82-6815-4386-84DD-182E57078472}.Debug|x86.Build.0 = Debug|Any CPU
		{D4F2BA82-6815-4386-84DD-182E57078472}.Release|Any CPU.ActiveCfg = Release|Any CPU
		{D4F2BA82-6815-4386-84DD-182E57078472}.Release|Any CPU.Build.0 = Release|Any CPU
		{D4F2BA82-6815-4386-84DD-182E57078472}.Release|x64.ActiveCfg = Release|Any CPU
		{D4F2BA82-6815-4386-84DD-182E57078472}.Release|x64.Build.0 = Release|Any CPU
		{D4F2BA82-6815-4386-84DD-182E57078472}.Release|x86.ActiveCfg = Release|Any CPU
		{D4F2BA82-6815-4386-84DD-182E57078472}.Release|x86.Build.0 = Release|Any CPU
		{9E41DB65-FA66-42A2-B17B-D95389A56FE4}.Debug|Any CPU.ActiveCfg = Debug|Any CPU
		{9E41DB65-FA66-42A2-B17B-D95389A56FE4}.Debug|Any CPU.Build.0 = Debug|Any CPU
		{9E41DB65-FA66-42A2-B17B-D95389A56FE4}.Debug|x64.ActiveCfg = Debug|Any CPU
		{9E41DB65-FA66-42A2-B17B-D95389A56FE4}.Debug|x64.Build.0 = Debug|Any CPU
		{9E41DB65-FA66-42A2-B17B-D95389A56FE4}.Debug|x86.ActiveCfg = Debug|Any CPU
		{9E41DB65-FA66-42A2-B17B-D95389A56FE4}.Debug|x86.Build.0 = Debug|Any CPU
		{9E41DB65-FA66-42A2-B17B-D95389A56FE4}.Release|Any CPU.ActiveCfg = Release|Any CPU
		{9E41DB65-FA66-42A2-B17B-D95389A56FE4}.Release|Any CPU.Build.0 = Release|Any CPU
		{9E41DB65-FA66-42A2-B17B-D95389A56FE4}.Release|x64.ActiveCfg = Release|Any CPU
		{9E41DB65-FA66-42A2-B17B-D95389A56FE4}.Release|x64.Build.0 = Release|Any CPU
		{9E41DB65-FA66-42A2-B17B-D95389A56FE4}.Release|x86.ActiveCfg = Release|Any CPU
		{9E41DB65-FA66-42A2-B17B-D95389A56FE4}.Release|x86.Build.0 = Release|Any CPU
		{3955A635-5C32-4603-9FB3-431FC4BF82FB}.Debug|Any CPU.ActiveCfg = Debug|Any CPU
		{3955A635-5C32-4603-9FB3-431FC4BF82FB}.Debug|Any CPU.Build.0 = Debug|Any CPU
		{3955A635-5C32-4603-9FB3-431FC4BF82FB}.Debug|x64.ActiveCfg = Debug|Any CPU
		{3955A635-5C32-4603-9FB3-431FC4BF82FB}.Debug|x64.Build.0 = Debug|Any CPU
		{3955A635-5C32-4603-9FB3-431FC4BF82FB}.Debug|x86.ActiveCfg = Debug|Any CPU
		{3955A635-5C32-4603-9FB3-431FC4BF82FB}.Debug|x86.Build.0 = Debug|Any CPU
		{3955A635-5C32-4603-9FB3-431FC4BF82FB}.Release|Any CPU.ActiveCfg = Release|Any CPU
		{3955A635-5C32-4603-9FB3-431FC4BF82FB}.Release|Any CPU.Build.0 = Release|Any CPU
		{3955A635-5C32-4603-9FB3-431FC4BF82FB}.Release|x64.ActiveCfg = Release|Any CPU
		{3955A635-5C32-4603-9FB3-431FC4BF82FB}.Release|x64.Build.0 = Release|Any CPU
		{3955A635-5C32-4603-9FB3-431FC4BF82FB}.Release|x86.ActiveCfg = Release|Any CPU
		{3955A635-5C32-4603-9FB3-431FC4BF82FB}.Release|x86.Build.0 = Release|Any CPU
		{EB85BA4B-722A-4D8E-B811-589AAD869054}.Debug|Any CPU.ActiveCfg = Debug|Any CPU
		{EB85BA4B-722A-4D8E-B811-589AAD869054}.Debug|Any CPU.Build.0 = Debug|Any CPU
		{EB85BA4B-722A-4D8E-B811-589AAD869054}.Debug|x64.ActiveCfg = Debug|Any CPU
		{EB85BA4B-722A-4D8E-B811-589AAD869054}.Debug|x64.Build.0 = Debug|Any CPU
		{EB85BA4B-722A-4D8E-B811-589AAD869054}.Debug|x86.ActiveCfg = Debug|Any CPU
		{EB85BA4B-722A-4D8E-B811-589AAD869054}.Debug|x86.Build.0 = Debug|Any CPU
		{EB85BA4B-722A-4D8E-B811-589AAD869054}.Release|Any CPU.ActiveCfg = Release|Any CPU
		{EB85BA4B-722A-4D8E-B811-589AAD869054}.Release|Any CPU.Build.0 = Release|Any CPU
		{EB85BA4B-722A-4D8E-B811-589AAD869054}.Release|x64.ActiveCfg = Release|Any CPU
		{EB85BA4B-722A-4D8E-B811-589AAD869054}.Release|x64.Build.0 = Release|Any CPU
		{EB85BA4B-722A-4D8E-B811-589AAD869054}.Release|x86.ActiveCfg = Release|Any CPU
		{EB85BA4B-722A-4D8E-B811-589AAD869054}.Release|x86.Build.0 = Release|Any CPU
		{01F12312-460D-4071-8B6E-15F0BE618E61}.Debug|Any CPU.ActiveCfg = Debug|Any CPU
		{01F12312-460D-4071-8B6E-15F0BE618E61}.Debug|Any CPU.Build.0 = Debug|Any CPU
		{01F12312-460D-4071-8B6E-15F0BE618E61}.Debug|x64.ActiveCfg = Debug|Any CPU
		{01F12312-460D-4071-8B6E-15F0BE618E61}.Debug|x64.Build.0 = Debug|Any CPU
		{01F12312-460D-4071-8B6E-15F0BE618E61}.Debug|x86.ActiveCfg = Debug|Any CPU
		{01F12312-460D-4071-8B6E-15F0BE618E61}.Debug|x86.Build.0 = Debug|Any CPU
		{01F12312-460D-4071-8B6E-15F0BE618E61}.Release|Any CPU.ActiveCfg = Release|Any CPU
		{01F12312-460D-4071-8B6E-15F0BE618E61}.Release|Any CPU.Build.0 = Release|Any CPU
		{01F12312-460D-4071-8B6E-15F0BE618E61}.Release|x64.ActiveCfg = Release|Any CPU
		{01F12312-460D-4071-8B6E-15F0BE618E61}.Release|x64.Build.0 = Release|Any CPU
		{01F12312-460D-4071-8B6E-15F0BE618E61}.Release|x86.ActiveCfg = Release|Any CPU
		{01F12312-460D-4071-8B6E-15F0BE618E61}.Release|x86.Build.0 = Release|Any CPU
		{F06CA8A7-EA9E-4CF4-AD57-D6C69B2F2D06}.Debug|Any CPU.ActiveCfg = Debug|Any CPU
		{F06CA8A7-EA9E-4CF4-AD57-D6C69B2F2D06}.Debug|Any CPU.Build.0 = Debug|Any CPU
		{F06CA8A7-EA9E-4CF4-AD57-D6C69B2F2D06}.Debug|x64.ActiveCfg = Debug|Any CPU
		{F06CA8A7-EA9E-4CF4-AD57-D6C69B2F2D06}.Debug|x64.Build.0 = Debug|Any CPU
		{F06CA8A7-EA9E-4CF4-AD57-D6C69B2F2D06}.Debug|x86.ActiveCfg = Debug|Any CPU
		{F06CA8A7-EA9E-4CF4-AD57-D6C69B2F2D06}.Debug|x86.Build.0 = Debug|Any CPU
		{F06CA8A7-EA9E-4CF4-AD57-D6C69B2F2D06}.Release|Any CPU.ActiveCfg = Release|Any CPU
		{F06CA8A7-EA9E-4CF4-AD57-D6C69B2F2D06}.Release|Any CPU.Build.0 = Release|Any CPU
		{F06CA8A7-EA9E-4CF4-AD57-D6C69B2F2D06}.Release|x64.ActiveCfg = Release|Any CPU
		{F06CA8A7-EA9E-4CF4-AD57-D6C69B2F2D06}.Release|x64.Build.0 = Release|Any CPU
		{F06CA8A7-EA9E-4CF4-AD57-D6C69B2F2D06}.Release|x86.ActiveCfg = Release|Any CPU
		{F06CA8A7-EA9E-4CF4-AD57-D6C69B2F2D06}.Release|x86.Build.0 = Release|Any CPU
		{678FDA96-A0DF-4854-8C32-517DB13BC81F}.Debug|Any CPU.ActiveCfg = Debug|Any CPU
		{678FDA96-A0DF-4854-8C32-517DB13BC81F}.Debug|Any CPU.Build.0 = Debug|Any CPU
		{678FDA96-A0DF-4854-8C32-517DB13BC81F}.Debug|x64.ActiveCfg = Debug|Any CPU
		{678FDA96-A0DF-4854-8C32-517DB13BC81F}.Debug|x64.Build.0 = Debug|Any CPU
		{678FDA96-A0DF-4854-8C32-517DB13BC81F}.Debug|x86.ActiveCfg = Debug|Any CPU
		{678FDA96-A0DF-4854-8C32-517DB13BC81F}.Debug|x86.Build.0 = Debug|Any CPU
		{678FDA96-A0DF-4854-8C32-517DB13BC81F}.Release|Any CPU.ActiveCfg = Release|Any CPU
		{678FDA96-A0DF-4854-8C32-517DB13BC81F}.Release|Any CPU.Build.0 = Release|Any CPU
		{678FDA96-A0DF-4854-8C32-517DB13BC81F}.Release|x64.ActiveCfg = Release|Any CPU
		{678FDA96-A0DF-4854-8C32-517DB13BC81F}.Release|x64.Build.0 = Release|Any CPU
		{678FDA96-A0DF-4854-8C32-517DB13BC81F}.Release|x86.ActiveCfg = Release|Any CPU
		{678FDA96-A0DF-4854-8C32-517DB13BC81F}.Release|x86.Build.0 = Release|Any CPU
		{7A4B57F9-4D05-47EE-AC15-CA2179D9BB40}.Debug|Any CPU.ActiveCfg = Debug|Any CPU
		{7A4B57F9-4D05-47EE-AC15-CA2179D9BB40}.Debug|Any CPU.Build.0 = Debug|Any CPU
		{7A4B57F9-4D05-47EE-AC15-CA2179D9BB40}.Debug|x64.ActiveCfg = Debug|Any CPU
		{7A4B57F9-4D05-47EE-AC15-CA2179D9BB40}.Debug|x64.Build.0 = Debug|Any CPU
		{7A4B57F9-4D05-47EE-AC15-CA2179D9BB40}.Debug|x86.ActiveCfg = Debug|Any CPU
		{7A4B57F9-4D05-47EE-AC15-CA2179D9BB40}.Debug|x86.Build.0 = Debug|Any CPU
		{7A4B57F9-4D05-47EE-AC15-CA2179D9BB40}.Release|Any CPU.ActiveCfg = Release|Any CPU
		{7A4B57F9-4D05-47EE-AC15-CA2179D9BB40}.Release|Any CPU.Build.0 = Release|Any CPU
		{7A4B57F9-4D05-47EE-AC15-CA2179D9BB40}.Release|x64.ActiveCfg = Release|Any CPU
		{7A4B57F9-4D05-47EE-AC15-CA2179D9BB40}.Release|x64.Build.0 = Release|Any CPU
		{7A4B57F9-4D05-47EE-AC15-CA2179D9BB40}.Release|x86.ActiveCfg = Release|Any CPU
		{7A4B57F9-4D05-47EE-AC15-CA2179D9BB40}.Release|x86.Build.0 = Release|Any CPU
		{74117DFF-B60C-4345-B4F1-5352E917BEF0}.Debug|Any CPU.ActiveCfg = Debug|Any CPU
		{74117DFF-B60C-4345-B4F1-5352E917BEF0}.Debug|Any CPU.Build.0 = Debug|Any CPU
		{74117DFF-B60C-4345-B4F1-5352E917BEF0}.Debug|x64.ActiveCfg = Debug|Any CPU
		{74117DFF-B60C-4345-B4F1-5352E917BEF0}.Debug|x64.Build.0 = Debug|Any CPU
		{74117DFF-B60C-4345-B4F1-5352E917BEF0}.Debug|x86.ActiveCfg = Debug|Any CPU
		{74117DFF-B60C-4345-B4F1-5352E917BEF0}.Debug|x86.Build.0 = Debug|Any CPU
		{74117DFF-B60C-4345-B4F1-5352E917BEF0}.Release|Any CPU.ActiveCfg = Release|Any CPU
		{74117DFF-B60C-4345-B4F1-5352E917BEF0}.Release|Any CPU.Build.0 = Release|Any CPU
		{74117DFF-B60C-4345-B4F1-5352E917BEF0}.Release|x64.ActiveCfg = Release|Any CPU
		{74117DFF-B60C-4345-B4F1-5352E917BEF0}.Release|x64.Build.0 = Release|Any CPU
		{74117DFF-B60C-4345-B4F1-5352E917BEF0}.Release|x86.ActiveCfg = Release|Any CPU
		{74117DFF-B60C-4345-B4F1-5352E917BEF0}.Release|x86.Build.0 = Release|Any CPU
		{2C336EE8-5EAD-4E4E-B6B9-2AB528D393B3}.Debug|Any CPU.ActiveCfg = Debug|Any CPU
		{2C336EE8-5EAD-4E4E-B6B9-2AB528D393B3}.Debug|Any CPU.Build.0 = Debug|Any CPU
		{2C336EE8-5EAD-4E4E-B6B9-2AB528D393B3}.Debug|x64.ActiveCfg = Debug|Any CPU
		{2C336EE8-5EAD-4E4E-B6B9-2AB528D393B3}.Debug|x64.Build.0 = Debug|Any CPU
		{2C336EE8-5EAD-4E4E-B6B9-2AB528D393B3}.Debug|x86.ActiveCfg = Debug|Any CPU
		{2C336EE8-5EAD-4E4E-B6B9-2AB528D393B3}.Debug|x86.Build.0 = Debug|Any CPU
		{2C336EE8-5EAD-4E4E-B6B9-2AB528D393B3}.Release|Any CPU.ActiveCfg = Release|Any CPU
		{2C336EE8-5EAD-4E4E-B6B9-2AB528D393B3}.Release|Any CPU.Build.0 = Release|Any CPU
		{2C336EE8-5EAD-4E4E-B6B9-2AB528D393B3}.Release|x64.ActiveCfg = Release|Any CPU
		{2C336EE8-5EAD-4E4E-B6B9-2AB528D393B3}.Release|x64.Build.0 = Release|Any CPU
		{2C336EE8-5EAD-4E4E-B6B9-2AB528D393B3}.Release|x86.ActiveCfg = Release|Any CPU
		{2C336EE8-5EAD-4E4E-B6B9-2AB528D393B3}.Release|x86.Build.0 = Release|Any CPU
		{19D2CF67-5B21-431B-9C0B-756C8D3DC787}.Debug|Any CPU.ActiveCfg = Debug|Any CPU
		{19D2CF67-5B21-431B-9C0B-756C8D3DC787}.Debug|Any CPU.Build.0 = Debug|Any CPU
		{19D2CF67-5B21-431B-9C0B-756C8D3DC787}.Debug|x64.ActiveCfg = Debug|Any CPU
		{19D2CF67-5B21-431B-9C0B-756C8D3DC787}.Debug|x64.Build.0 = Debug|Any CPU
		{19D2CF67-5B21-431B-9C0B-756C8D3DC787}.Debug|x86.ActiveCfg = Debug|Any CPU
		{19D2CF67-5B21-431B-9C0B-756C8D3DC787}.Debug|x86.Build.0 = Debug|Any CPU
		{19D2CF67-5B21-431B-9C0B-756C8D3DC787}.Release|Any CPU.ActiveCfg = Release|Any CPU
		{19D2CF67-5B21-431B-9C0B-756C8D3DC787}.Release|Any CPU.Build.0 = Release|Any CPU
		{19D2CF67-5B21-431B-9C0B-756C8D3DC787}.Release|x64.ActiveCfg = Release|Any CPU
		{19D2CF67-5B21-431B-9C0B-756C8D3DC787}.Release|x64.Build.0 = Release|Any CPU
		{19D2CF67-5B21-431B-9C0B-756C8D3DC787}.Release|x86.ActiveCfg = Release|Any CPU
		{19D2CF67-5B21-431B-9C0B-756C8D3DC787}.Release|x86.Build.0 = Release|Any CPU
		{326B7076-7EC9-4D85-AFD1-E9910A885649}.Debug|Any CPU.ActiveCfg = Debug|Any CPU
		{326B7076-7EC9-4D85-AFD1-E9910A885649}.Debug|Any CPU.Build.0 = Debug|Any CPU
		{326B7076-7EC9-4D85-AFD1-E9910A885649}.Debug|x64.ActiveCfg = Debug|Any CPU
		{326B7076-7EC9-4D85-AFD1-E9910A885649}.Debug|x64.Build.0 = Debug|Any CPU
		{326B7076-7EC9-4D85-AFD1-E9910A885649}.Debug|x86.ActiveCfg = Debug|Any CPU
		{326B7076-7EC9-4D85-AFD1-E9910A885649}.Debug|x86.Build.0 = Debug|Any CPU
		{326B7076-7EC9-4D85-AFD1-E9910A885649}.Release|Any CPU.ActiveCfg = Release|Any CPU
		{326B7076-7EC9-4D85-AFD1-E9910A885649}.Release|Any CPU.Build.0 = Release|Any CPU
		{326B7076-7EC9-4D85-AFD1-E9910A885649}.Release|x64.ActiveCfg = Release|Any CPU
		{326B7076-7EC9-4D85-AFD1-E9910A885649}.Release|x64.Build.0 = Release|Any CPU
		{326B7076-7EC9-4D85-AFD1-E9910A885649}.Release|x86.ActiveCfg = Release|Any CPU
		{326B7076-7EC9-4D85-AFD1-E9910A885649}.Release|x86.Build.0 = Release|Any CPU
		{DB948A26-9B94-4667-BBBB-AB2809FED1BA}.Debug|Any CPU.ActiveCfg = Debug|Any CPU
		{DB948A26-9B94-4667-BBBB-AB2809FED1BA}.Debug|Any CPU.Build.0 = Debug|Any CPU
		{DB948A26-9B94-4667-BBBB-AB2809FED1BA}.Debug|x64.ActiveCfg = Debug|Any CPU
		{DB948A26-9B94-4667-BBBB-AB2809FED1BA}.Debug|x64.Build.0 = Debug|Any CPU
		{DB948A26-9B94-4667-BBBB-AB2809FED1BA}.Debug|x86.ActiveCfg = Debug|Any CPU
		{DB948A26-9B94-4667-BBBB-AB2809FED1BA}.Debug|x86.Build.0 = Debug|Any CPU
		{DB948A26-9B94-4667-BBBB-AB2809FED1BA}.Release|Any CPU.ActiveCfg = Release|Any CPU
		{DB948A26-9B94-4667-BBBB-AB2809FED1BA}.Release|Any CPU.Build.0 = Release|Any CPU
		{DB948A26-9B94-4667-BBBB-AB2809FED1BA}.Release|x64.ActiveCfg = Release|Any CPU
		{DB948A26-9B94-4667-BBBB-AB2809FED1BA}.Release|x64.Build.0 = Release|Any CPU
		{DB948A26-9B94-4667-BBBB-AB2809FED1BA}.Release|x86.ActiveCfg = Release|Any CPU
		{DB948A26-9B94-4667-BBBB-AB2809FED1BA}.Release|x86.Build.0 = Release|Any CPU
		{D4949A02-11DA-4338-ACB4-81B285C5594B}.Debug|Any CPU.ActiveCfg = Debug|Any CPU
		{D4949A02-11DA-4338-ACB4-81B285C5594B}.Debug|Any CPU.Build.0 = Debug|Any CPU
		{D4949A02-11DA-4338-ACB4-81B285C5594B}.Debug|x64.ActiveCfg = Debug|Any CPU
		{D4949A02-11DA-4338-ACB4-81B285C5594B}.Debug|x64.Build.0 = Debug|Any CPU
		{D4949A02-11DA-4338-ACB4-81B285C5594B}.Debug|x86.ActiveCfg = Debug|Any CPU
		{D4949A02-11DA-4338-ACB4-81B285C5594B}.Debug|x86.Build.0 = Debug|Any CPU
		{D4949A02-11DA-4338-ACB4-81B285C5594B}.Release|Any CPU.ActiveCfg = Release|Any CPU
		{D4949A02-11DA-4338-ACB4-81B285C5594B}.Release|Any CPU.Build.0 = Release|Any CPU
		{D4949A02-11DA-4338-ACB4-81B285C5594B}.Release|x64.ActiveCfg = Release|Any CPU
		{D4949A02-11DA-4338-ACB4-81B285C5594B}.Release|x64.Build.0 = Release|Any CPU
		{D4949A02-11DA-4338-ACB4-81B285C5594B}.Release|x86.ActiveCfg = Release|Any CPU
		{D4949A02-11DA-4338-ACB4-81B285C5594B}.Release|x86.Build.0 = Release|Any CPU
		{93684841-4033-47C9-9D2C-A8D6167C6586}.Debug|Any CPU.ActiveCfg = Debug|Any CPU
		{93684841-4033-47C9-9D2C-A8D6167C6586}.Debug|Any CPU.Build.0 = Debug|Any CPU
		{93684841-4033-47C9-9D2C-A8D6167C6586}.Debug|x64.ActiveCfg = Debug|Any CPU
		{93684841-4033-47C9-9D2C-A8D6167C6586}.Debug|x64.Build.0 = Debug|Any CPU
		{93684841-4033-47C9-9D2C-A8D6167C6586}.Debug|x86.ActiveCfg = Debug|Any CPU
		{93684841-4033-47C9-9D2C-A8D6167C6586}.Debug|x86.Build.0 = Debug|Any CPU
		{93684841-4033-47C9-9D2C-A8D6167C6586}.Release|Any CPU.ActiveCfg = Release|Any CPU
		{93684841-4033-47C9-9D2C-A8D6167C6586}.Release|Any CPU.Build.0 = Release|Any CPU
		{93684841-4033-47C9-9D2C-A8D6167C6586}.Release|x64.ActiveCfg = Release|Any CPU
		{93684841-4033-47C9-9D2C-A8D6167C6586}.Release|x64.Build.0 = Release|Any CPU
		{93684841-4033-47C9-9D2C-A8D6167C6586}.Release|x86.ActiveCfg = Release|Any CPU
		{93684841-4033-47C9-9D2C-A8D6167C6586}.Release|x86.Build.0 = Release|Any CPU
		{2BE0DAEB-9C84-413A-BC35-8A3169C52871}.Debug|Any CPU.ActiveCfg = Debug|Any CPU
		{2BE0DAEB-9C84-413A-BC35-8A3169C52871}.Debug|Any CPU.Build.0 = Debug|Any CPU
		{2BE0DAEB-9C84-413A-BC35-8A3169C52871}.Debug|x64.ActiveCfg = Debug|Any CPU
		{2BE0DAEB-9C84-413A-BC35-8A3169C52871}.Debug|x64.Build.0 = Debug|Any CPU
		{2BE0DAEB-9C84-413A-BC35-8A3169C52871}.Debug|x86.ActiveCfg = Debug|Any CPU
		{2BE0DAEB-9C84-413A-BC35-8A3169C52871}.Debug|x86.Build.0 = Debug|Any CPU
		{2BE0DAEB-9C84-413A-BC35-8A3169C52871}.Release|Any CPU.ActiveCfg = Release|Any CPU
		{2BE0DAEB-9C84-413A-BC35-8A3169C52871}.Release|Any CPU.Build.0 = Release|Any CPU
		{2BE0DAEB-9C84-413A-BC35-8A3169C52871}.Release|x64.ActiveCfg = Release|Any CPU
		{2BE0DAEB-9C84-413A-BC35-8A3169C52871}.Release|x64.Build.0 = Release|Any CPU
		{2BE0DAEB-9C84-413A-BC35-8A3169C52871}.Release|x86.ActiveCfg = Release|Any CPU
		{2BE0DAEB-9C84-413A-BC35-8A3169C52871}.Release|x86.Build.0 = Release|Any CPU
		{6D7D6F6E-7E4F-4AD8-8159-D76F36083D8C}.Debug|Any CPU.ActiveCfg = Debug|Any CPU
		{6D7D6F6E-7E4F-4AD8-8159-D76F36083D8C}.Debug|Any CPU.Build.0 = Debug|Any CPU
		{6D7D6F6E-7E4F-4AD8-8159-D76F36083D8C}.Debug|x64.ActiveCfg = Debug|Any CPU
		{6D7D6F6E-7E4F-4AD8-8159-D76F36083D8C}.Debug|x64.Build.0 = Debug|Any CPU
		{6D7D6F6E-7E4F-4AD8-8159-D76F36083D8C}.Debug|x86.ActiveCfg = Debug|Any CPU
		{6D7D6F6E-7E4F-4AD8-8159-D76F36083D8C}.Debug|x86.Build.0 = Debug|Any CPU
		{6D7D6F6E-7E4F-4AD8-8159-D76F36083D8C}.Release|Any CPU.ActiveCfg = Release|Any CPU
		{6D7D6F6E-7E4F-4AD8-8159-D76F36083D8C}.Release|Any CPU.Build.0 = Release|Any CPU
		{6D7D6F6E-7E4F-4AD8-8159-D76F36083D8C}.Release|x64.ActiveCfg = Release|Any CPU
		{6D7D6F6E-7E4F-4AD8-8159-D76F36083D8C}.Release|x64.Build.0 = Release|Any CPU
		{6D7D6F6E-7E4F-4AD8-8159-D76F36083D8C}.Release|x86.ActiveCfg = Release|Any CPU
		{6D7D6F6E-7E4F-4AD8-8159-D76F36083D8C}.Release|x86.Build.0 = Release|Any CPU
	EndGlobalSection
EndGlobal
