
Microsoft Visual Studio Solution File, Format Version 12.00
# Visual Studio 15
VisualStudioVersion = 15.0.26124.0
MinimumVisualStudioVersion = 15.0.26124.0
Project("{FAE04EC0-301F-11D3-BF4B-00C04F79EFBC}") = "Penguin.Cms.Modules.Files.Local", "Penguin.Cms.Modules.Files.Local.csproj", "{FC492BEA-8E2E-4EB8-996D-C96CCBF4D046}"
EndProject
Project("{FAE04EC0-301F-11D3-BF4B-00C04F79EFBC}") = "Penguin.Cms.Web.Files.Local", "..\Penguin.Cms.Web.Files\Penguin.Cms.Web.Files.Local.csproj", "{863EFBB1-AF88-44E1-AD2C-63CE32511746}"
EndProject
Project("{FAE04EC0-301F-11D3-BF4B-00C04F79EFBC}") = "Penguin.Messaging.Application.Local", "..\Penguin.Messaging.Application\Penguin.Messaging.Application.Local.csproj", "{8D4FA70A-2174-42DF-92B5-1E2594681775}"
EndProject
Project("{FAE04EC0-301F-11D3-BF4B-00C04F79EFBC}") = "Penguin.Messaging.Core.Local", "..\Penguin.Messaging.Core\Penguin.Messaging.Core.Local.csproj", "{960D1604-F07B-4E05-BEB5-F120A0395CFA}"
EndProject
Project("{FAE04EC0-301F-11D3-BF4B-00C04F79EFBC}") = "Penguin.Debugging.Local", "..\Penguin.Debugging\Penguin.Debugging.Local.csproj", "{400B2C28-A68E-4386-84A1-797D7EC43832}"
EndProject
Project("{FAE04EC0-301F-11D3-BF4B-00C04F79EFBC}") = "Penguin.Extensions.Exceptions.Local", "..\Penguin.Extensions.Exceptions\Penguin.Extensions.Exceptions.Local.csproj", "{9E316FD4-5066-499E-BC66-2A5CD21A4D34}"
EndProject
Project("{FAE04EC0-301F-11D3-BF4B-00C04F79EFBC}") = "Penguin.Messaging.Abstractions.Local", "..\Penguin.Messaging.Abstractions\Penguin.Messaging.Abstractions.Local.csproj", "{930F99B5-F406-434B-884A-49B2586BC625}"
EndProject
Project("{FAE04EC0-301F-11D3-BF4B-00C04F79EFBC}") = "Penguin.Web.Data.Local", "..\Penguin.Web.Data\Penguin.Web.Data.Local.csproj", "{407FCBD8-5B9C-4824-A470-3CDDA35E321B}"
EndProject
Project("{FAE04EC0-301F-11D3-BF4B-00C04F79EFBC}") = "Penguin.Email.Templating.Abstractions.Local", "..\Penguin.Email.Templating.Abstractions\Penguin.Email.Templating.Abstractions.Local.csproj", "{DE6DBBD3-3E3A-4A1A-ADD2-8C43F82F4054}"
EndProject
Project("{FAE04EC0-301F-11D3-BF4B-00C04F79EFBC}") = "Penguin.Email.Abstractions.Local", "..\Penguin.Email.Abstractions\Penguin.Email.Abstractions.Local.csproj", "{71DC0873-6E29-4B9A-986B-781F3E15283C}"
EndProject
Project("{FAE04EC0-301F-11D3-BF4B-00C04F79EFBC}") = "Penguin.Files.Abstractions.Local", "..\Penguin.Files.Abstractions\Penguin.Files.Abstractions.Local.csproj", "{FAC33D23-3005-402A-8847-DF68F567AE10}"
EndProject
Project("{FAE04EC0-301F-11D3-BF4B-00C04F79EFBC}") = "Penguin.Templating.Abstractions.Local", "..\Penguin.Templating.Abstractions\Penguin.Templating.Abstractions.Local.csproj", "{E838C95D-E046-4DB9-A1EE-6CC3ACF05395}"
EndProject
Project("{FAE04EC0-301F-11D3-BF4B-00C04F79EFBC}") = "Penguin.Web.Abstractions.Local", "..\Penguin.Web.Abstractions\Penguin.Web.Abstractions.Local.csproj", "{A467BC93-E8C6-4809-9F14-FC88E4188358}"
EndProject
Project("{FAE04EC0-301F-11D3-BF4B-00C04F79EFBC}") = "Penguin.Cms.Files.Repositories.Local", "..\Penguin.Cms.Files.Repositories\Penguin.Cms.Files.Repositories.Local.csproj", "{B5BDC879-63ED-4B77-A752-768068890CC9}"
EndProject
Project("{FAE04EC0-301F-11D3-BF4B-00C04F79EFBC}") = "Penguin.Cms.Files.Local", "..\Penguin.Cms.Files\Penguin.Cms.Files.Local.csproj", "{379106C5-CE6F-40B9-AEE9-74FAB7C3B45B}"
EndProject
Project("{FAE04EC0-301F-11D3-BF4B-00C04F79EFBC}") = "Penguin.Cms.Entities.Local", "..\Penguin.Cms.Entities\Penguin.Cms.Entities.Local.csproj", "{F61D9A47-6794-4F2C-8B35-511FCF123E05}"
EndProject
Project("{FAE04EC0-301F-11D3-BF4B-00C04F79EFBC}") = "Penguin.Persistence.Abstractions.Local", "..\Penguin.Persistence.Abstractions\Penguin.Persistence.Abstractions.Local.csproj", "{4D0057AB-2DF4-4596-9F6F-D6CFBB0133D2}"
EndProject
Project("{FAE04EC0-301F-11D3-BF4B-00C04F79EFBC}") = "Penguin.Entities.Abstractions.Local", "..\Penguin.Entities.Abstractions\Penguin.Entities.Abstractions.Local.csproj", "{2D83A388-7312-4834-926F-639BF0A09D02}"
EndProject
Project("{FAE04EC0-301F-11D3-BF4B-00C04F79EFBC}") = "Penguin.Reflection.Extensions.Local", "..\Penguin.Reflection.Extensions\Penguin.Reflection.Extensions.Local.csproj", "{2F620214-521E-42DE-B7C2-F6538BF86D10}"
EndProject
Project("{FAE04EC0-301F-11D3-BF4B-00C04F79EFBC}") = "Penguin.Reflection.Abstractions.Local", "..\Penguin.Reflection.Abstractions\Penguin.Reflection.Abstractions.Local.csproj", "{A0202ED9-B97D-489D-80DA-4039B19C4FB8}"
EndProject
Project("{FAE04EC0-301F-11D3-BF4B-00C04F79EFBC}") = "Penguin.Extensions.String.Local", "..\Penguin.Extensions.String\Penguin.Extensions.String.Local.csproj", "{E4C7AC8F-5685-4899-A155-D53169444DBD}"
EndProject
Project("{FAE04EC0-301F-11D3-BF4B-00C04F79EFBC}") = "Penguin.Cms.Repositories.Local", "..\Penguin.Cms.Repositories\Penguin.Cms.Repositories.Local.csproj", "{AEB31A67-3CE2-4905-87B6-C3CE8EB94B95}"
EndProject
Project("{FAE04EC0-301F-11D3-BF4B-00C04F79EFBC}") = "Penguin.Persistence.Repositories.Local", "..\Penguin.Persistence.Repositories\Penguin.Persistence.Repositories.Local.csproj", "{81A9D00B-2884-4DA4-8F1B-F33CCBB2A4DE}"
EndProject
Project("{FAE04EC0-301F-11D3-BF4B-00C04F79EFBC}") = "Penguin.Reflection.Local", "..\Penguin.Reflection\Penguin.Reflection.Local.csproj", "{C388A99E-D9C3-401D-B135-BB4A8BD4FBB4}"
EndProject
Project("{FAE04EC0-301F-11D3-BF4B-00C04F79EFBC}") = "Penguin.DependencyInjection.Abstractions.Local", "..\Penguin.DependencyInjection.Abstractions\Penguin.DependencyInjection.Abstractions.Local.csproj", "{51EFD32E-9782-487C-87C3-58D4C91F10CD}"
EndProject
Project("{FAE04EC0-301F-11D3-BF4B-00C04F79EFBC}") = "Penguin.Messaging.Persistence.Local", "..\Penguin.Messaging.Persistence\Penguin.Messaging.Persistence.Local.csproj", "{B4D43A17-B3D8-4418-B641-C6DE6515D85A}"
EndProject
Project("{FAE04EC0-301F-11D3-BF4B-00C04F79EFBC}") = "Penguin.Files.Local", "..\Penguin.Files\Penguin.Files.Local.csproj", "{7AC70FC3-654D-40E8-8171-3BE03A960AAF}"
EndProject
Project("{FAE04EC0-301F-11D3-BF4B-00C04F79EFBC}") = "Penguin.Security.Abstractions.Local", "..\Penguin.Security.Abstractions\Penguin.Security.Abstractions.Local.csproj", "{C4B94092-6FC8-4922-A6E8-049463E5FFE1}"
EndProject
Project("{FAE04EC0-301F-11D3-BF4B-00C04F79EFBC}") = "Penguin.Configuration.Abstractions.Local", "..\Penguin.Configuration.Abstractions\Penguin.Configuration.Abstractions.Local.csproj", "{18EDB256-047C-436E-B901-C9ABFCC56CDE}"
EndProject
Project("{FAE04EC0-301F-11D3-BF4B-00C04F79EFBC}") = "Penguin.Cms.Modules.Dynamic.Local", "..\Penguin.Cms.Modules.Dynamic\Penguin.Cms.Modules.Dynamic.Local.csproj", "{32A487CD-3C49-4D4E-95E9-809B95038C44}"
EndProject
Project("{FAE04EC0-301F-11D3-BF4B-00C04F79EFBC}") = "Penguin.Json.Local", "..\Penguin.Json\Penguin.Json.Local.csproj", "{4EE02519-7CD6-452A-A3BA-C15081C172E8}"
EndProject
Project("{FAE04EC0-301F-11D3-BF4B-00C04F79EFBC}") = "Penguin.Json.Abstractions.Local", "..\Penguin.Json.Abstractions\Penguin.Json.Abstractions.Local.csproj", "{A75B0083-4BC2-4397-B6AA-F400F6E8F582}"
EndProject
Project("{FAE04EC0-301F-11D3-BF4B-00C04F79EFBC}") = "Penguin.SystemExtensions.Abstractions.Local", "..\Penguin.SystemExtensions.Abstractions\Penguin.SystemExtensions.Abstractions.Local.csproj", "{59E9077E-A8FE-4F79-831A-2B0274FF8C97}"
EndProject
Project("{FAE04EC0-301F-11D3-BF4B-00C04F79EFBC}") = "Penguin.Shared.Objects.Local", "..\Penguin.Shared.Objects\Penguin.Shared.Objects.Local.csproj", "{DAD22A21-FF7A-46EB-BC24-A582AD2238F1}"
EndProject
Project("{FAE04EC0-301F-11D3-BF4B-00C04F79EFBC}") = "Penguin.Cms.Errors.Local", "..\Penguin.Cms.Errors\Penguin.Cms.Errors.Local.csproj", "{4052AFBC-DF07-4391-8D65-F1EBDB87D2BF}"
EndProject
Project("{FAE04EC0-301F-11D3-BF4B-00C04F79EFBC}") = "Penguin.Auditing.Abstractions.Local", "..\Penguin.Auditing.Abstractions\Penguin.Auditing.Abstractions.Local.csproj", "{206E946E-E187-4B03-B63E-160DD4D0537C}"
EndProject
Project("{FAE04EC0-301F-11D3-BF4B-00C04F79EFBC}") = "Penguin.Web.Dynamic.Local", "..\Penguin.Web.Dynamic\Penguin.Web.Dynamic.Local.csproj", "{3F6E2DAB-19B4-4CB8-9B50-CB4F7582B882}"
EndProject
Project("{FAE04EC0-301F-11D3-BF4B-00C04F79EFBC}") = "Penguin.Extensions.Collections.Local", "..\Penguin.Extensions.Collections\Penguin.Extensions.Collections.Local.csproj", "{05C7214F-5BE1-4E45-969B-EA8C2E2F7A99}"
EndProject
Project("{FAE04EC0-301F-11D3-BF4B-00C04F79EFBC}") = "Penguin.Reflection.Serialization.Local", "..\Penguin.Reflection.Serialization\Penguin.Reflection.Serialization.Local.csproj", "{6846DDA3-99F0-4699-B5DC-B04274A36A55}"
EndProject
Project("{FAE04EC0-301F-11D3-BF4B-00C04F79EFBC}") = "Penguin.Reflection.Serialization.Abstractions.Local", "..\Penguin.Reflection.Serialization.Abstractions\Penguin.Reflection.Serialization.Abstractions.Local.csproj", "{0AD96543-A046-4A91-B03A-6D927844D4AD}"
EndProject
Project("{FAE04EC0-301F-11D3-BF4B-00C04F79EFBC}") = "Penguin.Cms.Modules.Admin.Local", "..\Penguin.Cms.Modules.Admin\Penguin.Cms.Modules.Admin.Local.csproj", "{41B5E532-28DB-4FFC-ABE4-ABCB13D61C54}"
EndProject
Project("{FAE04EC0-301F-11D3-BF4B-00C04F79EFBC}") = "Penguin.Web.Security.Local", "..\Penguin.Web.Security\Penguin.Web.Security.Local.csproj", "{6D7AB91D-6F0C-485D-92B6-8BF275745451}"
EndProject
Project("{FAE04EC0-301F-11D3-BF4B-00C04F79EFBC}") = "Penguin.Cms.Modules.Core.Local", "..\Penguin.Cms.Modules.Core\Penguin.Cms.Modules.Core.Local.csproj", "{0469642F-9E5D-466D-8FE6-D9A0363F6BEB}"
EndProject
Project("{FAE04EC0-301F-11D3-BF4B-00C04F79EFBC}") = "Penguin.Navigation.Abstractions.Local", "..\Penguin.Navigation.Abstractions\Penguin.Navigation.Abstractions.Local.csproj", "{40B39399-1CDA-4980-A6FC-B3AA8A76EAC7}"
EndProject
Project("{FAE04EC0-301F-11D3-BF4B-00C04F79EFBC}") = "Penguin.Cms.Core.Local", "..\Penguin.Cms.Core\Penguin.Cms.Core.Local.csproj", "{0A8DE45C-D6D9-4041-8A43-BFA266883566}"
EndProject
Project("{FAE04EC0-301F-11D3-BF4B-00C04F79EFBC}") = "Penguin.Cms.Abstractions.Local", "..\Penguin.Cms.Abstractions\Penguin.Cms.Abstractions.Local.csproj", "{FFF5E71D-C8EE-4C80-82E6-9903A8476041}"
EndProject
Project("{FAE04EC0-301F-11D3-BF4B-00C04F79EFBC}") = "Penguin.Cms.Web.Local", "..\Penguin.Cms.Web\Penguin.Cms.Web.Local.csproj", "{CCD08D62-80CD-4840-A79B-3DA80D7A70C3}"
EndProject
Project("{FAE04EC0-301F-11D3-BF4B-00C04F79EFBC}") = "Penguin.Web.Mvc.Local", "..\Penguin.Web.Mvc\Penguin.Web.Mvc.Local.csproj", "{134310FB-31B5-4147-B1C3-7140B5E4F618}"
EndProject
Project("{FAE04EC0-301F-11D3-BF4B-00C04F79EFBC}") = "Penguin.Web.Mvc.Abstractions.Local", "..\Penguin.Web.Mvc.Abstractions\Penguin.Web.Mvc.Abstractions.Local.csproj", "{FFD9EE5E-4B8B-4880-B74D-EE97DAA444F0}"
EndProject
Project("{FAE04EC0-301F-11D3-BF4B-00C04F79EFBC}") = "Penguin.Testing.Local", "..\Penguin.Testing\Penguin.Testing.Local.csproj", "{3AC66833-A049-4100-B0B0-1753AF7C55C3}"
EndProject
Project("{FAE04EC0-301F-11D3-BF4B-00C04F79EFBC}") = "Penguin.Web.Errors.Local", "..\Penguin.Web.Errors\Penguin.Web.Errors.Local.csproj", "{71EB18E3-BAB4-42E7-BFCB-D4A92BB35697}"
EndProject
Project("{FAE04EC0-301F-11D3-BF4B-00C04F79EFBC}") = "Penguin.Web.DependencyInjection.Local", "..\Penguin.Web.DependencyInjection\Penguin.Web.DependencyInjection.Local.csproj", "{531F9DE7-C351-4828-9EB2-6A514E36CB4A}"
EndProject
Project("{FAE04EC0-301F-11D3-BF4B-00C04F79EFBC}") = "Penguin.Web.Testing.Local", "..\Penguin.Web.Testing\Penguin.Web.Testing.Local.csproj", "{B88CCCDE-72C0-414B-9938-A21D9BE786B6}"
EndProject
Project("{FAE04EC0-301F-11D3-BF4B-00C04F79EFBC}") = "Penguin.DependencyInjection.Local", "..\Penguin.DependencyInjection\Penguin.DependencyInjection.Local.csproj", "{F61C3FC9-9565-4340-BF0F-E46DBA510BAC}"
EndProject
Project("{FAE04EC0-301F-11D3-BF4B-00C04F79EFBC}") = "Penguin.Configuration.Local", "..\Penguin.Configuration\Penguin.Configuration.Local.csproj", "{C8932C0B-4C05-44B1-8A13-BD2AEE61B391}"
EndProject
Project("{FAE04EC0-301F-11D3-BF4B-00C04F79EFBC}") = "Penguin.Persistence.Database.Local", "..\Penguin.Persistence.Database\Penguin.Persistence.Database.Local.csproj", "{09495326-6FB5-4A98-91F6-52A9A41479EA}"
EndProject
Project("{FAE04EC0-301F-11D3-BF4B-00C04F79EFBC}") = "Penguin.Threading.BackgroundWorker.Local", "..\Penguin.Threading.BackgroundWorker\Penguin.Threading.BackgroundWorker.Local.csproj", "{2AAB2562-6DFD-4591-957E-340BB2475BE7}"
EndProject
Project("{FAE04EC0-301F-11D3-BF4B-00C04F79EFBC}") = "Penguin.Reflection.Serialization.Extensions.Local", "..\Penguin.Reflection.Serialization.Extensions\Penguin.Reflection.Serialization.Extensions.Local.csproj", "{ADADFEF0-DBFF-46D0-B5FE-9E730AF6D7A3}"
EndProject
Global
	GlobalSection(SolutionConfigurationPlatforms) = preSolution
		Debug|Any CPU = Debug|Any CPU
		Debug|x64 = Debug|x64
		Debug|x86 = Debug|x86
		Release|Any CPU = Release|Any CPU
		Release|x64 = Release|x64
		Release|x86 = Release|x86
	EndGlobalSection
	GlobalSection(SolutionProperties) = preSolution
		HideSolutionNode = FALSE
	EndGlobalSection
	GlobalSection(ProjectConfigurationPlatforms) = postSolution
		{FC492BEA-8E2E-4EB8-996D-C96CCBF4D046}.Debug|Any CPU.ActiveCfg = Debug|Any CPU
		{FC492BEA-8E2E-4EB8-996D-C96CCBF4D046}.Debug|Any CPU.Build.0 = Debug|Any CPU
		{FC492BEA-8E2E-4EB8-996D-C96CCBF4D046}.Debug|x64.ActiveCfg = Debug|Any CPU
		{FC492BEA-8E2E-4EB8-996D-C96CCBF4D046}.Debug|x64.Build.0 = Debug|Any CPU
		{FC492BEA-8E2E-4EB8-996D-C96CCBF4D046}.Debug|x86.ActiveCfg = Debug|Any CPU
		{FC492BEA-8E2E-4EB8-996D-C96CCBF4D046}.Debug|x86.Build.0 = Debug|Any CPU
		{FC492BEA-8E2E-4EB8-996D-C96CCBF4D046}.Release|Any CPU.ActiveCfg = Release|Any CPU
		{FC492BEA-8E2E-4EB8-996D-C96CCBF4D046}.Release|Any CPU.Build.0 = Release|Any CPU
		{FC492BEA-8E2E-4EB8-996D-C96CCBF4D046}.Release|x64.ActiveCfg = Release|Any CPU
		{FC492BEA-8E2E-4EB8-996D-C96CCBF4D046}.Release|x64.Build.0 = Release|Any CPU
		{FC492BEA-8E2E-4EB8-996D-C96CCBF4D046}.Release|x86.ActiveCfg = Release|Any CPU
		{FC492BEA-8E2E-4EB8-996D-C96CCBF4D046}.Release|x86.Build.0 = Release|Any CPU
		{863EFBB1-AF88-44E1-AD2C-63CE32511746}.Debug|Any CPU.ActiveCfg = Debug|Any CPU
		{863EFBB1-AF88-44E1-AD2C-63CE32511746}.Debug|Any CPU.Build.0 = Debug|Any CPU
		{863EFBB1-AF88-44E1-AD2C-63CE32511746}.Debug|x64.ActiveCfg = Debug|Any CPU
		{863EFBB1-AF88-44E1-AD2C-63CE32511746}.Debug|x64.Build.0 = Debug|Any CPU
		{863EFBB1-AF88-44E1-AD2C-63CE32511746}.Debug|x86.ActiveCfg = Debug|Any CPU
		{863EFBB1-AF88-44E1-AD2C-63CE32511746}.Debug|x86.Build.0 = Debug|Any CPU
		{863EFBB1-AF88-44E1-AD2C-63CE32511746}.Release|Any CPU.ActiveCfg = Release|Any CPU
		{863EFBB1-AF88-44E1-AD2C-63CE32511746}.Release|Any CPU.Build.0 = Release|Any CPU
		{863EFBB1-AF88-44E1-AD2C-63CE32511746}.Release|x64.ActiveCfg = Release|Any CPU
		{863EFBB1-AF88-44E1-AD2C-63CE32511746}.Release|x64.Build.0 = Release|Any CPU
		{863EFBB1-AF88-44E1-AD2C-63CE32511746}.Release|x86.ActiveCfg = Release|Any CPU
		{863EFBB1-AF88-44E1-AD2C-63CE32511746}.Release|x86.Build.0 = Release|Any CPU
		{8D4FA70A-2174-42DF-92B5-1E2594681775}.Debug|Any CPU.ActiveCfg = Debug|Any CPU
		{8D4FA70A-2174-42DF-92B5-1E2594681775}.Debug|Any CPU.Build.0 = Debug|Any CPU
		{8D4FA70A-2174-42DF-92B5-1E2594681775}.Debug|x64.ActiveCfg = Debug|Any CPU
		{8D4FA70A-2174-42DF-92B5-1E2594681775}.Debug|x64.Build.0 = Debug|Any CPU
		{8D4FA70A-2174-42DF-92B5-1E2594681775}.Debug|x86.ActiveCfg = Debug|Any CPU
		{8D4FA70A-2174-42DF-92B5-1E2594681775}.Debug|x86.Build.0 = Debug|Any CPU
		{8D4FA70A-2174-42DF-92B5-1E2594681775}.Release|Any CPU.ActiveCfg = Release|Any CPU
		{8D4FA70A-2174-42DF-92B5-1E2594681775}.Release|Any CPU.Build.0 = Release|Any CPU
		{8D4FA70A-2174-42DF-92B5-1E2594681775}.Release|x64.ActiveCfg = Release|Any CPU
		{8D4FA70A-2174-42DF-92B5-1E2594681775}.Release|x64.Build.0 = Release|Any CPU
		{8D4FA70A-2174-42DF-92B5-1E2594681775}.Release|x86.ActiveCfg = Release|Any CPU
		{8D4FA70A-2174-42DF-92B5-1E2594681775}.Release|x86.Build.0 = Release|Any CPU
		{960D1604-F07B-4E05-BEB5-F120A0395CFA}.Debug|Any CPU.ActiveCfg = Debug|Any CPU
		{960D1604-F07B-4E05-BEB5-F120A0395CFA}.Debug|Any CPU.Build.0 = Debug|Any CPU
		{960D1604-F07B-4E05-BEB5-F120A0395CFA}.Debug|x64.ActiveCfg = Debug|Any CPU
		{960D1604-F07B-4E05-BEB5-F120A0395CFA}.Debug|x64.Build.0 = Debug|Any CPU
		{960D1604-F07B-4E05-BEB5-F120A0395CFA}.Debug|x86.ActiveCfg = Debug|Any CPU
		{960D1604-F07B-4E05-BEB5-F120A0395CFA}.Debug|x86.Build.0 = Debug|Any CPU
		{960D1604-F07B-4E05-BEB5-F120A0395CFA}.Release|Any CPU.ActiveCfg = Release|Any CPU
		{960D1604-F07B-4E05-BEB5-F120A0395CFA}.Release|Any CPU.Build.0 = Release|Any CPU
		{960D1604-F07B-4E05-BEB5-F120A0395CFA}.Release|x64.ActiveCfg = Release|Any CPU
		{960D1604-F07B-4E05-BEB5-F120A0395CFA}.Release|x64.Build.0 = Release|Any CPU
		{960D1604-F07B-4E05-BEB5-F120A0395CFA}.Release|x86.ActiveCfg = Release|Any CPU
		{960D1604-F07B-4E05-BEB5-F120A0395CFA}.Release|x86.Build.0 = Release|Any CPU
		{400B2C28-A68E-4386-84A1-797D7EC43832}.Debug|Any CPU.ActiveCfg = Debug|Any CPU
		{400B2C28-A68E-4386-84A1-797D7EC43832}.Debug|Any CPU.Build.0 = Debug|Any CPU
		{400B2C28-A68E-4386-84A1-797D7EC43832}.Debug|x64.ActiveCfg = Debug|Any CPU
		{400B2C28-A68E-4386-84A1-797D7EC43832}.Debug|x64.Build.0 = Debug|Any CPU
		{400B2C28-A68E-4386-84A1-797D7EC43832}.Debug|x86.ActiveCfg = Debug|Any CPU
		{400B2C28-A68E-4386-84A1-797D7EC43832}.Debug|x86.Build.0 = Debug|Any CPU
		{400B2C28-A68E-4386-84A1-797D7EC43832}.Release|Any CPU.ActiveCfg = Release|Any CPU
		{400B2C28-A68E-4386-84A1-797D7EC43832}.Release|Any CPU.Build.0 = Release|Any CPU
		{400B2C28-A68E-4386-84A1-797D7EC43832}.Release|x64.ActiveCfg = Release|Any CPU
		{400B2C28-A68E-4386-84A1-797D7EC43832}.Release|x64.Build.0 = Release|Any CPU
		{400B2C28-A68E-4386-84A1-797D7EC43832}.Release|x86.ActiveCfg = Release|Any CPU
		{400B2C28-A68E-4386-84A1-797D7EC43832}.Release|x86.Build.0 = Release|Any CPU
		{9E316FD4-5066-499E-BC66-2A5CD21A4D34}.Debug|Any CPU.ActiveCfg = Debug|Any CPU
		{9E316FD4-5066-499E-BC66-2A5CD21A4D34}.Debug|Any CPU.Build.0 = Debug|Any CPU
		{9E316FD4-5066-499E-BC66-2A5CD21A4D34}.Debug|x64.ActiveCfg = Debug|Any CPU
		{9E316FD4-5066-499E-BC66-2A5CD21A4D34}.Debug|x64.Build.0 = Debug|Any CPU
		{9E316FD4-5066-499E-BC66-2A5CD21A4D34}.Debug|x86.ActiveCfg = Debug|Any CPU
		{9E316FD4-5066-499E-BC66-2A5CD21A4D34}.Debug|x86.Build.0 = Debug|Any CPU
		{9E316FD4-5066-499E-BC66-2A5CD21A4D34}.Release|Any CPU.ActiveCfg = Release|Any CPU
		{9E316FD4-5066-499E-BC66-2A5CD21A4D34}.Release|Any CPU.Build.0 = Release|Any CPU
		{9E316FD4-5066-499E-BC66-2A5CD21A4D34}.Release|x64.ActiveCfg = Release|Any CPU
		{9E316FD4-5066-499E-BC66-2A5CD21A4D34}.Release|x64.Build.0 = Release|Any CPU
		{9E316FD4-5066-499E-BC66-2A5CD21A4D34}.Release|x86.ActiveCfg = Release|Any CPU
		{9E316FD4-5066-499E-BC66-2A5CD21A4D34}.Release|x86.Build.0 = Release|Any CPU
		{930F99B5-F406-434B-884A-49B2586BC625}.Debug|Any CPU.ActiveCfg = Debug|Any CPU
		{930F99B5-F406-434B-884A-49B2586BC625}.Debug|Any CPU.Build.0 = Debug|Any CPU
		{930F99B5-F406-434B-884A-49B2586BC625}.Debug|x64.ActiveCfg = Debug|Any CPU
		{930F99B5-F406-434B-884A-49B2586BC625}.Debug|x64.Build.0 = Debug|Any CPU
		{930F99B5-F406-434B-884A-49B2586BC625}.Debug|x86.ActiveCfg = Debug|Any CPU
		{930F99B5-F406-434B-884A-49B2586BC625}.Debug|x86.Build.0 = Debug|Any CPU
		{930F99B5-F406-434B-884A-49B2586BC625}.Release|Any CPU.ActiveCfg = Release|Any CPU
		{930F99B5-F406-434B-884A-49B2586BC625}.Release|Any CPU.Build.0 = Release|Any CPU
		{930F99B5-F406-434B-884A-49B2586BC625}.Release|x64.ActiveCfg = Release|Any CPU
		{930F99B5-F406-434B-884A-49B2586BC625}.Release|x64.Build.0 = Release|Any CPU
		{930F99B5-F406-434B-884A-49B2586BC625}.Release|x86.ActiveCfg = Release|Any CPU
		{930F99B5-F406-434B-884A-49B2586BC625}.Release|x86.Build.0 = Release|Any CPU
		{407FCBD8-5B9C-4824-A470-3CDDA35E321B}.Debug|Any CPU.ActiveCfg = Debug|Any CPU
		{407FCBD8-5B9C-4824-A470-3CDDA35E321B}.Debug|Any CPU.Build.0 = Debug|Any CPU
		{407FCBD8-5B9C-4824-A470-3CDDA35E321B}.Debug|x64.ActiveCfg = Debug|Any CPU
		{407FCBD8-5B9C-4824-A470-3CDDA35E321B}.Debug|x64.Build.0 = Debug|Any CPU
		{407FCBD8-5B9C-4824-A470-3CDDA35E321B}.Debug|x86.ActiveCfg = Debug|Any CPU
		{407FCBD8-5B9C-4824-A470-3CDDA35E321B}.Debug|x86.Build.0 = Debug|Any CPU
		{407FCBD8-5B9C-4824-A470-3CDDA35E321B}.Release|Any CPU.ActiveCfg = Release|Any CPU
		{407FCBD8-5B9C-4824-A470-3CDDA35E321B}.Release|Any CPU.Build.0 = Release|Any CPU
		{407FCBD8-5B9C-4824-A470-3CDDA35E321B}.Release|x64.ActiveCfg = Release|Any CPU
		{407FCBD8-5B9C-4824-A470-3CDDA35E321B}.Release|x64.Build.0 = Release|Any CPU
		{407FCBD8-5B9C-4824-A470-3CDDA35E321B}.Release|x86.ActiveCfg = Release|Any CPU
		{407FCBD8-5B9C-4824-A470-3CDDA35E321B}.Release|x86.Build.0 = Release|Any CPU
		{DE6DBBD3-3E3A-4A1A-ADD2-8C43F82F4054}.Debug|Any CPU.ActiveCfg = Debug|Any CPU
		{DE6DBBD3-3E3A-4A1A-ADD2-8C43F82F4054}.Debug|Any CPU.Build.0 = Debug|Any CPU
		{DE6DBBD3-3E3A-4A1A-ADD2-8C43F82F4054}.Debug|x64.ActiveCfg = Debug|Any CPU
		{DE6DBBD3-3E3A-4A1A-ADD2-8C43F82F4054}.Debug|x64.Build.0 = Debug|Any CPU
		{DE6DBBD3-3E3A-4A1A-ADD2-8C43F82F4054}.Debug|x86.ActiveCfg = Debug|Any CPU
		{DE6DBBD3-3E3A-4A1A-ADD2-8C43F82F4054}.Debug|x86.Build.0 = Debug|Any CPU
		{DE6DBBD3-3E3A-4A1A-ADD2-8C43F82F4054}.Release|Any CPU.ActiveCfg = Release|Any CPU
		{DE6DBBD3-3E3A-4A1A-ADD2-8C43F82F4054}.Release|Any CPU.Build.0 = Release|Any CPU
		{DE6DBBD3-3E3A-4A1A-ADD2-8C43F82F4054}.Release|x64.ActiveCfg = Release|Any CPU
		{DE6DBBD3-3E3A-4A1A-ADD2-8C43F82F4054}.Release|x64.Build.0 = Release|Any CPU
		{DE6DBBD3-3E3A-4A1A-ADD2-8C43F82F4054}.Release|x86.ActiveCfg = Release|Any CPU
		{DE6DBBD3-3E3A-4A1A-ADD2-8C43F82F4054}.Release|x86.Build.0 = Release|Any CPU
		{71DC0873-6E29-4B9A-986B-781F3E15283C}.Debug|Any CPU.ActiveCfg = Debug|Any CPU
		{71DC0873-6E29-4B9A-986B-781F3E15283C}.Debug|Any CPU.Build.0 = Debug|Any CPU
		{71DC0873-6E29-4B9A-986B-781F3E15283C}.Debug|x64.ActiveCfg = Debug|Any CPU
		{71DC0873-6E29-4B9A-986B-781F3E15283C}.Debug|x64.Build.0 = Debug|Any CPU
		{71DC0873-6E29-4B9A-986B-781F3E15283C}.Debug|x86.ActiveCfg = Debug|Any CPU
		{71DC0873-6E29-4B9A-986B-781F3E15283C}.Debug|x86.Build.0 = Debug|Any CPU
		{71DC0873-6E29-4B9A-986B-781F3E15283C}.Release|Any CPU.ActiveCfg = Release|Any CPU
		{71DC0873-6E29-4B9A-986B-781F3E15283C}.Release|Any CPU.Build.0 = Release|Any CPU
		{71DC0873-6E29-4B9A-986B-781F3E15283C}.Release|x64.ActiveCfg = Release|Any CPU
		{71DC0873-6E29-4B9A-986B-781F3E15283C}.Release|x64.Build.0 = Release|Any CPU
		{71DC0873-6E29-4B9A-986B-781F3E15283C}.Release|x86.ActiveCfg = Release|Any CPU
		{71DC0873-6E29-4B9A-986B-781F3E15283C}.Release|x86.Build.0 = Release|Any CPU
		{FAC33D23-3005-402A-8847-DF68F567AE10}.Debug|Any CPU.ActiveCfg = Debug|Any CPU
		{FAC33D23-3005-402A-8847-DF68F567AE10}.Debug|Any CPU.Build.0 = Debug|Any CPU
		{FAC33D23-3005-402A-8847-DF68F567AE10}.Debug|x64.ActiveCfg = Debug|Any CPU
		{FAC33D23-3005-402A-8847-DF68F567AE10}.Debug|x64.Build.0 = Debug|Any CPU
		{FAC33D23-3005-402A-8847-DF68F567AE10}.Debug|x86.ActiveCfg = Debug|Any CPU
		{FAC33D23-3005-402A-8847-DF68F567AE10}.Debug|x86.Build.0 = Debug|Any CPU
		{FAC33D23-3005-402A-8847-DF68F567AE10}.Release|Any CPU.ActiveCfg = Release|Any CPU
		{FAC33D23-3005-402A-8847-DF68F567AE10}.Release|Any CPU.Build.0 = Release|Any CPU
		{FAC33D23-3005-402A-8847-DF68F567AE10}.Release|x64.ActiveCfg = Release|Any CPU
		{FAC33D23-3005-402A-8847-DF68F567AE10}.Release|x64.Build.0 = Release|Any CPU
		{FAC33D23-3005-402A-8847-DF68F567AE10}.Release|x86.ActiveCfg = Release|Any CPU
		{FAC33D23-3005-402A-8847-DF68F567AE10}.Release|x86.Build.0 = Release|Any CPU
		{E838C95D-E046-4DB9-A1EE-6CC3ACF05395}.Debug|Any CPU.ActiveCfg = Debug|Any CPU
		{E838C95D-E046-4DB9-A1EE-6CC3ACF05395}.Debug|Any CPU.Build.0 = Debug|Any CPU
		{E838C95D-E046-4DB9-A1EE-6CC3ACF05395}.Debug|x64.ActiveCfg = Debug|Any CPU
		{E838C95D-E046-4DB9-A1EE-6CC3ACF05395}.Debug|x64.Build.0 = Debug|Any CPU
		{E838C95D-E046-4DB9-A1EE-6CC3ACF05395}.Debug|x86.ActiveCfg = Debug|Any CPU
		{E838C95D-E046-4DB9-A1EE-6CC3ACF05395}.Debug|x86.Build.0 = Debug|Any CPU
		{E838C95D-E046-4DB9-A1EE-6CC3ACF05395}.Release|Any CPU.ActiveCfg = Release|Any CPU
		{E838C95D-E046-4DB9-A1EE-6CC3ACF05395}.Release|Any CPU.Build.0 = Release|Any CPU
		{E838C95D-E046-4DB9-A1EE-6CC3ACF05395}.Release|x64.ActiveCfg = Release|Any CPU
		{E838C95D-E046-4DB9-A1EE-6CC3ACF05395}.Release|x64.Build.0 = Release|Any CPU
		{E838C95D-E046-4DB9-A1EE-6CC3ACF05395}.Release|x86.ActiveCfg = Release|Any CPU
		{E838C95D-E046-4DB9-A1EE-6CC3ACF05395}.Release|x86.Build.0 = Release|Any CPU
		{A467BC93-E8C6-4809-9F14-FC88E4188358}.Debug|Any CPU.ActiveCfg = Debug|Any CPU
		{A467BC93-E8C6-4809-9F14-FC88E4188358}.Debug|Any CPU.Build.0 = Debug|Any CPU
		{A467BC93-E8C6-4809-9F14-FC88E4188358}.Debug|x64.ActiveCfg = Debug|Any CPU
		{A467BC93-E8C6-4809-9F14-FC88E4188358}.Debug|x64.Build.0 = Debug|Any CPU
		{A467BC93-E8C6-4809-9F14-FC88E4188358}.Debug|x86.ActiveCfg = Debug|Any CPU
		{A467BC93-E8C6-4809-9F14-FC88E4188358}.Debug|x86.Build.0 = Debug|Any CPU
		{A467BC93-E8C6-4809-9F14-FC88E4188358}.Release|Any CPU.ActiveCfg = Release|Any CPU
		{A467BC93-E8C6-4809-9F14-FC88E4188358}.Release|Any CPU.Build.0 = Release|Any CPU
		{A467BC93-E8C6-4809-9F14-FC88E4188358}.Release|x64.ActiveCfg = Release|Any CPU
		{A467BC93-E8C6-4809-9F14-FC88E4188358}.Release|x64.Build.0 = Release|Any CPU
		{A467BC93-E8C6-4809-9F14-FC88E4188358}.Release|x86.ActiveCfg = Release|Any CPU
		{A467BC93-E8C6-4809-9F14-FC88E4188358}.Release|x86.Build.0 = Release|Any CPU
		{B5BDC879-63ED-4B77-A752-768068890CC9}.Debug|Any CPU.ActiveCfg = Debug|Any CPU
		{B5BDC879-63ED-4B77-A752-768068890CC9}.Debug|Any CPU.Build.0 = Debug|Any CPU
		{B5BDC879-63ED-4B77-A752-768068890CC9}.Debug|x64.ActiveCfg = Debug|Any CPU
		{B5BDC879-63ED-4B77-A752-768068890CC9}.Debug|x64.Build.0 = Debug|Any CPU
		{B5BDC879-63ED-4B77-A752-768068890CC9}.Debug|x86.ActiveCfg = Debug|Any CPU
		{B5BDC879-63ED-4B77-A752-768068890CC9}.Debug|x86.Build.0 = Debug|Any CPU
		{B5BDC879-63ED-4B77-A752-768068890CC9}.Release|Any CPU.ActiveCfg = Release|Any CPU
		{B5BDC879-63ED-4B77-A752-768068890CC9}.Release|Any CPU.Build.0 = Release|Any CPU
		{B5BDC879-63ED-4B77-A752-768068890CC9}.Release|x64.ActiveCfg = Release|Any CPU
		{B5BDC879-63ED-4B77-A752-768068890CC9}.Release|x64.Build.0 = Release|Any CPU
		{B5BDC879-63ED-4B77-A752-768068890CC9}.Release|x86.ActiveCfg = Release|Any CPU
		{B5BDC879-63ED-4B77-A752-768068890CC9}.Release|x86.Build.0 = Release|Any CPU
		{379106C5-CE6F-40B9-AEE9-74FAB7C3B45B}.Debug|Any CPU.ActiveCfg = Debug|Any CPU
		{379106C5-CE6F-40B9-AEE9-74FAB7C3B45B}.Debug|Any CPU.Build.0 = Debug|Any CPU
		{379106C5-CE6F-40B9-AEE9-74FAB7C3B45B}.Debug|x64.ActiveCfg = Debug|Any CPU
		{379106C5-CE6F-40B9-AEE9-74FAB7C3B45B}.Debug|x64.Build.0 = Debug|Any CPU
		{379106C5-CE6F-40B9-AEE9-74FAB7C3B45B}.Debug|x86.ActiveCfg = Debug|Any CPU
		{379106C5-CE6F-40B9-AEE9-74FAB7C3B45B}.Debug|x86.Build.0 = Debug|Any CPU
		{379106C5-CE6F-40B9-AEE9-74FAB7C3B45B}.Release|Any CPU.ActiveCfg = Release|Any CPU
		{379106C5-CE6F-40B9-AEE9-74FAB7C3B45B}.Release|Any CPU.Build.0 = Release|Any CPU
		{379106C5-CE6F-40B9-AEE9-74FAB7C3B45B}.Release|x64.ActiveCfg = Release|Any CPU
		{379106C5-CE6F-40B9-AEE9-74FAB7C3B45B}.Release|x64.Build.0 = Release|Any CPU
		{379106C5-CE6F-40B9-AEE9-74FAB7C3B45B}.Release|x86.ActiveCfg = Release|Any CPU
		{379106C5-CE6F-40B9-AEE9-74FAB7C3B45B}.Release|x86.Build.0 = Release|Any CPU
		{F61D9A47-6794-4F2C-8B35-511FCF123E05}.Debug|Any CPU.ActiveCfg = Debug|Any CPU
		{F61D9A47-6794-4F2C-8B35-511FCF123E05}.Debug|Any CPU.Build.0 = Debug|Any CPU
		{F61D9A47-6794-4F2C-8B35-511FCF123E05}.Debug|x64.ActiveCfg = Debug|Any CPU
		{F61D9A47-6794-4F2C-8B35-511FCF123E05}.Debug|x64.Build.0 = Debug|Any CPU
		{F61D9A47-6794-4F2C-8B35-511FCF123E05}.Debug|x86.ActiveCfg = Debug|Any CPU
		{F61D9A47-6794-4F2C-8B35-511FCF123E05}.Debug|x86.Build.0 = Debug|Any CPU
		{F61D9A47-6794-4F2C-8B35-511FCF123E05}.Release|Any CPU.ActiveCfg = Release|Any CPU
		{F61D9A47-6794-4F2C-8B35-511FCF123E05}.Release|Any CPU.Build.0 = Release|Any CPU
		{F61D9A47-6794-4F2C-8B35-511FCF123E05}.Release|x64.ActiveCfg = Release|Any CPU
		{F61D9A47-6794-4F2C-8B35-511FCF123E05}.Release|x64.Build.0 = Release|Any CPU
		{F61D9A47-6794-4F2C-8B35-511FCF123E05}.Release|x86.ActiveCfg = Release|Any CPU
		{F61D9A47-6794-4F2C-8B35-511FCF123E05}.Release|x86.Build.0 = Release|Any CPU
		{4D0057AB-2DF4-4596-9F6F-D6CFBB0133D2}.Debug|Any CPU.ActiveCfg = Debug|Any CPU
		{4D0057AB-2DF4-4596-9F6F-D6CFBB0133D2}.Debug|Any CPU.Build.0 = Debug|Any CPU
		{4D0057AB-2DF4-4596-9F6F-D6CFBB0133D2}.Debug|x64.ActiveCfg = Debug|Any CPU
		{4D0057AB-2DF4-4596-9F6F-D6CFBB0133D2}.Debug|x64.Build.0 = Debug|Any CPU
		{4D0057AB-2DF4-4596-9F6F-D6CFBB0133D2}.Debug|x86.ActiveCfg = Debug|Any CPU
		{4D0057AB-2DF4-4596-9F6F-D6CFBB0133D2}.Debug|x86.Build.0 = Debug|Any CPU
		{4D0057AB-2DF4-4596-9F6F-D6CFBB0133D2}.Release|Any CPU.ActiveCfg = Release|Any CPU
		{4D0057AB-2DF4-4596-9F6F-D6CFBB0133D2}.Release|Any CPU.Build.0 = Release|Any CPU
		{4D0057AB-2DF4-4596-9F6F-D6CFBB0133D2}.Release|x64.ActiveCfg = Release|Any CPU
		{4D0057AB-2DF4-4596-9F6F-D6CFBB0133D2}.Release|x64.Build.0 = Release|Any CPU
		{4D0057AB-2DF4-4596-9F6F-D6CFBB0133D2}.Release|x86.ActiveCfg = Release|Any CPU
		{4D0057AB-2DF4-4596-9F6F-D6CFBB0133D2}.Release|x86.Build.0 = Release|Any CPU
		{2D83A388-7312-4834-926F-639BF0A09D02}.Debug|Any CPU.ActiveCfg = Debug|Any CPU
		{2D83A388-7312-4834-926F-639BF0A09D02}.Debug|Any CPU.Build.0 = Debug|Any CPU
		{2D83A388-7312-4834-926F-639BF0A09D02}.Debug|x64.ActiveCfg = Debug|Any CPU
		{2D83A388-7312-4834-926F-639BF0A09D02}.Debug|x64.Build.0 = Debug|Any CPU
		{2D83A388-7312-4834-926F-639BF0A09D02}.Debug|x86.ActiveCfg = Debug|Any CPU
		{2D83A388-7312-4834-926F-639BF0A09D02}.Debug|x86.Build.0 = Debug|Any CPU
		{2D83A388-7312-4834-926F-639BF0A09D02}.Release|Any CPU.ActiveCfg = Release|Any CPU
		{2D83A388-7312-4834-926F-639BF0A09D02}.Release|Any CPU.Build.0 = Release|Any CPU
		{2D83A388-7312-4834-926F-639BF0A09D02}.Release|x64.ActiveCfg = Release|Any CPU
		{2D83A388-7312-4834-926F-639BF0A09D02}.Release|x64.Build.0 = Release|Any CPU
		{2D83A388-7312-4834-926F-639BF0A09D02}.Release|x86.ActiveCfg = Release|Any CPU
		{2D83A388-7312-4834-926F-639BF0A09D02}.Release|x86.Build.0 = Release|Any CPU
		{2F620214-521E-42DE-B7C2-F6538BF86D10}.Debug|Any CPU.ActiveCfg = Debug|Any CPU
		{2F620214-521E-42DE-B7C2-F6538BF86D10}.Debug|Any CPU.Build.0 = Debug|Any CPU
		{2F620214-521E-42DE-B7C2-F6538BF86D10}.Debug|x64.ActiveCfg = Debug|Any CPU
		{2F620214-521E-42DE-B7C2-F6538BF86D10}.Debug|x64.Build.0 = Debug|Any CPU
		{2F620214-521E-42DE-B7C2-F6538BF86D10}.Debug|x86.ActiveCfg = Debug|Any CPU
		{2F620214-521E-42DE-B7C2-F6538BF86D10}.Debug|x86.Build.0 = Debug|Any CPU
		{2F620214-521E-42DE-B7C2-F6538BF86D10}.Release|Any CPU.ActiveCfg = Release|Any CPU
		{2F620214-521E-42DE-B7C2-F6538BF86D10}.Release|Any CPU.Build.0 = Release|Any CPU
		{2F620214-521E-42DE-B7C2-F6538BF86D10}.Release|x64.ActiveCfg = Release|Any CPU
		{2F620214-521E-42DE-B7C2-F6538BF86D10}.Release|x64.Build.0 = Release|Any CPU
		{2F620214-521E-42DE-B7C2-F6538BF86D10}.Release|x86.ActiveCfg = Release|Any CPU
		{2F620214-521E-42DE-B7C2-F6538BF86D10}.Release|x86.Build.0 = Release|Any CPU
		{A0202ED9-B97D-489D-80DA-4039B19C4FB8}.Debug|Any CPU.ActiveCfg = Debug|Any CPU
		{A0202ED9-B97D-489D-80DA-4039B19C4FB8}.Debug|Any CPU.Build.0 = Debug|Any CPU
		{A0202ED9-B97D-489D-80DA-4039B19C4FB8}.Debug|x64.ActiveCfg = Debug|Any CPU
		{A0202ED9-B97D-489D-80DA-4039B19C4FB8}.Debug|x64.Build.0 = Debug|Any CPU
		{A0202ED9-B97D-489D-80DA-4039B19C4FB8}.Debug|x86.ActiveCfg = Debug|Any CPU
		{A0202ED9-B97D-489D-80DA-4039B19C4FB8}.Debug|x86.Build.0 = Debug|Any CPU
		{A0202ED9-B97D-489D-80DA-4039B19C4FB8}.Release|Any CPU.ActiveCfg = Release|Any CPU
		{A0202ED9-B97D-489D-80DA-4039B19C4FB8}.Release|Any CPU.Build.0 = Release|Any CPU
		{A0202ED9-B97D-489D-80DA-4039B19C4FB8}.Release|x64.ActiveCfg = Release|Any CPU
		{A0202ED9-B97D-489D-80DA-4039B19C4FB8}.Release|x64.Build.0 = Release|Any CPU
		{A0202ED9-B97D-489D-80DA-4039B19C4FB8}.Release|x86.ActiveCfg = Release|Any CPU
		{A0202ED9-B97D-489D-80DA-4039B19C4FB8}.Release|x86.Build.0 = Release|Any CPU
		{E4C7AC8F-5685-4899-A155-D53169444DBD}.Debug|Any CPU.ActiveCfg = Debug|Any CPU
		{E4C7AC8F-5685-4899-A155-D53169444DBD}.Debug|Any CPU.Build.0 = Debug|Any CPU
		{E4C7AC8F-5685-4899-A155-D53169444DBD}.Debug|x64.ActiveCfg = Debug|Any CPU
		{E4C7AC8F-5685-4899-A155-D53169444DBD}.Debug|x64.Build.0 = Debug|Any CPU
		{E4C7AC8F-5685-4899-A155-D53169444DBD}.Debug|x86.ActiveCfg = Debug|Any CPU
		{E4C7AC8F-5685-4899-A155-D53169444DBD}.Debug|x86.Build.0 = Debug|Any CPU
		{E4C7AC8F-5685-4899-A155-D53169444DBD}.Release|Any CPU.ActiveCfg = Release|Any CPU
		{E4C7AC8F-5685-4899-A155-D53169444DBD}.Release|Any CPU.Build.0 = Release|Any CPU
		{E4C7AC8F-5685-4899-A155-D53169444DBD}.Release|x64.ActiveCfg = Release|Any CPU
		{E4C7AC8F-5685-4899-A155-D53169444DBD}.Release|x64.Build.0 = Release|Any CPU
		{E4C7AC8F-5685-4899-A155-D53169444DBD}.Release|x86.ActiveCfg = Release|Any CPU
		{E4C7AC8F-5685-4899-A155-D53169444DBD}.Release|x86.Build.0 = Release|Any CPU
		{AEB31A67-3CE2-4905-87B6-C3CE8EB94B95}.Debug|Any CPU.ActiveCfg = Debug|Any CPU
		{AEB31A67-3CE2-4905-87B6-C3CE8EB94B95}.Debug|Any CPU.Build.0 = Debug|Any CPU
		{AEB31A67-3CE2-4905-87B6-C3CE8EB94B95}.Debug|x64.ActiveCfg = Debug|Any CPU
		{AEB31A67-3CE2-4905-87B6-C3CE8EB94B95}.Debug|x64.Build.0 = Debug|Any CPU
		{AEB31A67-3CE2-4905-87B6-C3CE8EB94B95}.Debug|x86.ActiveCfg = Debug|Any CPU
		{AEB31A67-3CE2-4905-87B6-C3CE8EB94B95}.Debug|x86.Build.0 = Debug|Any CPU
		{AEB31A67-3CE2-4905-87B6-C3CE8EB94B95}.Release|Any CPU.ActiveCfg = Release|Any CPU
		{AEB31A67-3CE2-4905-87B6-C3CE8EB94B95}.Release|Any CPU.Build.0 = Release|Any CPU
		{AEB31A67-3CE2-4905-87B6-C3CE8EB94B95}.Release|x64.ActiveCfg = Release|Any CPU
		{AEB31A67-3CE2-4905-87B6-C3CE8EB94B95}.Release|x64.Build.0 = Release|Any CPU
		{AEB31A67-3CE2-4905-87B6-C3CE8EB94B95}.Release|x86.ActiveCfg = Release|Any CPU
		{AEB31A67-3CE2-4905-87B6-C3CE8EB94B95}.Release|x86.Build.0 = Release|Any CPU
		{81A9D00B-2884-4DA4-8F1B-F33CCBB2A4DE}.Debug|Any CPU.ActiveCfg = Debug|Any CPU
		{81A9D00B-2884-4DA4-8F1B-F33CCBB2A4DE}.Debug|Any CPU.Build.0 = Debug|Any CPU
		{81A9D00B-2884-4DA4-8F1B-F33CCBB2A4DE}.Debug|x64.ActiveCfg = Debug|Any CPU
		{81A9D00B-2884-4DA4-8F1B-F33CCBB2A4DE}.Debug|x64.Build.0 = Debug|Any CPU
		{81A9D00B-2884-4DA4-8F1B-F33CCBB2A4DE}.Debug|x86.ActiveCfg = Debug|Any CPU
		{81A9D00B-2884-4DA4-8F1B-F33CCBB2A4DE}.Debug|x86.Build.0 = Debug|Any CPU
		{81A9D00B-2884-4DA4-8F1B-F33CCBB2A4DE}.Release|Any CPU.ActiveCfg = Release|Any CPU
		{81A9D00B-2884-4DA4-8F1B-F33CCBB2A4DE}.Release|Any CPU.Build.0 = Release|Any CPU
		{81A9D00B-2884-4DA4-8F1B-F33CCBB2A4DE}.Release|x64.ActiveCfg = Release|Any CPU
		{81A9D00B-2884-4DA4-8F1B-F33CCBB2A4DE}.Release|x64.Build.0 = Release|Any CPU
		{81A9D00B-2884-4DA4-8F1B-F33CCBB2A4DE}.Release|x86.ActiveCfg = Release|Any CPU
		{81A9D00B-2884-4DA4-8F1B-F33CCBB2A4DE}.Release|x86.Build.0 = Release|Any CPU
		{C388A99E-D9C3-401D-B135-BB4A8BD4FBB4}.Debug|Any CPU.ActiveCfg = Debug|Any CPU
		{C388A99E-D9C3-401D-B135-BB4A8BD4FBB4}.Debug|Any CPU.Build.0 = Debug|Any CPU
		{C388A99E-D9C3-401D-B135-BB4A8BD4FBB4}.Debug|x64.ActiveCfg = Debug|Any CPU
		{C388A99E-D9C3-401D-B135-BB4A8BD4FBB4}.Debug|x64.Build.0 = Debug|Any CPU
		{C388A99E-D9C3-401D-B135-BB4A8BD4FBB4}.Debug|x86.ActiveCfg = Debug|Any CPU
		{C388A99E-D9C3-401D-B135-BB4A8BD4FBB4}.Debug|x86.Build.0 = Debug|Any CPU
		{C388A99E-D9C3-401D-B135-BB4A8BD4FBB4}.Release|Any CPU.ActiveCfg = Release|Any CPU
		{C388A99E-D9C3-401D-B135-BB4A8BD4FBB4}.Release|Any CPU.Build.0 = Release|Any CPU
		{C388A99E-D9C3-401D-B135-BB4A8BD4FBB4}.Release|x64.ActiveCfg = Release|Any CPU
		{C388A99E-D9C3-401D-B135-BB4A8BD4FBB4}.Release|x64.Build.0 = Release|Any CPU
		{C388A99E-D9C3-401D-B135-BB4A8BD4FBB4}.Release|x86.ActiveCfg = Release|Any CPU
		{C388A99E-D9C3-401D-B135-BB4A8BD4FBB4}.Release|x86.Build.0 = Release|Any CPU
		{51EFD32E-9782-487C-87C3-58D4C91F10CD}.Debug|Any CPU.ActiveCfg = Debug|Any CPU
		{51EFD32E-9782-487C-87C3-58D4C91F10CD}.Debug|Any CPU.Build.0 = Debug|Any CPU
		{51EFD32E-9782-487C-87C3-58D4C91F10CD}.Debug|x64.ActiveCfg = Debug|Any CPU
		{51EFD32E-9782-487C-87C3-58D4C91F10CD}.Debug|x64.Build.0 = Debug|Any CPU
		{51EFD32E-9782-487C-87C3-58D4C91F10CD}.Debug|x86.ActiveCfg = Debug|Any CPU
		{51EFD32E-9782-487C-87C3-58D4C91F10CD}.Debug|x86.Build.0 = Debug|Any CPU
		{51EFD32E-9782-487C-87C3-58D4C91F10CD}.Release|Any CPU.ActiveCfg = Release|Any CPU
		{51EFD32E-9782-487C-87C3-58D4C91F10CD}.Release|Any CPU.Build.0 = Release|Any CPU
		{51EFD32E-9782-487C-87C3-58D4C91F10CD}.Release|x64.ActiveCfg = Release|Any CPU
		{51EFD32E-9782-487C-87C3-58D4C91F10CD}.Release|x64.Build.0 = Release|Any CPU
		{51EFD32E-9782-487C-87C3-58D4C91F10CD}.Release|x86.ActiveCfg = Release|Any CPU
		{51EFD32E-9782-487C-87C3-58D4C91F10CD}.Release|x86.Build.0 = Release|Any CPU
		{B4D43A17-B3D8-4418-B641-C6DE6515D85A}.Debug|Any CPU.ActiveCfg = Debug|Any CPU
		{B4D43A17-B3D8-4418-B641-C6DE6515D85A}.Debug|Any CPU.Build.0 = Debug|Any CPU
		{B4D43A17-B3D8-4418-B641-C6DE6515D85A}.Debug|x64.ActiveCfg = Debug|Any CPU
		{B4D43A17-B3D8-4418-B641-C6DE6515D85A}.Debug|x64.Build.0 = Debug|Any CPU
		{B4D43A17-B3D8-4418-B641-C6DE6515D85A}.Debug|x86.ActiveCfg = Debug|Any CPU
		{B4D43A17-B3D8-4418-B641-C6DE6515D85A}.Debug|x86.Build.0 = Debug|Any CPU
		{B4D43A17-B3D8-4418-B641-C6DE6515D85A}.Release|Any CPU.ActiveCfg = Release|Any CPU
		{B4D43A17-B3D8-4418-B641-C6DE6515D85A}.Release|Any CPU.Build.0 = Release|Any CPU
		{B4D43A17-B3D8-4418-B641-C6DE6515D85A}.Release|x64.ActiveCfg = Release|Any CPU
		{B4D43A17-B3D8-4418-B641-C6DE6515D85A}.Release|x64.Build.0 = Release|Any CPU
		{B4D43A17-B3D8-4418-B641-C6DE6515D85A}.Release|x86.ActiveCfg = Release|Any CPU
		{B4D43A17-B3D8-4418-B641-C6DE6515D85A}.Release|x86.Build.0 = Release|Any CPU
		{7AC70FC3-654D-40E8-8171-3BE03A960AAF}.Debug|Any CPU.ActiveCfg = Debug|Any CPU
		{7AC70FC3-654D-40E8-8171-3BE03A960AAF}.Debug|Any CPU.Build.0 = Debug|Any CPU
		{7AC70FC3-654D-40E8-8171-3BE03A960AAF}.Debug|x64.ActiveCfg = Debug|Any CPU
		{7AC70FC3-654D-40E8-8171-3BE03A960AAF}.Debug|x64.Build.0 = Debug|Any CPU
		{7AC70FC3-654D-40E8-8171-3BE03A960AAF}.Debug|x86.ActiveCfg = Debug|Any CPU
		{7AC70FC3-654D-40E8-8171-3BE03A960AAF}.Debug|x86.Build.0 = Debug|Any CPU
		{7AC70FC3-654D-40E8-8171-3BE03A960AAF}.Release|Any CPU.ActiveCfg = Release|Any CPU
		{7AC70FC3-654D-40E8-8171-3BE03A960AAF}.Release|Any CPU.Build.0 = Release|Any CPU
		{7AC70FC3-654D-40E8-8171-3BE03A960AAF}.Release|x64.ActiveCfg = Release|Any CPU
		{7AC70FC3-654D-40E8-8171-3BE03A960AAF}.Release|x64.Build.0 = Release|Any CPU
		{7AC70FC3-654D-40E8-8171-3BE03A960AAF}.Release|x86.ActiveCfg = Release|Any CPU
		{7AC70FC3-654D-40E8-8171-3BE03A960AAF}.Release|x86.Build.0 = Release|Any CPU
		{C4B94092-6FC8-4922-A6E8-049463E5FFE1}.Debug|Any CPU.ActiveCfg = Debug|Any CPU
		{C4B94092-6FC8-4922-A6E8-049463E5FFE1}.Debug|Any CPU.Build.0 = Debug|Any CPU
		{C4B94092-6FC8-4922-A6E8-049463E5FFE1}.Debug|x64.ActiveCfg = Debug|Any CPU
		{C4B94092-6FC8-4922-A6E8-049463E5FFE1}.Debug|x64.Build.0 = Debug|Any CPU
		{C4B94092-6FC8-4922-A6E8-049463E5FFE1}.Debug|x86.ActiveCfg = Debug|Any CPU
		{C4B94092-6FC8-4922-A6E8-049463E5FFE1}.Debug|x86.Build.0 = Debug|Any CPU
		{C4B94092-6FC8-4922-A6E8-049463E5FFE1}.Release|Any CPU.ActiveCfg = Release|Any CPU
		{C4B94092-6FC8-4922-A6E8-049463E5FFE1}.Release|Any CPU.Build.0 = Release|Any CPU
		{C4B94092-6FC8-4922-A6E8-049463E5FFE1}.Release|x64.ActiveCfg = Release|Any CPU
		{C4B94092-6FC8-4922-A6E8-049463E5FFE1}.Release|x64.Build.0 = Release|Any CPU
		{C4B94092-6FC8-4922-A6E8-049463E5FFE1}.Release|x86.ActiveCfg = Release|Any CPU
		{C4B94092-6FC8-4922-A6E8-049463E5FFE1}.Release|x86.Build.0 = Release|Any CPU
		{18EDB256-047C-436E-B901-C9ABFCC56CDE}.Debug|Any CPU.ActiveCfg = Debug|Any CPU
		{18EDB256-047C-436E-B901-C9ABFCC56CDE}.Debug|Any CPU.Build.0 = Debug|Any CPU
		{18EDB256-047C-436E-B901-C9ABFCC56CDE}.Debug|x64.ActiveCfg = Debug|Any CPU
		{18EDB256-047C-436E-B901-C9ABFCC56CDE}.Debug|x64.Build.0 = Debug|Any CPU
		{18EDB256-047C-436E-B901-C9ABFCC56CDE}.Debug|x86.ActiveCfg = Debug|Any CPU
		{18EDB256-047C-436E-B901-C9ABFCC56CDE}.Debug|x86.Build.0 = Debug|Any CPU
		{18EDB256-047C-436E-B901-C9ABFCC56CDE}.Release|Any CPU.ActiveCfg = Release|Any CPU
		{18EDB256-047C-436E-B901-C9ABFCC56CDE}.Release|Any CPU.Build.0 = Release|Any CPU
		{18EDB256-047C-436E-B901-C9ABFCC56CDE}.Release|x64.ActiveCfg = Release|Any CPU
		{18EDB256-047C-436E-B901-C9ABFCC56CDE}.Release|x64.Build.0 = Release|Any CPU
		{18EDB256-047C-436E-B901-C9ABFCC56CDE}.Release|x86.ActiveCfg = Release|Any CPU
		{18EDB256-047C-436E-B901-C9ABFCC56CDE}.Release|x86.Build.0 = Release|Any CPU
		{32A487CD-3C49-4D4E-95E9-809B95038C44}.Debug|Any CPU.ActiveCfg = Debug|Any CPU
		{32A487CD-3C49-4D4E-95E9-809B95038C44}.Debug|Any CPU.Build.0 = Debug|Any CPU
		{32A487CD-3C49-4D4E-95E9-809B95038C44}.Debug|x64.ActiveCfg = Debug|Any CPU
		{32A487CD-3C49-4D4E-95E9-809B95038C44}.Debug|x64.Build.0 = Debug|Any CPU
		{32A487CD-3C49-4D4E-95E9-809B95038C44}.Debug|x86.ActiveCfg = Debug|Any CPU
		{32A487CD-3C49-4D4E-95E9-809B95038C44}.Debug|x86.Build.0 = Debug|Any CPU
		{32A487CD-3C49-4D4E-95E9-809B95038C44}.Release|Any CPU.ActiveCfg = Release|Any CPU
		{32A487CD-3C49-4D4E-95E9-809B95038C44}.Release|Any CPU.Build.0 = Release|Any CPU
		{32A487CD-3C49-4D4E-95E9-809B95038C44}.Release|x64.ActiveCfg = Release|Any CPU
		{32A487CD-3C49-4D4E-95E9-809B95038C44}.Release|x64.Build.0 = Release|Any CPU
		{32A487CD-3C49-4D4E-95E9-809B95038C44}.Release|x86.ActiveCfg = Release|Any CPU
		{32A487CD-3C49-4D4E-95E9-809B95038C44}.Release|x86.Build.0 = Release|Any CPU
		{4EE02519-7CD6-452A-A3BA-C15081C172E8}.Debug|Any CPU.ActiveCfg = Debug|Any CPU
		{4EE02519-7CD6-452A-A3BA-C15081C172E8}.Debug|Any CPU.Build.0 = Debug|Any CPU
		{4EE02519-7CD6-452A-A3BA-C15081C172E8}.Debug|x64.ActiveCfg = Debug|Any CPU
		{4EE02519-7CD6-452A-A3BA-C15081C172E8}.Debug|x64.Build.0 = Debug|Any CPU
		{4EE02519-7CD6-452A-A3BA-C15081C172E8}.Debug|x86.ActiveCfg = Debug|Any CPU
		{4EE02519-7CD6-452A-A3BA-C15081C172E8}.Debug|x86.Build.0 = Debug|Any CPU
		{4EE02519-7CD6-452A-A3BA-C15081C172E8}.Release|Any CPU.ActiveCfg = Release|Any CPU
		{4EE02519-7CD6-452A-A3BA-C15081C172E8}.Release|Any CPU.Build.0 = Release|Any CPU
		{4EE02519-7CD6-452A-A3BA-C15081C172E8}.Release|x64.ActiveCfg = Release|Any CPU
		{4EE02519-7CD6-452A-A3BA-C15081C172E8}.Release|x64.Build.0 = Release|Any CPU
		{4EE02519-7CD6-452A-A3BA-C15081C172E8}.Release|x86.ActiveCfg = Release|Any CPU
		{4EE02519-7CD6-452A-A3BA-C15081C172E8}.Release|x86.Build.0 = Release|Any CPU
		{A75B0083-4BC2-4397-B6AA-F400F6E8F582}.Debug|Any CPU.ActiveCfg = Debug|Any CPU
		{A75B0083-4BC2-4397-B6AA-F400F6E8F582}.Debug|Any CPU.Build.0 = Debug|Any CPU
		{A75B0083-4BC2-4397-B6AA-F400F6E8F582}.Debug|x64.ActiveCfg = Debug|Any CPU
		{A75B0083-4BC2-4397-B6AA-F400F6E8F582}.Debug|x64.Build.0 = Debug|Any CPU
		{A75B0083-4BC2-4397-B6AA-F400F6E8F582}.Debug|x86.ActiveCfg = Debug|Any CPU
		{A75B0083-4BC2-4397-B6AA-F400F6E8F582}.Debug|x86.Build.0 = Debug|Any CPU
		{A75B0083-4BC2-4397-B6AA-F400F6E8F582}.Release|Any CPU.ActiveCfg = Release|Any CPU
		{A75B0083-4BC2-4397-B6AA-F400F6E8F582}.Release|Any CPU.Build.0 = Release|Any CPU
		{A75B0083-4BC2-4397-B6AA-F400F6E8F582}.Release|x64.ActiveCfg = Release|Any CPU
		{A75B0083-4BC2-4397-B6AA-F400F6E8F582}.Release|x64.Build.0 = Release|Any CPU
		{A75B0083-4BC2-4397-B6AA-F400F6E8F582}.Release|x86.ActiveCfg = Release|Any CPU
		{A75B0083-4BC2-4397-B6AA-F400F6E8F582}.Release|x86.Build.0 = Release|Any CPU
		{59E9077E-A8FE-4F79-831A-2B0274FF8C97}.Debug|Any CPU.ActiveCfg = Debug|Any CPU
		{59E9077E-A8FE-4F79-831A-2B0274FF8C97}.Debug|Any CPU.Build.0 = Debug|Any CPU
		{59E9077E-A8FE-4F79-831A-2B0274FF8C97}.Debug|x64.ActiveCfg = Debug|Any CPU
		{59E9077E-A8FE-4F79-831A-2B0274FF8C97}.Debug|x64.Build.0 = Debug|Any CPU
		{59E9077E-A8FE-4F79-831A-2B0274FF8C97}.Debug|x86.ActiveCfg = Debug|Any CPU
		{59E9077E-A8FE-4F79-831A-2B0274FF8C97}.Debug|x86.Build.0 = Debug|Any CPU
		{59E9077E-A8FE-4F79-831A-2B0274FF8C97}.Release|Any CPU.ActiveCfg = Release|Any CPU
		{59E9077E-A8FE-4F79-831A-2B0274FF8C97}.Release|Any CPU.Build.0 = Release|Any CPU
		{59E9077E-A8FE-4F79-831A-2B0274FF8C97}.Release|x64.ActiveCfg = Release|Any CPU
		{59E9077E-A8FE-4F79-831A-2B0274FF8C97}.Release|x64.Build.0 = Release|Any CPU
		{59E9077E-A8FE-4F79-831A-2B0274FF8C97}.Release|x86.ActiveCfg = Release|Any CPU
		{59E9077E-A8FE-4F79-831A-2B0274FF8C97}.Release|x86.Build.0 = Release|Any CPU
		{DAD22A21-FF7A-46EB-BC24-A582AD2238F1}.Debug|Any CPU.ActiveCfg = Debug|Any CPU
		{DAD22A21-FF7A-46EB-BC24-A582AD2238F1}.Debug|Any CPU.Build.0 = Debug|Any CPU
		{DAD22A21-FF7A-46EB-BC24-A582AD2238F1}.Debug|x64.ActiveCfg = Debug|Any CPU
		{DAD22A21-FF7A-46EB-BC24-A582AD2238F1}.Debug|x64.Build.0 = Debug|Any CPU
		{DAD22A21-FF7A-46EB-BC24-A582AD2238F1}.Debug|x86.ActiveCfg = Debug|Any CPU
		{DAD22A21-FF7A-46EB-BC24-A582AD2238F1}.Debug|x86.Build.0 = Debug|Any CPU
		{DAD22A21-FF7A-46EB-BC24-A582AD2238F1}.Release|Any CPU.ActiveCfg = Release|Any CPU
		{DAD22A21-FF7A-46EB-BC24-A582AD2238F1}.Release|Any CPU.Build.0 = Release|Any CPU
		{DAD22A21-FF7A-46EB-BC24-A582AD2238F1}.Release|x64.ActiveCfg = Release|Any CPU
		{DAD22A21-FF7A-46EB-BC24-A582AD2238F1}.Release|x64.Build.0 = Release|Any CPU
		{DAD22A21-FF7A-46EB-BC24-A582AD2238F1}.Release|x86.ActiveCfg = Release|Any CPU
		{DAD22A21-FF7A-46EB-BC24-A582AD2238F1}.Release|x86.Build.0 = Release|Any CPU
		{4052AFBC-DF07-4391-8D65-F1EBDB87D2BF}.Debug|Any CPU.ActiveCfg = Debug|Any CPU
		{4052AFBC-DF07-4391-8D65-F1EBDB87D2BF}.Debug|Any CPU.Build.0 = Debug|Any CPU
		{4052AFBC-DF07-4391-8D65-F1EBDB87D2BF}.Debug|x64.ActiveCfg = Debug|Any CPU
		{4052AFBC-DF07-4391-8D65-F1EBDB87D2BF}.Debug|x64.Build.0 = Debug|Any CPU
		{4052AFBC-DF07-4391-8D65-F1EBDB87D2BF}.Debug|x86.ActiveCfg = Debug|Any CPU
		{4052AFBC-DF07-4391-8D65-F1EBDB87D2BF}.Debug|x86.Build.0 = Debug|Any CPU
		{4052AFBC-DF07-4391-8D65-F1EBDB87D2BF}.Release|Any CPU.ActiveCfg = Release|Any CPU
		{4052AFBC-DF07-4391-8D65-F1EBDB87D2BF}.Release|Any CPU.Build.0 = Release|Any CPU
		{4052AFBC-DF07-4391-8D65-F1EBDB87D2BF}.Release|x64.ActiveCfg = Release|Any CPU
		{4052AFBC-DF07-4391-8D65-F1EBDB87D2BF}.Release|x64.Build.0 = Release|Any CPU
		{4052AFBC-DF07-4391-8D65-F1EBDB87D2BF}.Release|x86.ActiveCfg = Release|Any CPU
		{4052AFBC-DF07-4391-8D65-F1EBDB87D2BF}.Release|x86.Build.0 = Release|Any CPU
		{206E946E-E187-4B03-B63E-160DD4D0537C}.Debug|Any CPU.ActiveCfg = Debug|Any CPU
		{206E946E-E187-4B03-B63E-160DD4D0537C}.Debug|Any CPU.Build.0 = Debug|Any CPU
		{206E946E-E187-4B03-B63E-160DD4D0537C}.Debug|x64.ActiveCfg = Debug|Any CPU
		{206E946E-E187-4B03-B63E-160DD4D0537C}.Debug|x64.Build.0 = Debug|Any CPU
		{206E946E-E187-4B03-B63E-160DD4D0537C}.Debug|x86.ActiveCfg = Debug|Any CPU
		{206E946E-E187-4B03-B63E-160DD4D0537C}.Debug|x86.Build.0 = Debug|Any CPU
		{206E946E-E187-4B03-B63E-160DD4D0537C}.Release|Any CPU.ActiveCfg = Release|Any CPU
		{206E946E-E187-4B03-B63E-160DD4D0537C}.Release|Any CPU.Build.0 = Release|Any CPU
		{206E946E-E187-4B03-B63E-160DD4D0537C}.Release|x64.ActiveCfg = Release|Any CPU
		{206E946E-E187-4B03-B63E-160DD4D0537C}.Release|x64.Build.0 = Release|Any CPU
		{206E946E-E187-4B03-B63E-160DD4D0537C}.Release|x86.ActiveCfg = Release|Any CPU
		{206E946E-E187-4B03-B63E-160DD4D0537C}.Release|x86.Build.0 = Release|Any CPU
		{3F6E2DAB-19B4-4CB8-9B50-CB4F7582B882}.Debug|Any CPU.ActiveCfg = Debug|Any CPU
		{3F6E2DAB-19B4-4CB8-9B50-CB4F7582B882}.Debug|Any CPU.Build.0 = Debug|Any CPU
		{3F6E2DAB-19B4-4CB8-9B50-CB4F7582B882}.Debug|x64.ActiveCfg = Debug|Any CPU
		{3F6E2DAB-19B4-4CB8-9B50-CB4F7582B882}.Debug|x64.Build.0 = Debug|Any CPU
		{3F6E2DAB-19B4-4CB8-9B50-CB4F7582B882}.Debug|x86.ActiveCfg = Debug|Any CPU
		{3F6E2DAB-19B4-4CB8-9B50-CB4F7582B882}.Debug|x86.Build.0 = Debug|Any CPU
		{3F6E2DAB-19B4-4CB8-9B50-CB4F7582B882}.Release|Any CPU.ActiveCfg = Release|Any CPU
		{3F6E2DAB-19B4-4CB8-9B50-CB4F7582B882}.Release|Any CPU.Build.0 = Release|Any CPU
		{3F6E2DAB-19B4-4CB8-9B50-CB4F7582B882}.Release|x64.ActiveCfg = Release|Any CPU
		{3F6E2DAB-19B4-4CB8-9B50-CB4F7582B882}.Release|x64.Build.0 = Release|Any CPU
		{3F6E2DAB-19B4-4CB8-9B50-CB4F7582B882}.Release|x86.ActiveCfg = Release|Any CPU
		{3F6E2DAB-19B4-4CB8-9B50-CB4F7582B882}.Release|x86.Build.0 = Release|Any CPU
		{05C7214F-5BE1-4E45-969B-EA8C2E2F7A99}.Debug|Any CPU.ActiveCfg = Debug|Any CPU
		{05C7214F-5BE1-4E45-969B-EA8C2E2F7A99}.Debug|Any CPU.Build.0 = Debug|Any CPU
		{05C7214F-5BE1-4E45-969B-EA8C2E2F7A99}.Debug|x64.ActiveCfg = Debug|Any CPU
		{05C7214F-5BE1-4E45-969B-EA8C2E2F7A99}.Debug|x64.Build.0 = Debug|Any CPU
		{05C7214F-5BE1-4E45-969B-EA8C2E2F7A99}.Debug|x86.ActiveCfg = Debug|Any CPU
		{05C7214F-5BE1-4E45-969B-EA8C2E2F7A99}.Debug|x86.Build.0 = Debug|Any CPU
		{05C7214F-5BE1-4E45-969B-EA8C2E2F7A99}.Release|Any CPU.ActiveCfg = Release|Any CPU
		{05C7214F-5BE1-4E45-969B-EA8C2E2F7A99}.Release|Any CPU.Build.0 = Release|Any CPU
		{05C7214F-5BE1-4E45-969B-EA8C2E2F7A99}.Release|x64.ActiveCfg = Release|Any CPU
		{05C7214F-5BE1-4E45-969B-EA8C2E2F7A99}.Release|x64.Build.0 = Release|Any CPU
		{05C7214F-5BE1-4E45-969B-EA8C2E2F7A99}.Release|x86.ActiveCfg = Release|Any CPU
		{05C7214F-5BE1-4E45-969B-EA8C2E2F7A99}.Release|x86.Build.0 = Release|Any CPU
		{6846DDA3-99F0-4699-B5DC-B04274A36A55}.Debug|Any CPU.ActiveCfg = Debug|Any CPU
		{6846DDA3-99F0-4699-B5DC-B04274A36A55}.Debug|Any CPU.Build.0 = Debug|Any CPU
		{6846DDA3-99F0-4699-B5DC-B04274A36A55}.Debug|x64.ActiveCfg = Debug|Any CPU
		{6846DDA3-99F0-4699-B5DC-B04274A36A55}.Debug|x64.Build.0 = Debug|Any CPU
		{6846DDA3-99F0-4699-B5DC-B04274A36A55}.Debug|x86.ActiveCfg = Debug|Any CPU
		{6846DDA3-99F0-4699-B5DC-B04274A36A55}.Debug|x86.Build.0 = Debug|Any CPU
		{6846DDA3-99F0-4699-B5DC-B04274A36A55}.Release|Any CPU.ActiveCfg = Release|Any CPU
		{6846DDA3-99F0-4699-B5DC-B04274A36A55}.Release|Any CPU.Build.0 = Release|Any CPU
		{6846DDA3-99F0-4699-B5DC-B04274A36A55}.Release|x64.ActiveCfg = Release|Any CPU
		{6846DDA3-99F0-4699-B5DC-B04274A36A55}.Release|x64.Build.0 = Release|Any CPU
		{6846DDA3-99F0-4699-B5DC-B04274A36A55}.Release|x86.ActiveCfg = Release|Any CPU
		{6846DDA3-99F0-4699-B5DC-B04274A36A55}.Release|x86.Build.0 = Release|Any CPU
		{0AD96543-A046-4A91-B03A-6D927844D4AD}.Debug|Any CPU.ActiveCfg = Debug|Any CPU
		{0AD96543-A046-4A91-B03A-6D927844D4AD}.Debug|Any CPU.Build.0 = Debug|Any CPU
		{0AD96543-A046-4A91-B03A-6D927844D4AD}.Debug|x64.ActiveCfg = Debug|Any CPU
		{0AD96543-A046-4A91-B03A-6D927844D4AD}.Debug|x64.Build.0 = Debug|Any CPU
		{0AD96543-A046-4A91-B03A-6D927844D4AD}.Debug|x86.ActiveCfg = Debug|Any CPU
		{0AD96543-A046-4A91-B03A-6D927844D4AD}.Debug|x86.Build.0 = Debug|Any CPU
		{0AD96543-A046-4A91-B03A-6D927844D4AD}.Release|Any CPU.ActiveCfg = Release|Any CPU
		{0AD96543-A046-4A91-B03A-6D927844D4AD}.Release|Any CPU.Build.0 = Release|Any CPU
		{0AD96543-A046-4A91-B03A-6D927844D4AD}.Release|x64.ActiveCfg = Release|Any CPU
		{0AD96543-A046-4A91-B03A-6D927844D4AD}.Release|x64.Build.0 = Release|Any CPU
		{0AD96543-A046-4A91-B03A-6D927844D4AD}.Release|x86.ActiveCfg = Release|Any CPU
		{0AD96543-A046-4A91-B03A-6D927844D4AD}.Release|x86.Build.0 = Release|Any CPU
		{41B5E532-28DB-4FFC-ABE4-ABCB13D61C54}.Debug|Any CPU.ActiveCfg = Debug|Any CPU
		{41B5E532-28DB-4FFC-ABE4-ABCB13D61C54}.Debug|Any CPU.Build.0 = Debug|Any CPU
		{41B5E532-28DB-4FFC-ABE4-ABCB13D61C54}.Debug|x64.ActiveCfg = Debug|Any CPU
		{41B5E532-28DB-4FFC-ABE4-ABCB13D61C54}.Debug|x64.Build.0 = Debug|Any CPU
		{41B5E532-28DB-4FFC-ABE4-ABCB13D61C54}.Debug|x86.ActiveCfg = Debug|Any CPU
		{41B5E532-28DB-4FFC-ABE4-ABCB13D61C54}.Debug|x86.Build.0 = Debug|Any CPU
		{41B5E532-28DB-4FFC-ABE4-ABCB13D61C54}.Release|Any CPU.ActiveCfg = Release|Any CPU
		{41B5E532-28DB-4FFC-ABE4-ABCB13D61C54}.Release|Any CPU.Build.0 = Release|Any CPU
		{41B5E532-28DB-4FFC-ABE4-ABCB13D61C54}.Release|x64.ActiveCfg = Release|Any CPU
		{41B5E532-28DB-4FFC-ABE4-ABCB13D61C54}.Release|x64.Build.0 = Release|Any CPU
		{41B5E532-28DB-4FFC-ABE4-ABCB13D61C54}.Release|x86.ActiveCfg = Release|Any CPU
		{41B5E532-28DB-4FFC-ABE4-ABCB13D61C54}.Release|x86.Build.0 = Release|Any CPU
		{6D7AB91D-6F0C-485D-92B6-8BF275745451}.Debug|Any CPU.ActiveCfg = Debug|Any CPU
		{6D7AB91D-6F0C-485D-92B6-8BF275745451}.Debug|Any CPU.Build.0 = Debug|Any CPU
		{6D7AB91D-6F0C-485D-92B6-8BF275745451}.Debug|x64.ActiveCfg = Debug|Any CPU
		{6D7AB91D-6F0C-485D-92B6-8BF275745451}.Debug|x64.Build.0 = Debug|Any CPU
		{6D7AB91D-6F0C-485D-92B6-8BF275745451}.Debug|x86.ActiveCfg = Debug|Any CPU
		{6D7AB91D-6F0C-485D-92B6-8BF275745451}.Debug|x86.Build.0 = Debug|Any CPU
		{6D7AB91D-6F0C-485D-92B6-8BF275745451}.Release|Any CPU.ActiveCfg = Release|Any CPU
		{6D7AB91D-6F0C-485D-92B6-8BF275745451}.Release|Any CPU.Build.0 = Release|Any CPU
		{6D7AB91D-6F0C-485D-92B6-8BF275745451}.Release|x64.ActiveCfg = Release|Any CPU
		{6D7AB91D-6F0C-485D-92B6-8BF275745451}.Release|x64.Build.0 = Release|Any CPU
		{6D7AB91D-6F0C-485D-92B6-8BF275745451}.Release|x86.ActiveCfg = Release|Any CPU
		{6D7AB91D-6F0C-485D-92B6-8BF275745451}.Release|x86.Build.0 = Release|Any CPU
		{0469642F-9E5D-466D-8FE6-D9A0363F6BEB}.Debug|Any CPU.ActiveCfg = Debug|Any CPU
		{0469642F-9E5D-466D-8FE6-D9A0363F6BEB}.Debug|Any CPU.Build.0 = Debug|Any CPU
		{0469642F-9E5D-466D-8FE6-D9A0363F6BEB}.Debug|x64.ActiveCfg = Debug|Any CPU
		{0469642F-9E5D-466D-8FE6-D9A0363F6BEB}.Debug|x64.Build.0 = Debug|Any CPU
		{0469642F-9E5D-466D-8FE6-D9A0363F6BEB}.Debug|x86.ActiveCfg = Debug|Any CPU
		{0469642F-9E5D-466D-8FE6-D9A0363F6BEB}.Debug|x86.Build.0 = Debug|Any CPU
		{0469642F-9E5D-466D-8FE6-D9A0363F6BEB}.Release|Any CPU.ActiveCfg = Release|Any CPU
		{0469642F-9E5D-466D-8FE6-D9A0363F6BEB}.Release|Any CPU.Build.0 = Release|Any CPU
		{0469642F-9E5D-466D-8FE6-D9A0363F6BEB}.Release|x64.ActiveCfg = Release|Any CPU
		{0469642F-9E5D-466D-8FE6-D9A0363F6BEB}.Release|x64.Build.0 = Release|Any CPU
		{0469642F-9E5D-466D-8FE6-D9A0363F6BEB}.Release|x86.ActiveCfg = Release|Any CPU
		{0469642F-9E5D-466D-8FE6-D9A0363F6BEB}.Release|x86.Build.0 = Release|Any CPU
		{40B39399-1CDA-4980-A6FC-B3AA8A76EAC7}.Debug|Any CPU.ActiveCfg = Debug|Any CPU
		{40B39399-1CDA-4980-A6FC-B3AA8A76EAC7}.Debug|Any CPU.Build.0 = Debug|Any CPU
		{40B39399-1CDA-4980-A6FC-B3AA8A76EAC7}.Debug|x64.ActiveCfg = Debug|Any CPU
		{40B39399-1CDA-4980-A6FC-B3AA8A76EAC7}.Debug|x64.Build.0 = Debug|Any CPU
		{40B39399-1CDA-4980-A6FC-B3AA8A76EAC7}.Debug|x86.ActiveCfg = Debug|Any CPU
		{40B39399-1CDA-4980-A6FC-B3AA8A76EAC7}.Debug|x86.Build.0 = Debug|Any CPU
		{40B39399-1CDA-4980-A6FC-B3AA8A76EAC7}.Release|Any CPU.ActiveCfg = Release|Any CPU
		{40B39399-1CDA-4980-A6FC-B3AA8A76EAC7}.Release|Any CPU.Build.0 = Release|Any CPU
		{40B39399-1CDA-4980-A6FC-B3AA8A76EAC7}.Release|x64.ActiveCfg = Release|Any CPU
		{40B39399-1CDA-4980-A6FC-B3AA8A76EAC7}.Release|x64.Build.0 = Release|Any CPU
		{40B39399-1CDA-4980-A6FC-B3AA8A76EAC7}.Release|x86.ActiveCfg = Release|Any CPU
		{40B39399-1CDA-4980-A6FC-B3AA8A76EAC7}.Release|x86.Build.0 = Release|Any CPU
		{0A8DE45C-D6D9-4041-8A43-BFA266883566}.Debug|Any CPU.ActiveCfg = Debug|Any CPU
		{0A8DE45C-D6D9-4041-8A43-BFA266883566}.Debug|Any CPU.Build.0 = Debug|Any CPU
		{0A8DE45C-D6D9-4041-8A43-BFA266883566}.Debug|x64.ActiveCfg = Debug|Any CPU
		{0A8DE45C-D6D9-4041-8A43-BFA266883566}.Debug|x64.Build.0 = Debug|Any CPU
		{0A8DE45C-D6D9-4041-8A43-BFA266883566}.Debug|x86.ActiveCfg = Debug|Any CPU
		{0A8DE45C-D6D9-4041-8A43-BFA266883566}.Debug|x86.Build.0 = Debug|Any CPU
		{0A8DE45C-D6D9-4041-8A43-BFA266883566}.Release|Any CPU.ActiveCfg = Release|Any CPU
		{0A8DE45C-D6D9-4041-8A43-BFA266883566}.Release|Any CPU.Build.0 = Release|Any CPU
		{0A8DE45C-D6D9-4041-8A43-BFA266883566}.Release|x64.ActiveCfg = Release|Any CPU
		{0A8DE45C-D6D9-4041-8A43-BFA266883566}.Release|x64.Build.0 = Release|Any CPU
		{0A8DE45C-D6D9-4041-8A43-BFA266883566}.Release|x86.ActiveCfg = Release|Any CPU
		{0A8DE45C-D6D9-4041-8A43-BFA266883566}.Release|x86.Build.0 = Release|Any CPU
		{FFF5E71D-C8EE-4C80-82E6-9903A8476041}.Debug|Any CPU.ActiveCfg = Debug|Any CPU
		{FFF5E71D-C8EE-4C80-82E6-9903A8476041}.Debug|Any CPU.Build.0 = Debug|Any CPU
		{FFF5E71D-C8EE-4C80-82E6-9903A8476041}.Debug|x64.ActiveCfg = Debug|Any CPU
		{FFF5E71D-C8EE-4C80-82E6-9903A8476041}.Debug|x64.Build.0 = Debug|Any CPU
		{FFF5E71D-C8EE-4C80-82E6-9903A8476041}.Debug|x86.ActiveCfg = Debug|Any CPU
		{FFF5E71D-C8EE-4C80-82E6-9903A8476041}.Debug|x86.Build.0 = Debug|Any CPU
		{FFF5E71D-C8EE-4C80-82E6-9903A8476041}.Release|Any CPU.ActiveCfg = Release|Any CPU
		{FFF5E71D-C8EE-4C80-82E6-9903A8476041}.Release|Any CPU.Build.0 = Release|Any CPU
		{FFF5E71D-C8EE-4C80-82E6-9903A8476041}.Release|x64.ActiveCfg = Release|Any CPU
		{FFF5E71D-C8EE-4C80-82E6-9903A8476041}.Release|x64.Build.0 = Release|Any CPU
		{FFF5E71D-C8EE-4C80-82E6-9903A8476041}.Release|x86.ActiveCfg = Release|Any CPU
		{FFF5E71D-C8EE-4C80-82E6-9903A8476041}.Release|x86.Build.0 = Release|Any CPU
		{CCD08D62-80CD-4840-A79B-3DA80D7A70C3}.Debug|Any CPU.ActiveCfg = Debug|Any CPU
		{CCD08D62-80CD-4840-A79B-3DA80D7A70C3}.Debug|Any CPU.Build.0 = Debug|Any CPU
		{CCD08D62-80CD-4840-A79B-3DA80D7A70C3}.Debug|x64.ActiveCfg = Debug|Any CPU
		{CCD08D62-80CD-4840-A79B-3DA80D7A70C3}.Debug|x64.Build.0 = Debug|Any CPU
		{CCD08D62-80CD-4840-A79B-3DA80D7A70C3}.Debug|x86.ActiveCfg = Debug|Any CPU
		{CCD08D62-80CD-4840-A79B-3DA80D7A70C3}.Debug|x86.Build.0 = Debug|Any CPU
		{CCD08D62-80CD-4840-A79B-3DA80D7A70C3}.Release|Any CPU.ActiveCfg = Release|Any CPU
		{CCD08D62-80CD-4840-A79B-3DA80D7A70C3}.Release|Any CPU.Build.0 = Release|Any CPU
		{CCD08D62-80CD-4840-A79B-3DA80D7A70C3}.Release|x64.ActiveCfg = Release|Any CPU
		{CCD08D62-80CD-4840-A79B-3DA80D7A70C3}.Release|x64.Build.0 = Release|Any CPU
		{CCD08D62-80CD-4840-A79B-3DA80D7A70C3}.Release|x86.ActiveCfg = Release|Any CPU
		{CCD08D62-80CD-4840-A79B-3DA80D7A70C3}.Release|x86.Build.0 = Release|Any CPU
		{134310FB-31B5-4147-B1C3-7140B5E4F618}.Debug|Any CPU.ActiveCfg = Debug|Any CPU
		{134310FB-31B5-4147-B1C3-7140B5E4F618}.Debug|Any CPU.Build.0 = Debug|Any CPU
		{134310FB-31B5-4147-B1C3-7140B5E4F618}.Debug|x64.ActiveCfg = Debug|Any CPU
		{134310FB-31B5-4147-B1C3-7140B5E4F618}.Debug|x64.Build.0 = Debug|Any CPU
		{134310FB-31B5-4147-B1C3-7140B5E4F618}.Debug|x86.ActiveCfg = Debug|Any CPU
		{134310FB-31B5-4147-B1C3-7140B5E4F618}.Debug|x86.Build.0 = Debug|Any CPU
		{134310FB-31B5-4147-B1C3-7140B5E4F618}.Release|Any CPU.ActiveCfg = Release|Any CPU
		{134310FB-31B5-4147-B1C3-7140B5E4F618}.Release|Any CPU.Build.0 = Release|Any CPU
		{134310FB-31B5-4147-B1C3-7140B5E4F618}.Release|x64.ActiveCfg = Release|Any CPU
		{134310FB-31B5-4147-B1C3-7140B5E4F618}.Release|x64.Build.0 = Release|Any CPU
		{134310FB-31B5-4147-B1C3-7140B5E4F618}.Release|x86.ActiveCfg = Release|Any CPU
		{134310FB-31B5-4147-B1C3-7140B5E4F618}.Release|x86.Build.0 = Release|Any CPU
		{FFD9EE5E-4B8B-4880-B74D-EE97DAA444F0}.Debug|Any CPU.ActiveCfg = Debug|Any CPU
		{FFD9EE5E-4B8B-4880-B74D-EE97DAA444F0}.Debug|Any CPU.Build.0 = Debug|Any CPU
		{FFD9EE5E-4B8B-4880-B74D-EE97DAA444F0}.Debug|x64.ActiveCfg = Debug|Any CPU
		{FFD9EE5E-4B8B-4880-B74D-EE97DAA444F0}.Debug|x64.Build.0 = Debug|Any CPU
		{FFD9EE5E-4B8B-4880-B74D-EE97DAA444F0}.Debug|x86.ActiveCfg = Debug|Any CPU
		{FFD9EE5E-4B8B-4880-B74D-EE97DAA444F0}.Debug|x86.Build.0 = Debug|Any CPU
		{FFD9EE5E-4B8B-4880-B74D-EE97DAA444F0}.Release|Any CPU.ActiveCfg = Release|Any CPU
		{FFD9EE5E-4B8B-4880-B74D-EE97DAA444F0}.Release|Any CPU.Build.0 = Release|Any CPU
		{FFD9EE5E-4B8B-4880-B74D-EE97DAA444F0}.Release|x64.ActiveCfg = Release|Any CPU
		{FFD9EE5E-4B8B-4880-B74D-EE97DAA444F0}.Release|x64.Build.0 = Release|Any CPU
		{FFD9EE5E-4B8B-4880-B74D-EE97DAA444F0}.Release|x86.ActiveCfg = Release|Any CPU
		{FFD9EE5E-4B8B-4880-B74D-EE97DAA444F0}.Release|x86.Build.0 = Release|Any CPU
		{3AC66833-A049-4100-B0B0-1753AF7C55C3}.Debug|Any CPU.ActiveCfg = Debug|Any CPU
		{3AC66833-A049-4100-B0B0-1753AF7C55C3}.Debug|Any CPU.Build.0 = Debug|Any CPU
		{3AC66833-A049-4100-B0B0-1753AF7C55C3}.Debug|x64.ActiveCfg = Debug|Any CPU
		{3AC66833-A049-4100-B0B0-1753AF7C55C3}.Debug|x64.Build.0 = Debug|Any CPU
		{3AC66833-A049-4100-B0B0-1753AF7C55C3}.Debug|x86.ActiveCfg = Debug|Any CPU
		{3AC66833-A049-4100-B0B0-1753AF7C55C3}.Debug|x86.Build.0 = Debug|Any CPU
		{3AC66833-A049-4100-B0B0-1753AF7C55C3}.Release|Any CPU.ActiveCfg = Release|Any CPU
		{3AC66833-A049-4100-B0B0-1753AF7C55C3}.Release|Any CPU.Build.0 = Release|Any CPU
		{3AC66833-A049-4100-B0B0-1753AF7C55C3}.Release|x64.ActiveCfg = Release|Any CPU
		{3AC66833-A049-4100-B0B0-1753AF7C55C3}.Release|x64.Build.0 = Release|Any CPU
		{3AC66833-A049-4100-B0B0-1753AF7C55C3}.Release|x86.ActiveCfg = Release|Any CPU
		{3AC66833-A049-4100-B0B0-1753AF7C55C3}.Release|x86.Build.0 = Release|Any CPU
		{71EB18E3-BAB4-42E7-BFCB-D4A92BB35697}.Debug|Any CPU.ActiveCfg = Debug|Any CPU
		{71EB18E3-BAB4-42E7-BFCB-D4A92BB35697}.Debug|Any CPU.Build.0 = Debug|Any CPU
		{71EB18E3-BAB4-42E7-BFCB-D4A92BB35697}.Debug|x64.ActiveCfg = Debug|Any CPU
		{71EB18E3-BAB4-42E7-BFCB-D4A92BB35697}.Debug|x64.Build.0 = Debug|Any CPU
		{71EB18E3-BAB4-42E7-BFCB-D4A92BB35697}.Debug|x86.ActiveCfg = Debug|Any CPU
		{71EB18E3-BAB4-42E7-BFCB-D4A92BB35697}.Debug|x86.Build.0 = Debug|Any CPU
		{71EB18E3-BAB4-42E7-BFCB-D4A92BB35697}.Release|Any CPU.ActiveCfg = Release|Any CPU
		{71EB18E3-BAB4-42E7-BFCB-D4A92BB35697}.Release|Any CPU.Build.0 = Release|Any CPU
		{71EB18E3-BAB4-42E7-BFCB-D4A92BB35697}.Release|x64.ActiveCfg = Release|Any CPU
		{71EB18E3-BAB4-42E7-BFCB-D4A92BB35697}.Release|x64.Build.0 = Release|Any CPU
		{71EB18E3-BAB4-42E7-BFCB-D4A92BB35697}.Release|x86.ActiveCfg = Release|Any CPU
		{71EB18E3-BAB4-42E7-BFCB-D4A92BB35697}.Release|x86.Build.0 = Release|Any CPU
		{531F9DE7-C351-4828-9EB2-6A514E36CB4A}.Debug|Any CPU.ActiveCfg = Debug|Any CPU
		{531F9DE7-C351-4828-9EB2-6A514E36CB4A}.Debug|Any CPU.Build.0 = Debug|Any CPU
		{531F9DE7-C351-4828-9EB2-6A514E36CB4A}.Debug|x64.ActiveCfg = Debug|Any CPU
		{531F9DE7-C351-4828-9EB2-6A514E36CB4A}.Debug|x64.Build.0 = Debug|Any CPU
		{531F9DE7-C351-4828-9EB2-6A514E36CB4A}.Debug|x86.ActiveCfg = Debug|Any CPU
		{531F9DE7-C351-4828-9EB2-6A514E36CB4A}.Debug|x86.Build.0 = Debug|Any CPU
		{531F9DE7-C351-4828-9EB2-6A514E36CB4A}.Release|Any CPU.ActiveCfg = Release|Any CPU
		{531F9DE7-C351-4828-9EB2-6A514E36CB4A}.Release|Any CPU.Build.0 = Release|Any CPU
		{531F9DE7-C351-4828-9EB2-6A514E36CB4A}.Release|x64.ActiveCfg = Release|Any CPU
		{531F9DE7-C351-4828-9EB2-6A514E36CB4A}.Release|x64.Build.0 = Release|Any CPU
		{531F9DE7-C351-4828-9EB2-6A514E36CB4A}.Release|x86.ActiveCfg = Release|Any CPU
		{531F9DE7-C351-4828-9EB2-6A514E36CB4A}.Release|x86.Build.0 = Release|Any CPU
		{B88CCCDE-72C0-414B-9938-A21D9BE786B6}.Debug|Any CPU.ActiveCfg = Debug|Any CPU
		{B88CCCDE-72C0-414B-9938-A21D9BE786B6}.Debug|Any CPU.Build.0 = Debug|Any CPU
		{B88CCCDE-72C0-414B-9938-A21D9BE786B6}.Debug|x64.ActiveCfg = Debug|Any CPU
		{B88CCCDE-72C0-414B-9938-A21D9BE786B6}.Debug|x64.Build.0 = Debug|Any CPU
		{B88CCCDE-72C0-414B-9938-A21D9BE786B6}.Debug|x86.ActiveCfg = Debug|Any CPU
		{B88CCCDE-72C0-414B-9938-A21D9BE786B6}.Debug|x86.Build.0 = Debug|Any CPU
		{B88CCCDE-72C0-414B-9938-A21D9BE786B6}.Release|Any CPU.ActiveCfg = Release|Any CPU
		{B88CCCDE-72C0-414B-9938-A21D9BE786B6}.Release|Any CPU.Build.0 = Release|Any CPU
		{B88CCCDE-72C0-414B-9938-A21D9BE786B6}.Release|x64.ActiveCfg = Release|Any CPU
		{B88CCCDE-72C0-414B-9938-A21D9BE786B6}.Release|x64.Build.0 = Release|Any CPU
		{B88CCCDE-72C0-414B-9938-A21D9BE786B6}.Release|x86.ActiveCfg = Release|Any CPU
		{B88CCCDE-72C0-414B-9938-A21D9BE786B6}.Release|x86.Build.0 = Release|Any CPU
		{F61C3FC9-9565-4340-BF0F-E46DBA510BAC}.Debug|Any CPU.ActiveCfg = Debug|Any CPU
		{F61C3FC9-9565-4340-BF0F-E46DBA510BAC}.Debug|Any CPU.Build.0 = Debug|Any CPU
		{F61C3FC9-9565-4340-BF0F-E46DBA510BAC}.Debug|x64.ActiveCfg = Debug|Any CPU
		{F61C3FC9-9565-4340-BF0F-E46DBA510BAC}.Debug|x64.Build.0 = Debug|Any CPU
		{F61C3FC9-9565-4340-BF0F-E46DBA510BAC}.Debug|x86.ActiveCfg = Debug|Any CPU
		{F61C3FC9-9565-4340-BF0F-E46DBA510BAC}.Debug|x86.Build.0 = Debug|Any CPU
		{F61C3FC9-9565-4340-BF0F-E46DBA510BAC}.Release|Any CPU.ActiveCfg = Release|Any CPU
		{F61C3FC9-9565-4340-BF0F-E46DBA510BAC}.Release|Any CPU.Build.0 = Release|Any CPU
		{F61C3FC9-9565-4340-BF0F-E46DBA510BAC}.Release|x64.ActiveCfg = Release|Any CPU
		{F61C3FC9-9565-4340-BF0F-E46DBA510BAC}.Release|x64.Build.0 = Release|Any CPU
		{F61C3FC9-9565-4340-BF0F-E46DBA510BAC}.Release|x86.ActiveCfg = Release|Any CPU
		{F61C3FC9-9565-4340-BF0F-E46DBA510BAC}.Release|x86.Build.0 = Release|Any CPU
		{C8932C0B-4C05-44B1-8A13-BD2AEE61B391}.Debug|Any CPU.ActiveCfg = Debug|Any CPU
		{C8932C0B-4C05-44B1-8A13-BD2AEE61B391}.Debug|Any CPU.Build.0 = Debug|Any CPU
		{C8932C0B-4C05-44B1-8A13-BD2AEE61B391}.Debug|x64.ActiveCfg = Debug|Any CPU
		{C8932C0B-4C05-44B1-8A13-BD2AEE61B391}.Debug|x64.Build.0 = Debug|Any CPU
		{C8932C0B-4C05-44B1-8A13-BD2AEE61B391}.Debug|x86.ActiveCfg = Debug|Any CPU
		{C8932C0B-4C05-44B1-8A13-BD2AEE61B391}.Debug|x86.Build.0 = Debug|Any CPU
		{C8932C0B-4C05-44B1-8A13-BD2AEE61B391}.Release|Any CPU.ActiveCfg = Release|Any CPU
		{C8932C0B-4C05-44B1-8A13-BD2AEE61B391}.Release|Any CPU.Build.0 = Release|Any CPU
		{C8932C0B-4C05-44B1-8A13-BD2AEE61B391}.Release|x64.ActiveCfg = Release|Any CPU
		{C8932C0B-4C05-44B1-8A13-BD2AEE61B391}.Release|x64.Build.0 = Release|Any CPU
		{C8932C0B-4C05-44B1-8A13-BD2AEE61B391}.Release|x86.ActiveCfg = Release|Any CPU
		{C8932C0B-4C05-44B1-8A13-BD2AEE61B391}.Release|x86.Build.0 = Release|Any CPU
		{09495326-6FB5-4A98-91F6-52A9A41479EA}.Debug|Any CPU.ActiveCfg = Debug|Any CPU
		{09495326-6FB5-4A98-91F6-52A9A41479EA}.Debug|Any CPU.Build.0 = Debug|Any CPU
		{09495326-6FB5-4A98-91F6-52A9A41479EA}.Debug|x64.ActiveCfg = Debug|Any CPU
		{09495326-6FB5-4A98-91F6-52A9A41479EA}.Debug|x64.Build.0 = Debug|Any CPU
		{09495326-6FB5-4A98-91F6-52A9A41479EA}.Debug|x86.ActiveCfg = Debug|Any CPU
		{09495326-6FB5-4A98-91F6-52A9A41479EA}.Debug|x86.Build.0 = Debug|Any CPU
		{09495326-6FB5-4A98-91F6-52A9A41479EA}.Release|Any CPU.ActiveCfg = Release|Any CPU
		{09495326-6FB5-4A98-91F6-52A9A41479EA}.Release|Any CPU.Build.0 = Release|Any CPU
		{09495326-6FB5-4A98-91F6-52A9A41479EA}.Release|x64.ActiveCfg = Release|Any CPU
		{09495326-6FB5-4A98-91F6-52A9A41479EA}.Release|x64.Build.0 = Release|Any CPU
		{09495326-6FB5-4A98-91F6-52A9A41479EA}.Release|x86.ActiveCfg = Release|Any CPU
		{09495326-6FB5-4A98-91F6-52A9A41479EA}.Release|x86.Build.0 = Release|Any CPU
		{2AAB2562-6DFD-4591-957E-340BB2475BE7}.Debug|Any CPU.ActiveCfg = Debug|Any CPU
		{2AAB2562-6DFD-4591-957E-340BB2475BE7}.Debug|Any CPU.Build.0 = Debug|Any CPU
		{2AAB2562-6DFD-4591-957E-340BB2475BE7}.Debug|x64.ActiveCfg = Debug|Any CPU
		{2AAB2562-6DFD-4591-957E-340BB2475BE7}.Debug|x64.Build.0 = Debug|Any CPU
		{2AAB2562-6DFD-4591-957E-340BB2475BE7}.Debug|x86.ActiveCfg = Debug|Any CPU
		{2AAB2562-6DFD-4591-957E-340BB2475BE7}.Debug|x86.Build.0 = Debug|Any CPU
		{2AAB2562-6DFD-4591-957E-340BB2475BE7}.Release|Any CPU.ActiveCfg = Release|Any CPU
		{2AAB2562-6DFD-4591-957E-340BB2475BE7}.Release|Any CPU.Build.0 = Release|Any CPU
		{2AAB2562-6DFD-4591-957E-340BB2475BE7}.Release|x64.ActiveCfg = Release|Any CPU
		{2AAB2562-6DFD-4591-957E-340BB2475BE7}.Release|x64.Build.0 = Release|Any CPU
		{2AAB2562-6DFD-4591-957E-340BB2475BE7}.Release|x86.ActiveCfg = Release|Any CPU
		{2AAB2562-6DFD-4591-957E-340BB2475BE7}.Release|x86.Build.0 = Release|Any CPU
		{ADADFEF0-DBFF-46D0-B5FE-9E730AF6D7A3}.Debug|Any CPU.ActiveCfg = Debug|Any CPU
		{ADADFEF0-DBFF-46D0-B5FE-9E730AF6D7A3}.Debug|Any CPU.Build.0 = Debug|Any CPU
		{ADADFEF0-DBFF-46D0-B5FE-9E730AF6D7A3}.Debug|x64.ActiveCfg = Debug|Any CPU
		{ADADFEF0-DBFF-46D0-B5FE-9E730AF6D7A3}.Debug|x64.Build.0 = Debug|Any CPU
		{ADADFEF0-DBFF-46D0-B5FE-9E730AF6D7A3}.Debug|x86.ActiveCfg = Debug|Any CPU
		{ADADFEF0-DBFF-46D0-B5FE-9E730AF6D7A3}.Debug|x86.Build.0 = Debug|Any CPU
		{ADADFEF0-DBFF-46D0-B5FE-9E730AF6D7A3}.Release|Any CPU.ActiveCfg = Release|Any CPU
		{ADADFEF0-DBFF-46D0-B5FE-9E730AF6D7A3}.Release|Any CPU.Build.0 = Release|Any CPU
		{ADADFEF0-DBFF-46D0-B5FE-9E730AF6D7A3}.Release|x64.ActiveCfg = Release|Any CPU
		{ADADFEF0-DBFF-46D0-B5FE-9E730AF6D7A3}.Release|x64.Build.0 = Release|Any CPU
		{ADADFEF0-DBFF-46D0-B5FE-9E730AF6D7A3}.Release|x86.ActiveCfg = Release|Any CPU
		{ADADFEF0-DBFF-46D0-B5FE-9E730AF6D7A3}.Release|x86.Build.0 = Release|Any CPU
	EndGlobalSection
EndGlobal
