
Microsoft Visual Studio Solution File, Format Version 12.00
# Visual Studio 15
VisualStudioVersion = 15.0.26124.0
MinimumVisualStudioVersion = 15.0.26124.0
Project("{FAE04EC0-301F-11D3-BF4B-00C04F79EFBC}") = "Penguin.Cms.Modules.Files.Local", "Penguin.Cms.Modules.Files.Local.csproj", "{850A2F27-C534-4F12-B104-A6D31FE4A305}"
EndProject
Project("{FAE04EC0-301F-11D3-BF4B-00C04F79EFBC}") = "Penguin.Cms.Modules.Dynamic.Local", "..\Penguin.Cms.Modules.Dynamic\Penguin.Cms.Modules.Dynamic.Local.csproj", "{BDB3133A-43FE-4D29-B00A-9FB5D70DE565}"
EndProject
Project("{FAE04EC0-301F-11D3-BF4B-00C04F79EFBC}") = "Penguin.Cms.Entities.Local", "..\Penguin.Cms.Entities\Penguin.Cms.Entities.Local.csproj", "{4F2CCE44-6864-44E9-90DE-6C3965D6879F}"
EndProject
Project("{FAE04EC0-301F-11D3-BF4B-00C04F79EFBC}") = "Penguin.Persistence.Abstractions.Local", "..\Penguin.Persistence.Abstractions\Penguin.Persistence.Abstractions.Local.csproj", "{24DA96FF-5BED-40B8-9D29-38C3B6C4823F}"
EndProject
Project("{FAE04EC0-301F-11D3-BF4B-00C04F79EFBC}") = "Penguin.Entities.Abstractions.Local", "..\Penguin.Entities.Abstractions\Penguin.Entities.Abstractions.Local.csproj", "{9AD442F9-A21E-4779-936F-137D88744929}"
EndProject
Project("{FAE04EC0-301F-11D3-BF4B-00C04F79EFBC}") = "Penguin.Reflection.Extensions.Local", "..\Penguin.Reflection.Extensions\Penguin.Reflection.Extensions.Local.csproj", "{47395046-EB05-4765-A52A-49715861C937}"
EndProject
Project("{FAE04EC0-301F-11D3-BF4B-00C04F79EFBC}") = "Penguin.Extensions.String.Local", "..\Penguin.Extensions.String\Penguin.Extensions.String.Local.csproj", "{314B80F7-DFE9-462C-A44A-AEB1EB506A89}"
EndProject
Project("{FAE04EC0-301F-11D3-BF4B-00C04F79EFBC}") = "Penguin.Reflection.Abstractions.Local", "..\Penguin.Reflection.Abstractions\Penguin.Reflection.Abstractions.Local.csproj", "{4C13CD46-4702-4EBA-ACE7-D7A0ADC9B0CD}"
EndProject
Project("{FAE04EC0-301F-11D3-BF4B-00C04F79EFBC}") = "Penguin.Cms.Errors.Local", "..\Penguin.Cms.Errors\Penguin.Cms.Errors.Local.csproj", "{F0A3511B-1DC6-4CE4-B154-01EF39DA745F}"
EndProject
Project("{FAE04EC0-301F-11D3-BF4B-00C04F79EFBC}") = "Penguin.Auditing.Abstractions.Local", "..\Penguin.Auditing.Abstractions\Penguin.Auditing.Abstractions.Local.csproj", "{1FCB6285-CBAE-41AB-8493-6D662ED6899F}"
EndProject
Project("{FAE04EC0-301F-11D3-BF4B-00C04F79EFBC}") = "Penguin.Extensions.Exceptions.Local", "..\Penguin.Extensions.Exceptions\Penguin.Extensions.Exceptions.Local.csproj", "{13A2A707-AFAA-446A-A80D-1507AB0729FB}"
EndProject
Project("{FAE04EC0-301F-11D3-BF4B-00C04F79EFBC}") = "Penguin.Cms.Modules.Admin.Local", "..\Penguin.Cms.Modules.Admin\Penguin.Cms.Modules.Admin.Local.csproj", "{BD635014-04DE-4975-81F8-46DF549229BD}"
EndProject
Project("{FAE04EC0-301F-11D3-BF4B-00C04F79EFBC}") = "Penguin.Cms.Modules.Core.Local", "..\Penguin.Cms.Modules.Core\Penguin.Cms.Modules.Core.Local.csproj", "{E9FAC4D1-3670-4377-AA53-1098C185CF28}"
EndProject
Project("{FAE04EC0-301F-11D3-BF4B-00C04F79EFBC}") = "Penguin.Cms.Abstractions.Local", "..\Penguin.Cms.Abstractions\Penguin.Cms.Abstractions.Local.csproj", "{CCCDB50F-86E0-43BC-B46C-65DF4A44B452}"
EndProject
Project("{FAE04EC0-301F-11D3-BF4B-00C04F79EFBC}") = "Penguin.DependencyInjection.Abstractions.Local", "..\Penguin.DependencyInjection.Abstractions\Penguin.DependencyInjection.Abstractions.Local.csproj", "{F22F7B1D-7850-4C0E-BAEC-EA9CDFF821D7}"
EndProject
Project("{FAE04EC0-301F-11D3-BF4B-00C04F79EFBC}") = "Penguin.Cms.Core.Local", "..\Penguin.Cms.Core\Penguin.Cms.Core.Local.csproj", "{752937FF-D3AC-46EB-9A5E-1976AE72591F}"
EndProject
Project("{FAE04EC0-301F-11D3-BF4B-00C04F79EFBC}") = "Penguin.Reflection.Local", "..\Penguin.Reflection\Penguin.Reflection.Local.csproj", "{61442506-96CD-457B-88B6-BF2C718B2E08}"
EndProject
Project("{FAE04EC0-301F-11D3-BF4B-00C04F79EFBC}") = "Penguin.Debugging.Local", "..\Penguin.Debugging\Penguin.Debugging.Local.csproj", "{5D1C84A4-1930-4DE1-9D80-323D9B73B1BF}"
EndProject
Project("{FAE04EC0-301F-11D3-BF4B-00C04F79EFBC}") = "Penguin.Cms.Web.Local", "..\Penguin.Cms.Web\Penguin.Cms.Web.Local.csproj", "{C030C086-24B8-43FC-9925-617090531D1A}"
EndProject
Project("{FAE04EC0-301F-11D3-BF4B-00C04F79EFBC}") = "Penguin.Configuration.Local", "..\Penguin.Configuration\Penguin.Configuration.Local.csproj", "{E7E1018C-A647-4B8E-9E45-9D0D4BA91F44}"
EndProject
Project("{FAE04EC0-301F-11D3-BF4B-00C04F79EFBC}") = "Penguin.Configuration.Abstractions.Local", "..\Penguin.Configuration.Abstractions\Penguin.Configuration.Abstractions.Local.csproj", "{D95EF875-AB35-45F7-A44B-B13A240B2F8D}"
EndProject
Project("{FAE04EC0-301F-11D3-BF4B-00C04F79EFBC}") = "Penguin.DependencyInjection.Local", "..\Penguin.DependencyInjection\Penguin.DependencyInjection.Local.csproj", "{02ACC185-D63D-4975-B214-5EE12CA968B6}"
EndProject
Project("{FAE04EC0-301F-11D3-BF4B-00C04F79EFBC}") = "Penguin.Extensions.Collections.Local", "..\Penguin.Extensions.Collections\Penguin.Extensions.Collections.Local.csproj", "{7E57885F-EB6B-4ECD-814F-53F1C8D16889}"
EndProject
Project("{FAE04EC0-301F-11D3-BF4B-00C04F79EFBC}") = "Penguin.Files.Local", "..\Penguin.Files\Penguin.Files.Local.csproj", "{69CCCDE5-BF1A-43D7-8F4E-AC36211405D2}"
EndProject
Project("{FAE04EC0-301F-11D3-BF4B-00C04F79EFBC}") = "Penguin.Files.Abstractions.Local", "..\Penguin.Files.Abstractions\Penguin.Files.Abstractions.Local.csproj", "{911A0049-270C-40F0-A585-1322BC18F016}"
EndProject
Project("{FAE04EC0-301F-11D3-BF4B-00C04F79EFBC}") = "Penguin.Security.Abstractions.Local", "..\Penguin.Security.Abstractions\Penguin.Security.Abstractions.Local.csproj", "{D4D0DB7A-9DE0-4D25-9432-66DDA4571F97}"
EndProject
Project("{FAE04EC0-301F-11D3-BF4B-00C04F79EFBC}") = "Penguin.Messaging.Application.Local", "..\Penguin.Messaging.Application\Penguin.Messaging.Application.Local.csproj", "{361577ED-26D6-4D21-B12B-37A5E2E5EEF1}"
EndProject
Project("{FAE04EC0-301F-11D3-BF4B-00C04F79EFBC}") = "Penguin.Messaging.Abstractions.Local", "..\Penguin.Messaging.Abstractions\Penguin.Messaging.Abstractions.Local.csproj", "{BCF8A8FD-EB1C-4395-BFCD-DDEB27388575}"
EndProject
Project("{FAE04EC0-301F-11D3-BF4B-00C04F79EFBC}") = "Penguin.Messaging.Core.Local", "..\Penguin.Messaging.Core\Penguin.Messaging.Core.Local.csproj", "{510A04B4-6895-4392-B317-376EE25CB1D4}"
EndProject
Project("{FAE04EC0-301F-11D3-BF4B-00C04F79EFBC}") = "Penguin.Persistence.Database.Local", "..\Penguin.Persistence.Database\Penguin.Persistence.Database.Local.csproj", "{6214B699-8904-45FF-A299-C932804236FE}"
EndProject
Project("{FAE04EC0-301F-11D3-BF4B-00C04F79EFBC}") = "Penguin.Threading.BackgroundWorker.Local", "..\Penguin.Threading.BackgroundWorker\Penguin.Threading.BackgroundWorker.Local.csproj", "{FE95BFEC-EBEC-4A26-A939-EB68E005701A}"
EndProject
Project("{FAE04EC0-301F-11D3-BF4B-00C04F79EFBC}") = "Penguin.Persistence.Repositories.Local", "..\Penguin.Persistence.Repositories\Penguin.Persistence.Repositories.Local.csproj", "{6C57A06B-3EC7-4CA5-BC5E-480BE8A2A4C8}"
EndProject
Project("{FAE04EC0-301F-11D3-BF4B-00C04F79EFBC}") = "Penguin.Messaging.Persistence.Local", "..\Penguin.Messaging.Persistence\Penguin.Messaging.Persistence.Local.csproj", "{F2EDD60B-D2B8-424B-ABEB-257D883D86B9}"
EndProject
Project("{FAE04EC0-301F-11D3-BF4B-00C04F79EFBC}") = "Penguin.Reflection.Serialization.Local", "..\Penguin.Reflection.Serialization\Penguin.Reflection.Serialization.Local.csproj", "{F69C55D8-D739-4456-9666-46A2D0522F19}"
EndProject
Project("{FAE04EC0-301F-11D3-BF4B-00C04F79EFBC}") = "Penguin.Reflection.Serialization.Abstractions.Local", "..\Penguin.Reflection.Serialization.Abstractions\Penguin.Reflection.Serialization.Abstractions.Local.csproj", "{3511E458-70EB-46AB-9BC1-E6CCAC94E6A2}"
EndProject
Project("{FAE04EC0-301F-11D3-BF4B-00C04F79EFBC}") = "Penguin.Reflection.Serialization.Extensions.Local", "..\Penguin.Reflection.Serialization.Extensions\Penguin.Reflection.Serialization.Extensions.Local.csproj", "{090D19FE-6834-480B-93FF-1BE4A82F7EAD}"
EndProject
Project("{FAE04EC0-301F-11D3-BF4B-00C04F79EFBC}") = "Penguin.Templating.Abstractions.Local", "..\Penguin.Templating.Abstractions\Penguin.Templating.Abstractions.Local.csproj", "{BB1EBEBA-01E1-43D1-AE52-74B0C742D2D2}"
EndProject
Project("{FAE04EC0-301F-11D3-BF4B-00C04F79EFBC}") = "Penguin.Testing.Local", "..\Penguin.Testing\Penguin.Testing.Local.csproj", "{C794F0F0-8C72-44AD-BA6C-901057CD7B80}"
EndProject
Project("{FAE04EC0-301F-11D3-BF4B-00C04F79EFBC}") = "Penguin.Web.Abstractions.Local", "..\Penguin.Web.Abstractions\Penguin.Web.Abstractions.Local.csproj", "{2D51CE32-E00A-4F80-AFAF-9219C6844D63}"
EndProject
Project("{FAE04EC0-301F-11D3-BF4B-00C04F79EFBC}") = "Penguin.Web.DependencyInjection.Local", "..\Penguin.Web.DependencyInjection\Penguin.Web.DependencyInjection.Local.csproj", "{C4769894-87C1-4CED-82A3-07D110BF8570}"
EndProject
Project("{FAE04EC0-301F-11D3-BF4B-00C04F79EFBC}") = "Penguin.Web.Testing.Local", "..\Penguin.Web.Testing\Penguin.Web.Testing.Local.csproj", "{8B11B144-9ADE-4C10-8EB7-C063D0DBADDB}"
EndProject
Project("{FAE04EC0-301F-11D3-BF4B-00C04F79EFBC}") = "Penguin.Web.Errors.Local", "..\Penguin.Web.Errors\Penguin.Web.Errors.Local.csproj", "{A5883172-27AE-453F-A3A2-014A95D44FA9}"
EndProject
Project("{FAE04EC0-301F-11D3-BF4B-00C04F79EFBC}") = "Penguin.Web.Mvc.Local", "..\Penguin.Web.Mvc\Penguin.Web.Mvc.Local.csproj", "{C7943DA4-DFDA-4BAA-BD51-ABE17E8DA7D6}"
EndProject
Project("{FAE04EC0-301F-11D3-BF4B-00C04F79EFBC}") = "Penguin.Web.Mvc.Abstractions.Local", "..\Penguin.Web.Mvc.Abstractions\Penguin.Web.Mvc.Abstractions.Local.csproj", "{D1AD06B8-1DA9-4390-877E-CC41A93C2A9C}"
EndProject
Project("{FAE04EC0-301F-11D3-BF4B-00C04F79EFBC}") = "Penguin.Navigation.Abstractions.Local", "..\Penguin.Navigation.Abstractions\Penguin.Navigation.Abstractions.Local.csproj", "{2FA59B05-84AF-44CD-9514-735E09BC959E}"
EndProject
Project("{FAE04EC0-301F-11D3-BF4B-00C04F79EFBC}") = "Penguin.Web.Security.Local", "..\Penguin.Web.Security\Penguin.Web.Security.Local.csproj", "{FE216D65-AD8F-4817-9833-C3874AFC9FE4}"
EndProject
Project("{FAE04EC0-301F-11D3-BF4B-00C04F79EFBC}") = "Penguin.Cms.Repositories.Local", "..\Penguin.Cms.Repositories\Penguin.Cms.Repositories.Local.csproj", "{10C90C8C-F92A-4F2F-A3F0-DEF3CA43689D}"
EndProject
Project("{FAE04EC0-301F-11D3-BF4B-00C04F79EFBC}") = "Penguin.Shared.Objects.Local", "..\Penguin.Shared.Objects\Penguin.Shared.Objects.Local.csproj", "{0CE69AA2-4FBD-4D9B-9580-AF308F77E081}"
EndProject
Project("{FAE04EC0-301F-11D3-BF4B-00C04F79EFBC}") = "Penguin.Web.Dynamic.Local", "..\Penguin.Web.Dynamic\Penguin.Web.Dynamic.Local.csproj", "{92531743-23FE-425E-B01F-2E7E1A7DFDA8}"
EndProject
Project("{FAE04EC0-301F-11D3-BF4B-00C04F79EFBC}") = "Penguin.Cms.Web.Files.Local", "..\Penguin.Cms.Web.Files\Penguin.Cms.Web.Files.Local.csproj", "{2F8FC09F-C0F3-4F38-B708-7326913C4E16}"
EndProject
Project("{FAE04EC0-301F-11D3-BF4B-00C04F79EFBC}") = "Penguin.Cms.Files.Local", "..\Penguin.Cms.Files\Penguin.Cms.Files.Local.csproj", "{3C7E5628-FFCD-46C8-BDD6-52ED1A9EC587}"
EndProject
Project("{FAE04EC0-301F-11D3-BF4B-00C04F79EFBC}") = "Penguin.Cms.Files.Repositories.Local", "..\Penguin.Cms.Files.Repositories\Penguin.Cms.Files.Repositories.Local.csproj", "{E83932AB-EDFF-48C3-B809-64E084ACFD4E}"
EndProject
Project("{FAE04EC0-301F-11D3-BF4B-00C04F79EFBC}") = "Penguin.Email.Templating.Abstractions.Local", "..\Penguin.Email.Templating.Abstractions\Penguin.Email.Templating.Abstractions.Local.csproj", "{67200096-228E-45D4-9F6A-F0C90FC1B6A8}"
EndProject
Project("{FAE04EC0-301F-11D3-BF4B-00C04F79EFBC}") = "Penguin.Email.Abstractions.Local", "..\Penguin.Email.Abstractions\Penguin.Email.Abstractions.Local.csproj", "{FEF6512B-0D2E-4ADC-B5D8-AFAD0D48275F}"
EndProject
Project("{FAE04EC0-301F-11D3-BF4B-00C04F79EFBC}") = "Penguin.Web.Data.Local", "..\Penguin.Web.Data\Penguin.Web.Data.Local.csproj", "{7EBBC626-6D2C-4CBB-895A-D020224B92EC}"
EndProject
Global
	GlobalSection(SolutionConfigurationPlatforms) = preSolution
		Debug|Any CPU = Debug|Any CPU
		Debug|x64 = Debug|x64
		Debug|x86 = Debug|x86
		Release|Any CPU = Release|Any CPU
		Release|x64 = Release|x64
		Release|x86 = Release|x86
	EndGlobalSection
	GlobalSection(SolutionProperties) = preSolution
		HideSolutionNode = FALSE
	EndGlobalSection
	GlobalSection(ProjectConfigurationPlatforms) = postSolution
		{850A2F27-C534-4F12-B104-A6D31FE4A305}.Debug|Any CPU.ActiveCfg = Debug|Any CPU
		{850A2F27-C534-4F12-B104-A6D31FE4A305}.Debug|Any CPU.Build.0 = Debug|Any CPU
		{850A2F27-C534-4F12-B104-A6D31FE4A305}.Debug|x64.ActiveCfg = Debug|Any CPU
		{850A2F27-C534-4F12-B104-A6D31FE4A305}.Debug|x64.Build.0 = Debug|Any CPU
		{850A2F27-C534-4F12-B104-A6D31FE4A305}.Debug|x86.ActiveCfg = Debug|Any CPU
		{850A2F27-C534-4F12-B104-A6D31FE4A305}.Debug|x86.Build.0 = Debug|Any CPU
		{850A2F27-C534-4F12-B104-A6D31FE4A305}.Release|Any CPU.ActiveCfg = Release|Any CPU
		{850A2F27-C534-4F12-B104-A6D31FE4A305}.Release|Any CPU.Build.0 = Release|Any CPU
		{850A2F27-C534-4F12-B104-A6D31FE4A305}.Release|x64.ActiveCfg = Release|Any CPU
		{850A2F27-C534-4F12-B104-A6D31FE4A305}.Release|x64.Build.0 = Release|Any CPU
		{850A2F27-C534-4F12-B104-A6D31FE4A305}.Release|x86.ActiveCfg = Release|Any CPU
		{850A2F27-C534-4F12-B104-A6D31FE4A305}.Release|x86.Build.0 = Release|Any CPU
		{BDB3133A-43FE-4D29-B00A-9FB5D70DE565}.Debug|Any CPU.ActiveCfg = Debug|Any CPU
		{BDB3133A-43FE-4D29-B00A-9FB5D70DE565}.Debug|Any CPU.Build.0 = Debug|Any CPU
		{BDB3133A-43FE-4D29-B00A-9FB5D70DE565}.Debug|x64.ActiveCfg = Debug|Any CPU
		{BDB3133A-43FE-4D29-B00A-9FB5D70DE565}.Debug|x64.Build.0 = Debug|Any CPU
		{BDB3133A-43FE-4D29-B00A-9FB5D70DE565}.Debug|x86.ActiveCfg = Debug|Any CPU
		{BDB3133A-43FE-4D29-B00A-9FB5D70DE565}.Debug|x86.Build.0 = Debug|Any CPU
		{BDB3133A-43FE-4D29-B00A-9FB5D70DE565}.Release|Any CPU.ActiveCfg = Release|Any CPU
		{BDB3133A-43FE-4D29-B00A-9FB5D70DE565}.Release|Any CPU.Build.0 = Release|Any CPU
		{BDB3133A-43FE-4D29-B00A-9FB5D70DE565}.Release|x64.ActiveCfg = Release|Any CPU
		{BDB3133A-43FE-4D29-B00A-9FB5D70DE565}.Release|x64.Build.0 = Release|Any CPU
		{BDB3133A-43FE-4D29-B00A-9FB5D70DE565}.Release|x86.ActiveCfg = Release|Any CPU
		{BDB3133A-43FE-4D29-B00A-9FB5D70DE565}.Release|x86.Build.0 = Release|Any CPU
		{4F2CCE44-6864-44E9-90DE-6C3965D6879F}.Debug|Any CPU.ActiveCfg = Debug|Any CPU
		{4F2CCE44-6864-44E9-90DE-6C3965D6879F}.Debug|Any CPU.Build.0 = Debug|Any CPU
		{4F2CCE44-6864-44E9-90DE-6C3965D6879F}.Debug|x64.ActiveCfg = Debug|Any CPU
		{4F2CCE44-6864-44E9-90DE-6C3965D6879F}.Debug|x64.Build.0 = Debug|Any CPU
		{4F2CCE44-6864-44E9-90DE-6C3965D6879F}.Debug|x86.ActiveCfg = Debug|Any CPU
		{4F2CCE44-6864-44E9-90DE-6C3965D6879F}.Debug|x86.Build.0 = Debug|Any CPU
		{4F2CCE44-6864-44E9-90DE-6C3965D6879F}.Release|Any CPU.ActiveCfg = Release|Any CPU
		{4F2CCE44-6864-44E9-90DE-6C3965D6879F}.Release|Any CPU.Build.0 = Release|Any CPU
		{4F2CCE44-6864-44E9-90DE-6C3965D6879F}.Release|x64.ActiveCfg = Release|Any CPU
		{4F2CCE44-6864-44E9-90DE-6C3965D6879F}.Release|x64.Build.0 = Release|Any CPU
		{4F2CCE44-6864-44E9-90DE-6C3965D6879F}.Release|x86.ActiveCfg = Release|Any CPU
		{4F2CCE44-6864-44E9-90DE-6C3965D6879F}.Release|x86.Build.0 = Release|Any CPU
		{24DA96FF-5BED-40B8-9D29-38C3B6C4823F}.Debug|Any CPU.ActiveCfg = Debug|Any CPU
		{24DA96FF-5BED-40B8-9D29-38C3B6C4823F}.Debug|Any CPU.Build.0 = Debug|Any CPU
		{24DA96FF-5BED-40B8-9D29-38C3B6C4823F}.Debug|x64.ActiveCfg = Debug|Any CPU
		{24DA96FF-5BED-40B8-9D29-38C3B6C4823F}.Debug|x64.Build.0 = Debug|Any CPU
		{24DA96FF-5BED-40B8-9D29-38C3B6C4823F}.Debug|x86.ActiveCfg = Debug|Any CPU
		{24DA96FF-5BED-40B8-9D29-38C3B6C4823F}.Debug|x86.Build.0 = Debug|Any CPU
		{24DA96FF-5BED-40B8-9D29-38C3B6C4823F}.Release|Any CPU.ActiveCfg = Release|Any CPU
		{24DA96FF-5BED-40B8-9D29-38C3B6C4823F}.Release|Any CPU.Build.0 = Release|Any CPU
		{24DA96FF-5BED-40B8-9D29-38C3B6C4823F}.Release|x64.ActiveCfg = Release|Any CPU
		{24DA96FF-5BED-40B8-9D29-38C3B6C4823F}.Release|x64.Build.0 = Release|Any CPU
		{24DA96FF-5BED-40B8-9D29-38C3B6C4823F}.Release|x86.ActiveCfg = Release|Any CPU
		{24DA96FF-5BED-40B8-9D29-38C3B6C4823F}.Release|x86.Build.0 = Release|Any CPU
		{9AD442F9-A21E-4779-936F-137D88744929}.Debug|Any CPU.ActiveCfg = Debug|Any CPU
		{9AD442F9-A21E-4779-936F-137D88744929}.Debug|Any CPU.Build.0 = Debug|Any CPU
		{9AD442F9-A21E-4779-936F-137D88744929}.Debug|x64.ActiveCfg = Debug|Any CPU
		{9AD442F9-A21E-4779-936F-137D88744929}.Debug|x64.Build.0 = Debug|Any CPU
		{9AD442F9-A21E-4779-936F-137D88744929}.Debug|x86.ActiveCfg = Debug|Any CPU
		{9AD442F9-A21E-4779-936F-137D88744929}.Debug|x86.Build.0 = Debug|Any CPU
		{9AD442F9-A21E-4779-936F-137D88744929}.Release|Any CPU.ActiveCfg = Release|Any CPU
		{9AD442F9-A21E-4779-936F-137D88744929}.Release|Any CPU.Build.0 = Release|Any CPU
		{9AD442F9-A21E-4779-936F-137D88744929}.Release|x64.ActiveCfg = Release|Any CPU
		{9AD442F9-A21E-4779-936F-137D88744929}.Release|x64.Build.0 = Release|Any CPU
		{9AD442F9-A21E-4779-936F-137D88744929}.Release|x86.ActiveCfg = Release|Any CPU
		{9AD442F9-A21E-4779-936F-137D88744929}.Release|x86.Build.0 = Release|Any CPU
		{47395046-EB05-4765-A52A-49715861C937}.Debug|Any CPU.ActiveCfg = Debug|Any CPU
		{47395046-EB05-4765-A52A-49715861C937}.Debug|Any CPU.Build.0 = Debug|Any CPU
		{47395046-EB05-4765-A52A-49715861C937}.Debug|x64.ActiveCfg = Debug|Any CPU
		{47395046-EB05-4765-A52A-49715861C937}.Debug|x64.Build.0 = Debug|Any CPU
		{47395046-EB05-4765-A52A-49715861C937}.Debug|x86.ActiveCfg = Debug|Any CPU
		{47395046-EB05-4765-A52A-49715861C937}.Debug|x86.Build.0 = Debug|Any CPU
		{47395046-EB05-4765-A52A-49715861C937}.Release|Any CPU.ActiveCfg = Release|Any CPU
		{47395046-EB05-4765-A52A-49715861C937}.Release|Any CPU.Build.0 = Release|Any CPU
		{47395046-EB05-4765-A52A-49715861C937}.Release|x64.ActiveCfg = Release|Any CPU
		{47395046-EB05-4765-A52A-49715861C937}.Release|x64.Build.0 = Release|Any CPU
		{47395046-EB05-4765-A52A-49715861C937}.Release|x86.ActiveCfg = Release|Any CPU
		{47395046-EB05-4765-A52A-49715861C937}.Release|x86.Build.0 = Release|Any CPU
		{314B80F7-DFE9-462C-A44A-AEB1EB506A89}.Debug|Any CPU.ActiveCfg = Debug|Any CPU
		{314B80F7-DFE9-462C-A44A-AEB1EB506A89}.Debug|Any CPU.Build.0 = Debug|Any CPU
		{314B80F7-DFE9-462C-A44A-AEB1EB506A89}.Debug|x64.ActiveCfg = Debug|Any CPU
		{314B80F7-DFE9-462C-A44A-AEB1EB506A89}.Debug|x64.Build.0 = Debug|Any CPU
		{314B80F7-DFE9-462C-A44A-AEB1EB506A89}.Debug|x86.ActiveCfg = Debug|Any CPU
		{314B80F7-DFE9-462C-A44A-AEB1EB506A89}.Debug|x86.Build.0 = Debug|Any CPU
		{314B80F7-DFE9-462C-A44A-AEB1EB506A89}.Release|Any CPU.ActiveCfg = Release|Any CPU
		{314B80F7-DFE9-462C-A44A-AEB1EB506A89}.Release|Any CPU.Build.0 = Release|Any CPU
		{314B80F7-DFE9-462C-A44A-AEB1EB506A89}.Release|x64.ActiveCfg = Release|Any CPU
		{314B80F7-DFE9-462C-A44A-AEB1EB506A89}.Release|x64.Build.0 = Release|Any CPU
		{314B80F7-DFE9-462C-A44A-AEB1EB506A89}.Release|x86.ActiveCfg = Release|Any CPU
		{314B80F7-DFE9-462C-A44A-AEB1EB506A89}.Release|x86.Build.0 = Release|Any CPU
		{4C13CD46-4702-4EBA-ACE7-D7A0ADC9B0CD}.Debug|Any CPU.ActiveCfg = Debug|Any CPU
		{4C13CD46-4702-4EBA-ACE7-D7A0ADC9B0CD}.Debug|Any CPU.Build.0 = Debug|Any CPU
		{4C13CD46-4702-4EBA-ACE7-D7A0ADC9B0CD}.Debug|x64.ActiveCfg = Debug|Any CPU
		{4C13CD46-4702-4EBA-ACE7-D7A0ADC9B0CD}.Debug|x64.Build.0 = Debug|Any CPU
		{4C13CD46-4702-4EBA-ACE7-D7A0ADC9B0CD}.Debug|x86.ActiveCfg = Debug|Any CPU
		{4C13CD46-4702-4EBA-ACE7-D7A0ADC9B0CD}.Debug|x86.Build.0 = Debug|Any CPU
		{4C13CD46-4702-4EBA-ACE7-D7A0ADC9B0CD}.Release|Any CPU.ActiveCfg = Release|Any CPU
		{4C13CD46-4702-4EBA-ACE7-D7A0ADC9B0CD}.Release|Any CPU.Build.0 = Release|Any CPU
		{4C13CD46-4702-4EBA-ACE7-D7A0ADC9B0CD}.Release|x64.ActiveCfg = Release|Any CPU
		{4C13CD46-4702-4EBA-ACE7-D7A0ADC9B0CD}.Release|x64.Build.0 = Release|Any CPU
		{4C13CD46-4702-4EBA-ACE7-D7A0ADC9B0CD}.Release|x86.ActiveCfg = Release|Any CPU
		{4C13CD46-4702-4EBA-ACE7-D7A0ADC9B0CD}.Release|x86.Build.0 = Release|Any CPU
		{F0A3511B-1DC6-4CE4-B154-01EF39DA745F}.Debug|Any CPU.ActiveCfg = Debug|Any CPU
		{F0A3511B-1DC6-4CE4-B154-01EF39DA745F}.Debug|Any CPU.Build.0 = Debug|Any CPU
		{F0A3511B-1DC6-4CE4-B154-01EF39DA745F}.Debug|x64.ActiveCfg = Debug|Any CPU
		{F0A3511B-1DC6-4CE4-B154-01EF39DA745F}.Debug|x64.Build.0 = Debug|Any CPU
		{F0A3511B-1DC6-4CE4-B154-01EF39DA745F}.Debug|x86.ActiveCfg = Debug|Any CPU
		{F0A3511B-1DC6-4CE4-B154-01EF39DA745F}.Debug|x86.Build.0 = Debug|Any CPU
		{F0A3511B-1DC6-4CE4-B154-01EF39DA745F}.Release|Any CPU.ActiveCfg = Release|Any CPU
		{F0A3511B-1DC6-4CE4-B154-01EF39DA745F}.Release|Any CPU.Build.0 = Release|Any CPU
		{F0A3511B-1DC6-4CE4-B154-01EF39DA745F}.Release|x64.ActiveCfg = Release|Any CPU
		{F0A3511B-1DC6-4CE4-B154-01EF39DA745F}.Release|x64.Build.0 = Release|Any CPU
		{F0A3511B-1DC6-4CE4-B154-01EF39DA745F}.Release|x86.ActiveCfg = Release|Any CPU
		{F0A3511B-1DC6-4CE4-B154-01EF39DA745F}.Release|x86.Build.0 = Release|Any CPU
		{1FCB6285-CBAE-41AB-8493-6D662ED6899F}.Debug|Any CPU.ActiveCfg = Debug|Any CPU
		{1FCB6285-CBAE-41AB-8493-6D662ED6899F}.Debug|Any CPU.Build.0 = Debug|Any CPU
		{1FCB6285-CBAE-41AB-8493-6D662ED6899F}.Debug|x64.ActiveCfg = Debug|Any CPU
		{1FCB6285-CBAE-41AB-8493-6D662ED6899F}.Debug|x64.Build.0 = Debug|Any CPU
		{1FCB6285-CBAE-41AB-8493-6D662ED6899F}.Debug|x86.ActiveCfg = Debug|Any CPU
		{1FCB6285-CBAE-41AB-8493-6D662ED6899F}.Debug|x86.Build.0 = Debug|Any CPU
		{1FCB6285-CBAE-41AB-8493-6D662ED6899F}.Release|Any CPU.ActiveCfg = Release|Any CPU
		{1FCB6285-CBAE-41AB-8493-6D662ED6899F}.Release|Any CPU.Build.0 = Release|Any CPU
		{1FCB6285-CBAE-41AB-8493-6D662ED6899F}.Release|x64.ActiveCfg = Release|Any CPU
		{1FCB6285-CBAE-41AB-8493-6D662ED6899F}.Release|x64.Build.0 = Release|Any CPU
		{1FCB6285-CBAE-41AB-8493-6D662ED6899F}.Release|x86.ActiveCfg = Release|Any CPU
		{1FCB6285-CBAE-41AB-8493-6D662ED6899F}.Release|x86.Build.0 = Release|Any CPU
		{13A2A707-AFAA-446A-A80D-1507AB0729FB}.Debug|Any CPU.ActiveCfg = Debug|Any CPU
		{13A2A707-AFAA-446A-A80D-1507AB0729FB}.Debug|Any CPU.Build.0 = Debug|Any CPU
		{13A2A707-AFAA-446A-A80D-1507AB0729FB}.Debug|x64.ActiveCfg = Debug|Any CPU
		{13A2A707-AFAA-446A-A80D-1507AB0729FB}.Debug|x64.Build.0 = Debug|Any CPU
		{13A2A707-AFAA-446A-A80D-1507AB0729FB}.Debug|x86.ActiveCfg = Debug|Any CPU
		{13A2A707-AFAA-446A-A80D-1507AB0729FB}.Debug|x86.Build.0 = Debug|Any CPU
		{13A2A707-AFAA-446A-A80D-1507AB0729FB}.Release|Any CPU.ActiveCfg = Release|Any CPU
		{13A2A707-AFAA-446A-A80D-1507AB0729FB}.Release|Any CPU.Build.0 = Release|Any CPU
		{13A2A707-AFAA-446A-A80D-1507AB0729FB}.Release|x64.ActiveCfg = Release|Any CPU
		{13A2A707-AFAA-446A-A80D-1507AB0729FB}.Release|x64.Build.0 = Release|Any CPU
		{13A2A707-AFAA-446A-A80D-1507AB0729FB}.Release|x86.ActiveCfg = Release|Any CPU
		{13A2A707-AFAA-446A-A80D-1507AB0729FB}.Release|x86.Build.0 = Release|Any CPU
		{BD635014-04DE-4975-81F8-46DF549229BD}.Debug|Any CPU.ActiveCfg = Debug|Any CPU
		{BD635014-04DE-4975-81F8-46DF549229BD}.Debug|Any CPU.Build.0 = Debug|Any CPU
		{BD635014-04DE-4975-81F8-46DF549229BD}.Debug|x64.ActiveCfg = Debug|Any CPU
		{BD635014-04DE-4975-81F8-46DF549229BD}.Debug|x64.Build.0 = Debug|Any CPU
		{BD635014-04DE-4975-81F8-46DF549229BD}.Debug|x86.ActiveCfg = Debug|Any CPU
		{BD635014-04DE-4975-81F8-46DF549229BD}.Debug|x86.Build.0 = Debug|Any CPU
		{BD635014-04DE-4975-81F8-46DF549229BD}.Release|Any CPU.ActiveCfg = Release|Any CPU
		{BD635014-04DE-4975-81F8-46DF549229BD}.Release|Any CPU.Build.0 = Release|Any CPU
		{BD635014-04DE-4975-81F8-46DF549229BD}.Release|x64.ActiveCfg = Release|Any CPU
		{BD635014-04DE-4975-81F8-46DF549229BD}.Release|x64.Build.0 = Release|Any CPU
		{BD635014-04DE-4975-81F8-46DF549229BD}.Release|x86.ActiveCfg = Release|Any CPU
		{BD635014-04DE-4975-81F8-46DF549229BD}.Release|x86.Build.0 = Release|Any CPU
		{E9FAC4D1-3670-4377-AA53-1098C185CF28}.Debug|Any CPU.ActiveCfg = Debug|Any CPU
		{E9FAC4D1-3670-4377-AA53-1098C185CF28}.Debug|Any CPU.Build.0 = Debug|Any CPU
		{E9FAC4D1-3670-4377-AA53-1098C185CF28}.Debug|x64.ActiveCfg = Debug|Any CPU
		{E9FAC4D1-3670-4377-AA53-1098C185CF28}.Debug|x64.Build.0 = Debug|Any CPU
		{E9FAC4D1-3670-4377-AA53-1098C185CF28}.Debug|x86.ActiveCfg = Debug|Any CPU
		{E9FAC4D1-3670-4377-AA53-1098C185CF28}.Debug|x86.Build.0 = Debug|Any CPU
		{E9FAC4D1-3670-4377-AA53-1098C185CF28}.Release|Any CPU.ActiveCfg = Release|Any CPU
		{E9FAC4D1-3670-4377-AA53-1098C185CF28}.Release|Any CPU.Build.0 = Release|Any CPU
		{E9FAC4D1-3670-4377-AA53-1098C185CF28}.Release|x64.ActiveCfg = Release|Any CPU
		{E9FAC4D1-3670-4377-AA53-1098C185CF28}.Release|x64.Build.0 = Release|Any CPU
		{E9FAC4D1-3670-4377-AA53-1098C185CF28}.Release|x86.ActiveCfg = Release|Any CPU
		{E9FAC4D1-3670-4377-AA53-1098C185CF28}.Release|x86.Build.0 = Release|Any CPU
		{CCCDB50F-86E0-43BC-B46C-65DF4A44B452}.Debug|Any CPU.ActiveCfg = Debug|Any CPU
		{CCCDB50F-86E0-43BC-B46C-65DF4A44B452}.Debug|Any CPU.Build.0 = Debug|Any CPU
		{CCCDB50F-86E0-43BC-B46C-65DF4A44B452}.Debug|x64.ActiveCfg = Debug|Any CPU
		{CCCDB50F-86E0-43BC-B46C-65DF4A44B452}.Debug|x64.Build.0 = Debug|Any CPU
		{CCCDB50F-86E0-43BC-B46C-65DF4A44B452}.Debug|x86.ActiveCfg = Debug|Any CPU
		{CCCDB50F-86E0-43BC-B46C-65DF4A44B452}.Debug|x86.Build.0 = Debug|Any CPU
		{CCCDB50F-86E0-43BC-B46C-65DF4A44B452}.Release|Any CPU.ActiveCfg = Release|Any CPU
		{CCCDB50F-86E0-43BC-B46C-65DF4A44B452}.Release|Any CPU.Build.0 = Release|Any CPU
		{CCCDB50F-86E0-43BC-B46C-65DF4A44B452}.Release|x64.ActiveCfg = Release|Any CPU
		{CCCDB50F-86E0-43BC-B46C-65DF4A44B452}.Release|x64.Build.0 = Release|Any CPU
		{CCCDB50F-86E0-43BC-B46C-65DF4A44B452}.Release|x86.ActiveCfg = Release|Any CPU
		{CCCDB50F-86E0-43BC-B46C-65DF4A44B452}.Release|x86.Build.0 = Release|Any CPU
		{F22F7B1D-7850-4C0E-BAEC-EA9CDFF821D7}.Debug|Any CPU.ActiveCfg = Debug|Any CPU
		{F22F7B1D-7850-4C0E-BAEC-EA9CDFF821D7}.Debug|Any CPU.Build.0 = Debug|Any CPU
		{F22F7B1D-7850-4C0E-BAEC-EA9CDFF821D7}.Debug|x64.ActiveCfg = Debug|Any CPU
		{F22F7B1D-7850-4C0E-BAEC-EA9CDFF821D7}.Debug|x64.Build.0 = Debug|Any CPU
		{F22F7B1D-7850-4C0E-BAEC-EA9CDFF821D7}.Debug|x86.ActiveCfg = Debug|Any CPU
		{F22F7B1D-7850-4C0E-BAEC-EA9CDFF821D7}.Debug|x86.Build.0 = Debug|Any CPU
		{F22F7B1D-7850-4C0E-BAEC-EA9CDFF821D7}.Release|Any CPU.ActiveCfg = Release|Any CPU
		{F22F7B1D-7850-4C0E-BAEC-EA9CDFF821D7}.Release|Any CPU.Build.0 = Release|Any CPU
		{F22F7B1D-7850-4C0E-BAEC-EA9CDFF821D7}.Release|x64.ActiveCfg = Release|Any CPU
		{F22F7B1D-7850-4C0E-BAEC-EA9CDFF821D7}.Release|x64.Build.0 = Release|Any CPU
		{F22F7B1D-7850-4C0E-BAEC-EA9CDFF821D7}.Release|x86.ActiveCfg = Release|Any CPU
		{F22F7B1D-7850-4C0E-BAEC-EA9CDFF821D7}.Release|x86.Build.0 = Release|Any CPU
		{752937FF-D3AC-46EB-9A5E-1976AE72591F}.Debug|Any CPU.ActiveCfg = Debug|Any CPU
		{752937FF-D3AC-46EB-9A5E-1976AE72591F}.Debug|Any CPU.Build.0 = Debug|Any CPU
		{752937FF-D3AC-46EB-9A5E-1976AE72591F}.Debug|x64.ActiveCfg = Debug|Any CPU
		{752937FF-D3AC-46EB-9A5E-1976AE72591F}.Debug|x64.Build.0 = Debug|Any CPU
		{752937FF-D3AC-46EB-9A5E-1976AE72591F}.Debug|x86.ActiveCfg = Debug|Any CPU
		{752937FF-D3AC-46EB-9A5E-1976AE72591F}.Debug|x86.Build.0 = Debug|Any CPU
		{752937FF-D3AC-46EB-9A5E-1976AE72591F}.Release|Any CPU.ActiveCfg = Release|Any CPU
		{752937FF-D3AC-46EB-9A5E-1976AE72591F}.Release|Any CPU.Build.0 = Release|Any CPU
		{752937FF-D3AC-46EB-9A5E-1976AE72591F}.Release|x64.ActiveCfg = Release|Any CPU
		{752937FF-D3AC-46EB-9A5E-1976AE72591F}.Release|x64.Build.0 = Release|Any CPU
		{752937FF-D3AC-46EB-9A5E-1976AE72591F}.Release|x86.ActiveCfg = Release|Any CPU
		{752937FF-D3AC-46EB-9A5E-1976AE72591F}.Release|x86.Build.0 = Release|Any CPU
		{61442506-96CD-457B-88B6-BF2C718B2E08}.Debug|Any CPU.ActiveCfg = Debug|Any CPU
		{61442506-96CD-457B-88B6-BF2C718B2E08}.Debug|Any CPU.Build.0 = Debug|Any CPU
		{61442506-96CD-457B-88B6-BF2C718B2E08}.Debug|x64.ActiveCfg = Debug|Any CPU
		{61442506-96CD-457B-88B6-BF2C718B2E08}.Debug|x64.Build.0 = Debug|Any CPU
		{61442506-96CD-457B-88B6-BF2C718B2E08}.Debug|x86.ActiveCfg = Debug|Any CPU
		{61442506-96CD-457B-88B6-BF2C718B2E08}.Debug|x86.Build.0 = Debug|Any CPU
		{61442506-96CD-457B-88B6-BF2C718B2E08}.Release|Any CPU.ActiveCfg = Release|Any CPU
		{61442506-96CD-457B-88B6-BF2C718B2E08}.Release|Any CPU.Build.0 = Release|Any CPU
		{61442506-96CD-457B-88B6-BF2C718B2E08}.Release|x64.ActiveCfg = Release|Any CPU
		{61442506-96CD-457B-88B6-BF2C718B2E08}.Release|x64.Build.0 = Release|Any CPU
		{61442506-96CD-457B-88B6-BF2C718B2E08}.Release|x86.ActiveCfg = Release|Any CPU
		{61442506-96CD-457B-88B6-BF2C718B2E08}.Release|x86.Build.0 = Release|Any CPU
		{5D1C84A4-1930-4DE1-9D80-323D9B73B1BF}.Debug|Any CPU.ActiveCfg = Debug|Any CPU
		{5D1C84A4-1930-4DE1-9D80-323D9B73B1BF}.Debug|Any CPU.Build.0 = Debug|Any CPU
		{5D1C84A4-1930-4DE1-9D80-323D9B73B1BF}.Debug|x64.ActiveCfg = Debug|Any CPU
		{5D1C84A4-1930-4DE1-9D80-323D9B73B1BF}.Debug|x64.Build.0 = Debug|Any CPU
		{5D1C84A4-1930-4DE1-9D80-323D9B73B1BF}.Debug|x86.ActiveCfg = Debug|Any CPU
		{5D1C84A4-1930-4DE1-9D80-323D9B73B1BF}.Debug|x86.Build.0 = Debug|Any CPU
		{5D1C84A4-1930-4DE1-9D80-323D9B73B1BF}.Release|Any CPU.ActiveCfg = Release|Any CPU
		{5D1C84A4-1930-4DE1-9D80-323D9B73B1BF}.Release|Any CPU.Build.0 = Release|Any CPU
		{5D1C84A4-1930-4DE1-9D80-323D9B73B1BF}.Release|x64.ActiveCfg = Release|Any CPU
		{5D1C84A4-1930-4DE1-9D80-323D9B73B1BF}.Release|x64.Build.0 = Release|Any CPU
		{5D1C84A4-1930-4DE1-9D80-323D9B73B1BF}.Release|x86.ActiveCfg = Release|Any CPU
		{5D1C84A4-1930-4DE1-9D80-323D9B73B1BF}.Release|x86.Build.0 = Release|Any CPU
		{C030C086-24B8-43FC-9925-617090531D1A}.Debug|Any CPU.ActiveCfg = Debug|Any CPU
		{C030C086-24B8-43FC-9925-617090531D1A}.Debug|Any CPU.Build.0 = Debug|Any CPU
		{C030C086-24B8-43FC-9925-617090531D1A}.Debug|x64.ActiveCfg = Debug|Any CPU
		{C030C086-24B8-43FC-9925-617090531D1A}.Debug|x64.Build.0 = Debug|Any CPU
		{C030C086-24B8-43FC-9925-617090531D1A}.Debug|x86.ActiveCfg = Debug|Any CPU
		{C030C086-24B8-43FC-9925-617090531D1A}.Debug|x86.Build.0 = Debug|Any CPU
		{C030C086-24B8-43FC-9925-617090531D1A}.Release|Any CPU.ActiveCfg = Release|Any CPU
		{C030C086-24B8-43FC-9925-617090531D1A}.Release|Any CPU.Build.0 = Release|Any CPU
		{C030C086-24B8-43FC-9925-617090531D1A}.Release|x64.ActiveCfg = Release|Any CPU
		{C030C086-24B8-43FC-9925-617090531D1A}.Release|x64.Build.0 = Release|Any CPU
		{C030C086-24B8-43FC-9925-617090531D1A}.Release|x86.ActiveCfg = Release|Any CPU
		{C030C086-24B8-43FC-9925-617090531D1A}.Release|x86.Build.0 = Release|Any CPU
		{E7E1018C-A647-4B8E-9E45-9D0D4BA91F44}.Debug|Any CPU.ActiveCfg = Debug|Any CPU
		{E7E1018C-A647-4B8E-9E45-9D0D4BA91F44}.Debug|Any CPU.Build.0 = Debug|Any CPU
		{E7E1018C-A647-4B8E-9E45-9D0D4BA91F44}.Debug|x64.ActiveCfg = Debug|Any CPU
		{E7E1018C-A647-4B8E-9E45-9D0D4BA91F44}.Debug|x64.Build.0 = Debug|Any CPU
		{E7E1018C-A647-4B8E-9E45-9D0D4BA91F44}.Debug|x86.ActiveCfg = Debug|Any CPU
		{E7E1018C-A647-4B8E-9E45-9D0D4BA91F44}.Debug|x86.Build.0 = Debug|Any CPU
		{E7E1018C-A647-4B8E-9E45-9D0D4BA91F44}.Release|Any CPU.ActiveCfg = Release|Any CPU
		{E7E1018C-A647-4B8E-9E45-9D0D4BA91F44}.Release|Any CPU.Build.0 = Release|Any CPU
		{E7E1018C-A647-4B8E-9E45-9D0D4BA91F44}.Release|x64.ActiveCfg = Release|Any CPU
		{E7E1018C-A647-4B8E-9E45-9D0D4BA91F44}.Release|x64.Build.0 = Release|Any CPU
		{E7E1018C-A647-4B8E-9E45-9D0D4BA91F44}.Release|x86.ActiveCfg = Release|Any CPU
		{E7E1018C-A647-4B8E-9E45-9D0D4BA91F44}.Release|x86.Build.0 = Release|Any CPU
		{D95EF875-AB35-45F7-A44B-B13A240B2F8D}.Debug|Any CPU.ActiveCfg = Debug|Any CPU
		{D95EF875-AB35-45F7-A44B-B13A240B2F8D}.Debug|Any CPU.Build.0 = Debug|Any CPU
		{D95EF875-AB35-45F7-A44B-B13A240B2F8D}.Debug|x64.ActiveCfg = Debug|Any CPU
		{D95EF875-AB35-45F7-A44B-B13A240B2F8D}.Debug|x64.Build.0 = Debug|Any CPU
		{D95EF875-AB35-45F7-A44B-B13A240B2F8D}.Debug|x86.ActiveCfg = Debug|Any CPU
		{D95EF875-AB35-45F7-A44B-B13A240B2F8D}.Debug|x86.Build.0 = Debug|Any CPU
		{D95EF875-AB35-45F7-A44B-B13A240B2F8D}.Release|Any CPU.ActiveCfg = Release|Any CPU
		{D95EF875-AB35-45F7-A44B-B13A240B2F8D}.Release|Any CPU.Build.0 = Release|Any CPU
		{D95EF875-AB35-45F7-A44B-B13A240B2F8D}.Release|x64.ActiveCfg = Release|Any CPU
		{D95EF875-AB35-45F7-A44B-B13A240B2F8D}.Release|x64.Build.0 = Release|Any CPU
		{D95EF875-AB35-45F7-A44B-B13A240B2F8D}.Release|x86.ActiveCfg = Release|Any CPU
		{D95EF875-AB35-45F7-A44B-B13A240B2F8D}.Release|x86.Build.0 = Release|Any CPU
		{02ACC185-D63D-4975-B214-5EE12CA968B6}.Debug|Any CPU.ActiveCfg = Debug|Any CPU
		{02ACC185-D63D-4975-B214-5EE12CA968B6}.Debug|Any CPU.Build.0 = Debug|Any CPU
		{02ACC185-D63D-4975-B214-5EE12CA968B6}.Debug|x64.ActiveCfg = Debug|Any CPU
		{02ACC185-D63D-4975-B214-5EE12CA968B6}.Debug|x64.Build.0 = Debug|Any CPU
		{02ACC185-D63D-4975-B214-5EE12CA968B6}.Debug|x86.ActiveCfg = Debug|Any CPU
		{02ACC185-D63D-4975-B214-5EE12CA968B6}.Debug|x86.Build.0 = Debug|Any CPU
		{02ACC185-D63D-4975-B214-5EE12CA968B6}.Release|Any CPU.ActiveCfg = Release|Any CPU
		{02ACC185-D63D-4975-B214-5EE12CA968B6}.Release|Any CPU.Build.0 = Release|Any CPU
		{02ACC185-D63D-4975-B214-5EE12CA968B6}.Release|x64.ActiveCfg = Release|Any CPU
		{02ACC185-D63D-4975-B214-5EE12CA968B6}.Release|x64.Build.0 = Release|Any CPU
		{02ACC185-D63D-4975-B214-5EE12CA968B6}.Release|x86.ActiveCfg = Release|Any CPU
		{02ACC185-D63D-4975-B214-5EE12CA968B6}.Release|x86.Build.0 = Release|Any CPU
		{7E57885F-EB6B-4ECD-814F-53F1C8D16889}.Debug|Any CPU.ActiveCfg = Debug|Any CPU
		{7E57885F-EB6B-4ECD-814F-53F1C8D16889}.Debug|Any CPU.Build.0 = Debug|Any CPU
		{7E57885F-EB6B-4ECD-814F-53F1C8D16889}.Debug|x64.ActiveCfg = Debug|Any CPU
		{7E57885F-EB6B-4ECD-814F-53F1C8D16889}.Debug|x64.Build.0 = Debug|Any CPU
		{7E57885F-EB6B-4ECD-814F-53F1C8D16889}.Debug|x86.ActiveCfg = Debug|Any CPU
		{7E57885F-EB6B-4ECD-814F-53F1C8D16889}.Debug|x86.Build.0 = Debug|Any CPU
		{7E57885F-EB6B-4ECD-814F-53F1C8D16889}.Release|Any CPU.ActiveCfg = Release|Any CPU
		{7E57885F-EB6B-4ECD-814F-53F1C8D16889}.Release|Any CPU.Build.0 = Release|Any CPU
		{7E57885F-EB6B-4ECD-814F-53F1C8D16889}.Release|x64.ActiveCfg = Release|Any CPU
		{7E57885F-EB6B-4ECD-814F-53F1C8D16889}.Release|x64.Build.0 = Release|Any CPU
		{7E57885F-EB6B-4ECD-814F-53F1C8D16889}.Release|x86.ActiveCfg = Release|Any CPU
		{7E57885F-EB6B-4ECD-814F-53F1C8D16889}.Release|x86.Build.0 = Release|Any CPU
		{69CCCDE5-BF1A-43D7-8F4E-AC36211405D2}.Debug|Any CPU.ActiveCfg = Debug|Any CPU
		{69CCCDE5-BF1A-43D7-8F4E-AC36211405D2}.Debug|Any CPU.Build.0 = Debug|Any CPU
		{69CCCDE5-BF1A-43D7-8F4E-AC36211405D2}.Debug|x64.ActiveCfg = Debug|Any CPU
		{69CCCDE5-BF1A-43D7-8F4E-AC36211405D2}.Debug|x64.Build.0 = Debug|Any CPU
		{69CCCDE5-BF1A-43D7-8F4E-AC36211405D2}.Debug|x86.ActiveCfg = Debug|Any CPU
		{69CCCDE5-BF1A-43D7-8F4E-AC36211405D2}.Debug|x86.Build.0 = Debug|Any CPU
		{69CCCDE5-BF1A-43D7-8F4E-AC36211405D2}.Release|Any CPU.ActiveCfg = Release|Any CPU
		{69CCCDE5-BF1A-43D7-8F4E-AC36211405D2}.Release|Any CPU.Build.0 = Release|Any CPU
		{69CCCDE5-BF1A-43D7-8F4E-AC36211405D2}.Release|x64.ActiveCfg = Release|Any CPU
		{69CCCDE5-BF1A-43D7-8F4E-AC36211405D2}.Release|x64.Build.0 = Release|Any CPU
		{69CCCDE5-BF1A-43D7-8F4E-AC36211405D2}.Release|x86.ActiveCfg = Release|Any CPU
		{69CCCDE5-BF1A-43D7-8F4E-AC36211405D2}.Release|x86.Build.0 = Release|Any CPU
		{911A0049-270C-40F0-A585-1322BC18F016}.Debug|Any CPU.ActiveCfg = Debug|Any CPU
		{911A0049-270C-40F0-A585-1322BC18F016}.Debug|Any CPU.Build.0 = Debug|Any CPU
		{911A0049-270C-40F0-A585-1322BC18F016}.Debug|x64.ActiveCfg = Debug|Any CPU
		{911A0049-270C-40F0-A585-1322BC18F016}.Debug|x64.Build.0 = Debug|Any CPU
		{911A0049-270C-40F0-A585-1322BC18F016}.Debug|x86.ActiveCfg = Debug|Any CPU
		{911A0049-270C-40F0-A585-1322BC18F016}.Debug|x86.Build.0 = Debug|Any CPU
		{911A0049-270C-40F0-A585-1322BC18F016}.Release|Any CPU.ActiveCfg = Release|Any CPU
		{911A0049-270C-40F0-A585-1322BC18F016}.Release|Any CPU.Build.0 = Release|Any CPU
		{911A0049-270C-40F0-A585-1322BC18F016}.Release|x64.ActiveCfg = Release|Any CPU
		{911A0049-270C-40F0-A585-1322BC18F016}.Release|x64.Build.0 = Release|Any CPU
		{911A0049-270C-40F0-A585-1322BC18F016}.Release|x86.ActiveCfg = Release|Any CPU
		{911A0049-270C-40F0-A585-1322BC18F016}.Release|x86.Build.0 = Release|Any CPU
		{D4D0DB7A-9DE0-4D25-9432-66DDA4571F97}.Debug|Any CPU.ActiveCfg = Debug|Any CPU
		{D4D0DB7A-9DE0-4D25-9432-66DDA4571F97}.Debug|Any CPU.Build.0 = Debug|Any CPU
		{D4D0DB7A-9DE0-4D25-9432-66DDA4571F97}.Debug|x64.ActiveCfg = Debug|Any CPU
		{D4D0DB7A-9DE0-4D25-9432-66DDA4571F97}.Debug|x64.Build.0 = Debug|Any CPU
		{D4D0DB7A-9DE0-4D25-9432-66DDA4571F97}.Debug|x86.ActiveCfg = Debug|Any CPU
		{D4D0DB7A-9DE0-4D25-9432-66DDA4571F97}.Debug|x86.Build.0 = Debug|Any CPU
		{D4D0DB7A-9DE0-4D25-9432-66DDA4571F97}.Release|Any CPU.ActiveCfg = Release|Any CPU
		{D4D0DB7A-9DE0-4D25-9432-66DDA4571F97}.Release|Any CPU.Build.0 = Release|Any CPU
		{D4D0DB7A-9DE0-4D25-9432-66DDA4571F97}.Release|x64.ActiveCfg = Release|Any CPU
		{D4D0DB7A-9DE0-4D25-9432-66DDA4571F97}.Release|x64.Build.0 = Release|Any CPU
		{D4D0DB7A-9DE0-4D25-9432-66DDA4571F97}.Release|x86.ActiveCfg = Release|Any CPU
		{D4D0DB7A-9DE0-4D25-9432-66DDA4571F97}.Release|x86.Build.0 = Release|Any CPU
		{361577ED-26D6-4D21-B12B-37A5E2E5EEF1}.Debug|Any CPU.ActiveCfg = Debug|Any CPU
		{361577ED-26D6-4D21-B12B-37A5E2E5EEF1}.Debug|Any CPU.Build.0 = Debug|Any CPU
		{361577ED-26D6-4D21-B12B-37A5E2E5EEF1}.Debug|x64.ActiveCfg = Debug|Any CPU
		{361577ED-26D6-4D21-B12B-37A5E2E5EEF1}.Debug|x64.Build.0 = Debug|Any CPU
		{361577ED-26D6-4D21-B12B-37A5E2E5EEF1}.Debug|x86.ActiveCfg = Debug|Any CPU
		{361577ED-26D6-4D21-B12B-37A5E2E5EEF1}.Debug|x86.Build.0 = Debug|Any CPU
		{361577ED-26D6-4D21-B12B-37A5E2E5EEF1}.Release|Any CPU.ActiveCfg = Release|Any CPU
		{361577ED-26D6-4D21-B12B-37A5E2E5EEF1}.Release|Any CPU.Build.0 = Release|Any CPU
		{361577ED-26D6-4D21-B12B-37A5E2E5EEF1}.Release|x64.ActiveCfg = Release|Any CPU
		{361577ED-26D6-4D21-B12B-37A5E2E5EEF1}.Release|x64.Build.0 = Release|Any CPU
		{361577ED-26D6-4D21-B12B-37A5E2E5EEF1}.Release|x86.ActiveCfg = Release|Any CPU
		{361577ED-26D6-4D21-B12B-37A5E2E5EEF1}.Release|x86.Build.0 = Release|Any CPU
		{BCF8A8FD-EB1C-4395-BFCD-DDEB27388575}.Debug|Any CPU.ActiveCfg = Debug|Any CPU
		{BCF8A8FD-EB1C-4395-BFCD-DDEB27388575}.Debug|Any CPU.Build.0 = Debug|Any CPU
		{BCF8A8FD-EB1C-4395-BFCD-DDEB27388575}.Debug|x64.ActiveCfg = Debug|Any CPU
		{BCF8A8FD-EB1C-4395-BFCD-DDEB27388575}.Debug|x64.Build.0 = Debug|Any CPU
		{BCF8A8FD-EB1C-4395-BFCD-DDEB27388575}.Debug|x86.ActiveCfg = Debug|Any CPU
		{BCF8A8FD-EB1C-4395-BFCD-DDEB27388575}.Debug|x86.Build.0 = Debug|Any CPU
		{BCF8A8FD-EB1C-4395-BFCD-DDEB27388575}.Release|Any CPU.ActiveCfg = Release|Any CPU
		{BCF8A8FD-EB1C-4395-BFCD-DDEB27388575}.Release|Any CPU.Build.0 = Release|Any CPU
		{BCF8A8FD-EB1C-4395-BFCD-DDEB27388575}.Release|x64.ActiveCfg = Release|Any CPU
		{BCF8A8FD-EB1C-4395-BFCD-DDEB27388575}.Release|x64.Build.0 = Release|Any CPU
		{BCF8A8FD-EB1C-4395-BFCD-DDEB27388575}.Release|x86.ActiveCfg = Release|Any CPU
		{BCF8A8FD-EB1C-4395-BFCD-DDEB27388575}.Release|x86.Build.0 = Release|Any CPU
		{510A04B4-6895-4392-B317-376EE25CB1D4}.Debug|Any CPU.ActiveCfg = Debug|Any CPU
		{510A04B4-6895-4392-B317-376EE25CB1D4}.Debug|Any CPU.Build.0 = Debug|Any CPU
		{510A04B4-6895-4392-B317-376EE25CB1D4}.Debug|x64.ActiveCfg = Debug|Any CPU
		{510A04B4-6895-4392-B317-376EE25CB1D4}.Debug|x64.Build.0 = Debug|Any CPU
		{510A04B4-6895-4392-B317-376EE25CB1D4}.Debug|x86.ActiveCfg = Debug|Any CPU
		{510A04B4-6895-4392-B317-376EE25CB1D4}.Debug|x86.Build.0 = Debug|Any CPU
		{510A04B4-6895-4392-B317-376EE25CB1D4}.Release|Any CPU.ActiveCfg = Release|Any CPU
		{510A04B4-6895-4392-B317-376EE25CB1D4}.Release|Any CPU.Build.0 = Release|Any CPU
		{510A04B4-6895-4392-B317-376EE25CB1D4}.Release|x64.ActiveCfg = Release|Any CPU
		{510A04B4-6895-4392-B317-376EE25CB1D4}.Release|x64.Build.0 = Release|Any CPU
		{510A04B4-6895-4392-B317-376EE25CB1D4}.Release|x86.ActiveCfg = Release|Any CPU
		{510A04B4-6895-4392-B317-376EE25CB1D4}.Release|x86.Build.0 = Release|Any CPU
		{6214B699-8904-45FF-A299-C932804236FE}.Debug|Any CPU.ActiveCfg = Debug|Any CPU
		{6214B699-8904-45FF-A299-C932804236FE}.Debug|Any CPU.Build.0 = Debug|Any CPU
		{6214B699-8904-45FF-A299-C932804236FE}.Debug|x64.ActiveCfg = Debug|Any CPU
		{6214B699-8904-45FF-A299-C932804236FE}.Debug|x64.Build.0 = Debug|Any CPU
		{6214B699-8904-45FF-A299-C932804236FE}.Debug|x86.ActiveCfg = Debug|Any CPU
		{6214B699-8904-45FF-A299-C932804236FE}.Debug|x86.Build.0 = Debug|Any CPU
		{6214B699-8904-45FF-A299-C932804236FE}.Release|Any CPU.ActiveCfg = Release|Any CPU
		{6214B699-8904-45FF-A299-C932804236FE}.Release|Any CPU.Build.0 = Release|Any CPU
		{6214B699-8904-45FF-A299-C932804236FE}.Release|x64.ActiveCfg = Release|Any CPU
		{6214B699-8904-45FF-A299-C932804236FE}.Release|x64.Build.0 = Release|Any CPU
		{6214B699-8904-45FF-A299-C932804236FE}.Release|x86.ActiveCfg = Release|Any CPU
		{6214B699-8904-45FF-A299-C932804236FE}.Release|x86.Build.0 = Release|Any CPU
		{FE95BFEC-EBEC-4A26-A939-EB68E005701A}.Debug|Any CPU.ActiveCfg = Debug|Any CPU
		{FE95BFEC-EBEC-4A26-A939-EB68E005701A}.Debug|Any CPU.Build.0 = Debug|Any CPU
		{FE95BFEC-EBEC-4A26-A939-EB68E005701A}.Debug|x64.ActiveCfg = Debug|Any CPU
		{FE95BFEC-EBEC-4A26-A939-EB68E005701A}.Debug|x64.Build.0 = Debug|Any CPU
		{FE95BFEC-EBEC-4A26-A939-EB68E005701A}.Debug|x86.ActiveCfg = Debug|Any CPU
		{FE95BFEC-EBEC-4A26-A939-EB68E005701A}.Debug|x86.Build.0 = Debug|Any CPU
		{FE95BFEC-EBEC-4A26-A939-EB68E005701A}.Release|Any CPU.ActiveCfg = Release|Any CPU
		{FE95BFEC-EBEC-4A26-A939-EB68E005701A}.Release|Any CPU.Build.0 = Release|Any CPU
		{FE95BFEC-EBEC-4A26-A939-EB68E005701A}.Release|x64.ActiveCfg = Release|Any CPU
		{FE95BFEC-EBEC-4A26-A939-EB68E005701A}.Release|x64.Build.0 = Release|Any CPU
		{FE95BFEC-EBEC-4A26-A939-EB68E005701A}.Release|x86.ActiveCfg = Release|Any CPU
		{FE95BFEC-EBEC-4A26-A939-EB68E005701A}.Release|x86.Build.0 = Release|Any CPU
		{6C57A06B-3EC7-4CA5-BC5E-480BE8A2A4C8}.Debug|Any CPU.ActiveCfg = Debug|Any CPU
		{6C57A06B-3EC7-4CA5-BC5E-480BE8A2A4C8}.Debug|Any CPU.Build.0 = Debug|Any CPU
		{6C57A06B-3EC7-4CA5-BC5E-480BE8A2A4C8}.Debug|x64.ActiveCfg = Debug|Any CPU
		{6C57A06B-3EC7-4CA5-BC5E-480BE8A2A4C8}.Debug|x64.Build.0 = Debug|Any CPU
		{6C57A06B-3EC7-4CA5-BC5E-480BE8A2A4C8}.Debug|x86.ActiveCfg = Debug|Any CPU
		{6C57A06B-3EC7-4CA5-BC5E-480BE8A2A4C8}.Debug|x86.Build.0 = Debug|Any CPU
		{6C57A06B-3EC7-4CA5-BC5E-480BE8A2A4C8}.Release|Any CPU.ActiveCfg = Release|Any CPU
		{6C57A06B-3EC7-4CA5-BC5E-480BE8A2A4C8}.Release|Any CPU.Build.0 = Release|Any CPU
		{6C57A06B-3EC7-4CA5-BC5E-480BE8A2A4C8}.Release|x64.ActiveCfg = Release|Any CPU
		{6C57A06B-3EC7-4CA5-BC5E-480BE8A2A4C8}.Release|x64.Build.0 = Release|Any CPU
		{6C57A06B-3EC7-4CA5-BC5E-480BE8A2A4C8}.Release|x86.ActiveCfg = Release|Any CPU
		{6C57A06B-3EC7-4CA5-BC5E-480BE8A2A4C8}.Release|x86.Build.0 = Release|Any CPU
		{F2EDD60B-D2B8-424B-ABEB-257D883D86B9}.Debug|Any CPU.ActiveCfg = Debug|Any CPU
		{F2EDD60B-D2B8-424B-ABEB-257D883D86B9}.Debug|Any CPU.Build.0 = Debug|Any CPU
		{F2EDD60B-D2B8-424B-ABEB-257D883D86B9}.Debug|x64.ActiveCfg = Debug|Any CPU
		{F2EDD60B-D2B8-424B-ABEB-257D883D86B9}.Debug|x64.Build.0 = Debug|Any CPU
		{F2EDD60B-D2B8-424B-ABEB-257D883D86B9}.Debug|x86.ActiveCfg = Debug|Any CPU
		{F2EDD60B-D2B8-424B-ABEB-257D883D86B9}.Debug|x86.Build.0 = Debug|Any CPU
		{F2EDD60B-D2B8-424B-ABEB-257D883D86B9}.Release|Any CPU.ActiveCfg = Release|Any CPU
		{F2EDD60B-D2B8-424B-ABEB-257D883D86B9}.Release|Any CPU.Build.0 = Release|Any CPU
		{F2EDD60B-D2B8-424B-ABEB-257D883D86B9}.Release|x64.ActiveCfg = Release|Any CPU
		{F2EDD60B-D2B8-424B-ABEB-257D883D86B9}.Release|x64.Build.0 = Release|Any CPU
		{F2EDD60B-D2B8-424B-ABEB-257D883D86B9}.Release|x86.ActiveCfg = Release|Any CPU
		{F2EDD60B-D2B8-424B-ABEB-257D883D86B9}.Release|x86.Build.0 = Release|Any CPU
		{F69C55D8-D739-4456-9666-46A2D0522F19}.Debug|Any CPU.ActiveCfg = Debug|Any CPU
		{F69C55D8-D739-4456-9666-46A2D0522F19}.Debug|Any CPU.Build.0 = Debug|Any CPU
		{F69C55D8-D739-4456-9666-46A2D0522F19}.Debug|x64.ActiveCfg = Debug|Any CPU
		{F69C55D8-D739-4456-9666-46A2D0522F19}.Debug|x64.Build.0 = Debug|Any CPU
		{F69C55D8-D739-4456-9666-46A2D0522F19}.Debug|x86.ActiveCfg = Debug|Any CPU
		{F69C55D8-D739-4456-9666-46A2D0522F19}.Debug|x86.Build.0 = Debug|Any CPU
		{F69C55D8-D739-4456-9666-46A2D0522F19}.Release|Any CPU.ActiveCfg = Release|Any CPU
		{F69C55D8-D739-4456-9666-46A2D0522F19}.Release|Any CPU.Build.0 = Release|Any CPU
		{F69C55D8-D739-4456-9666-46A2D0522F19}.Release|x64.ActiveCfg = Release|Any CPU
		{F69C55D8-D739-4456-9666-46A2D0522F19}.Release|x64.Build.0 = Release|Any CPU
		{F69C55D8-D739-4456-9666-46A2D0522F19}.Release|x86.ActiveCfg = Release|Any CPU
		{F69C55D8-D739-4456-9666-46A2D0522F19}.Release|x86.Build.0 = Release|Any CPU
		{3511E458-70EB-46AB-9BC1-E6CCAC94E6A2}.Debug|Any CPU.ActiveCfg = Debug|Any CPU
		{3511E458-70EB-46AB-9BC1-E6CCAC94E6A2}.Debug|Any CPU.Build.0 = Debug|Any CPU
		{3511E458-70EB-46AB-9BC1-E6CCAC94E6A2}.Debug|x64.ActiveCfg = Debug|Any CPU
		{3511E458-70EB-46AB-9BC1-E6CCAC94E6A2}.Debug|x64.Build.0 = Debug|Any CPU
		{3511E458-70EB-46AB-9BC1-E6CCAC94E6A2}.Debug|x86.ActiveCfg = Debug|Any CPU
		{3511E458-70EB-46AB-9BC1-E6CCAC94E6A2}.Debug|x86.Build.0 = Debug|Any CPU
		{3511E458-70EB-46AB-9BC1-E6CCAC94E6A2}.Release|Any CPU.ActiveCfg = Release|Any CPU
		{3511E458-70EB-46AB-9BC1-E6CCAC94E6A2}.Release|Any CPU.Build.0 = Release|Any CPU
		{3511E458-70EB-46AB-9BC1-E6CCAC94E6A2}.Release|x64.ActiveCfg = Release|Any CPU
		{3511E458-70EB-46AB-9BC1-E6CCAC94E6A2}.Release|x64.Build.0 = Release|Any CPU
		{3511E458-70EB-46AB-9BC1-E6CCAC94E6A2}.Release|x86.ActiveCfg = Release|Any CPU
		{3511E458-70EB-46AB-9BC1-E6CCAC94E6A2}.Release|x86.Build.0 = Release|Any CPU
		{090D19FE-6834-480B-93FF-1BE4A82F7EAD}.Debug|Any CPU.ActiveCfg = Debug|Any CPU
		{090D19FE-6834-480B-93FF-1BE4A82F7EAD}.Debug|Any CPU.Build.0 = Debug|Any CPU
		{090D19FE-6834-480B-93FF-1BE4A82F7EAD}.Debug|x64.ActiveCfg = Debug|Any CPU
		{090D19FE-6834-480B-93FF-1BE4A82F7EAD}.Debug|x64.Build.0 = Debug|Any CPU
		{090D19FE-6834-480B-93FF-1BE4A82F7EAD}.Debug|x86.ActiveCfg = Debug|Any CPU
		{090D19FE-6834-480B-93FF-1BE4A82F7EAD}.Debug|x86.Build.0 = Debug|Any CPU
		{090D19FE-6834-480B-93FF-1BE4A82F7EAD}.Release|Any CPU.ActiveCfg = Release|Any CPU
		{090D19FE-6834-480B-93FF-1BE4A82F7EAD}.Release|Any CPU.Build.0 = Release|Any CPU
		{090D19FE-6834-480B-93FF-1BE4A82F7EAD}.Release|x64.ActiveCfg = Release|Any CPU
		{090D19FE-6834-480B-93FF-1BE4A82F7EAD}.Release|x64.Build.0 = Release|Any CPU
		{090D19FE-6834-480B-93FF-1BE4A82F7EAD}.Release|x86.ActiveCfg = Release|Any CPU
		{090D19FE-6834-480B-93FF-1BE4A82F7EAD}.Release|x86.Build.0 = Release|Any CPU
		{BB1EBEBA-01E1-43D1-AE52-74B0C742D2D2}.Debug|Any CPU.ActiveCfg = Debug|Any CPU
		{BB1EBEBA-01E1-43D1-AE52-74B0C742D2D2}.Debug|Any CPU.Build.0 = Debug|Any CPU
		{BB1EBEBA-01E1-43D1-AE52-74B0C742D2D2}.Debug|x64.ActiveCfg = Debug|Any CPU
		{BB1EBEBA-01E1-43D1-AE52-74B0C742D2D2}.Debug|x64.Build.0 = Debug|Any CPU
		{BB1EBEBA-01E1-43D1-AE52-74B0C742D2D2}.Debug|x86.ActiveCfg = Debug|Any CPU
		{BB1EBEBA-01E1-43D1-AE52-74B0C742D2D2}.Debug|x86.Build.0 = Debug|Any CPU
		{BB1EBEBA-01E1-43D1-AE52-74B0C742D2D2}.Release|Any CPU.ActiveCfg = Release|Any CPU
		{BB1EBEBA-01E1-43D1-AE52-74B0C742D2D2}.Release|Any CPU.Build.0 = Release|Any CPU
		{BB1EBEBA-01E1-43D1-AE52-74B0C742D2D2}.Release|x64.ActiveCfg = Release|Any CPU
		{BB1EBEBA-01E1-43D1-AE52-74B0C742D2D2}.Release|x64.Build.0 = Release|Any CPU
		{BB1EBEBA-01E1-43D1-AE52-74B0C742D2D2}.Release|x86.ActiveCfg = Release|Any CPU
		{BB1EBEBA-01E1-43D1-AE52-74B0C742D2D2}.Release|x86.Build.0 = Release|Any CPU
		{C794F0F0-8C72-44AD-BA6C-901057CD7B80}.Debug|Any CPU.ActiveCfg = Debug|Any CPU
		{C794F0F0-8C72-44AD-BA6C-901057CD7B80}.Debug|Any CPU.Build.0 = Debug|Any CPU
		{C794F0F0-8C72-44AD-BA6C-901057CD7B80}.Debug|x64.ActiveCfg = Debug|Any CPU
		{C794F0F0-8C72-44AD-BA6C-901057CD7B80}.Debug|x64.Build.0 = Debug|Any CPU
		{C794F0F0-8C72-44AD-BA6C-901057CD7B80}.Debug|x86.ActiveCfg = Debug|Any CPU
		{C794F0F0-8C72-44AD-BA6C-901057CD7B80}.Debug|x86.Build.0 = Debug|Any CPU
		{C794F0F0-8C72-44AD-BA6C-901057CD7B80}.Release|Any CPU.ActiveCfg = Release|Any CPU
		{C794F0F0-8C72-44AD-BA6C-901057CD7B80}.Release|Any CPU.Build.0 = Release|Any CPU
		{C794F0F0-8C72-44AD-BA6C-901057CD7B80}.Release|x64.ActiveCfg = Release|Any CPU
		{C794F0F0-8C72-44AD-BA6C-901057CD7B80}.Release|x64.Build.0 = Release|Any CPU
		{C794F0F0-8C72-44AD-BA6C-901057CD7B80}.Release|x86.ActiveCfg = Release|Any CPU
		{C794F0F0-8C72-44AD-BA6C-901057CD7B80}.Release|x86.Build.0 = Release|Any CPU
		{2D51CE32-E00A-4F80-AFAF-9219C6844D63}.Debug|Any CPU.ActiveCfg = Debug|Any CPU
		{2D51CE32-E00A-4F80-AFAF-9219C6844D63}.Debug|Any CPU.Build.0 = Debug|Any CPU
		{2D51CE32-E00A-4F80-AFAF-9219C6844D63}.Debug|x64.ActiveCfg = Debug|Any CPU
		{2D51CE32-E00A-4F80-AFAF-9219C6844D63}.Debug|x64.Build.0 = Debug|Any CPU
		{2D51CE32-E00A-4F80-AFAF-9219C6844D63}.Debug|x86.ActiveCfg = Debug|Any CPU
		{2D51CE32-E00A-4F80-AFAF-9219C6844D63}.Debug|x86.Build.0 = Debug|Any CPU
		{2D51CE32-E00A-4F80-AFAF-9219C6844D63}.Release|Any CPU.ActiveCfg = Release|Any CPU
		{2D51CE32-E00A-4F80-AFAF-9219C6844D63}.Release|Any CPU.Build.0 = Release|Any CPU
		{2D51CE32-E00A-4F80-AFAF-9219C6844D63}.Release|x64.ActiveCfg = Release|Any CPU
		{2D51CE32-E00A-4F80-AFAF-9219C6844D63}.Release|x64.Build.0 = Release|Any CPU
		{2D51CE32-E00A-4F80-AFAF-9219C6844D63}.Release|x86.ActiveCfg = Release|Any CPU
		{2D51CE32-E00A-4F80-AFAF-9219C6844D63}.Release|x86.Build.0 = Release|Any CPU
		{C4769894-87C1-4CED-82A3-07D110BF8570}.Debug|Any CPU.ActiveCfg = Debug|Any CPU
		{C4769894-87C1-4CED-82A3-07D110BF8570}.Debug|Any CPU.Build.0 = Debug|Any CPU
		{C4769894-87C1-4CED-82A3-07D110BF8570}.Debug|x64.ActiveCfg = Debug|Any CPU
		{C4769894-87C1-4CED-82A3-07D110BF8570}.Debug|x64.Build.0 = Debug|Any CPU
		{C4769894-87C1-4CED-82A3-07D110BF8570}.Debug|x86.ActiveCfg = Debug|Any CPU
		{C4769894-87C1-4CED-82A3-07D110BF8570}.Debug|x86.Build.0 = Debug|Any CPU
		{C4769894-87C1-4CED-82A3-07D110BF8570}.Release|Any CPU.ActiveCfg = Release|Any CPU
		{C4769894-87C1-4CED-82A3-07D110BF8570}.Release|Any CPU.Build.0 = Release|Any CPU
		{C4769894-87C1-4CED-82A3-07D110BF8570}.Release|x64.ActiveCfg = Release|Any CPU
		{C4769894-87C1-4CED-82A3-07D110BF8570}.Release|x64.Build.0 = Release|Any CPU
		{C4769894-87C1-4CED-82A3-07D110BF8570}.Release|x86.ActiveCfg = Release|Any CPU
		{C4769894-87C1-4CED-82A3-07D110BF8570}.Release|x86.Build.0 = Release|Any CPU
		{8B11B144-9ADE-4C10-8EB7-C063D0DBADDB}.Debug|Any CPU.ActiveCfg = Debug|Any CPU
		{8B11B144-9ADE-4C10-8EB7-C063D0DBADDB}.Debug|Any CPU.Build.0 = Debug|Any CPU
		{8B11B144-9ADE-4C10-8EB7-C063D0DBADDB}.Debug|x64.ActiveCfg = Debug|Any CPU
		{8B11B144-9ADE-4C10-8EB7-C063D0DBADDB}.Debug|x64.Build.0 = Debug|Any CPU
		{8B11B144-9ADE-4C10-8EB7-C063D0DBADDB}.Debug|x86.ActiveCfg = Debug|Any CPU
		{8B11B144-9ADE-4C10-8EB7-C063D0DBADDB}.Debug|x86.Build.0 = Debug|Any CPU
		{8B11B144-9ADE-4C10-8EB7-C063D0DBADDB}.Release|Any CPU.ActiveCfg = Release|Any CPU
		{8B11B144-9ADE-4C10-8EB7-C063D0DBADDB}.Release|Any CPU.Build.0 = Release|Any CPU
		{8B11B144-9ADE-4C10-8EB7-C063D0DBADDB}.Release|x64.ActiveCfg = Release|Any CPU
		{8B11B144-9ADE-4C10-8EB7-C063D0DBADDB}.Release|x64.Build.0 = Release|Any CPU
		{8B11B144-9ADE-4C10-8EB7-C063D0DBADDB}.Release|x86.ActiveCfg = Release|Any CPU
		{8B11B144-9ADE-4C10-8EB7-C063D0DBADDB}.Release|x86.Build.0 = Release|Any CPU
		{A5883172-27AE-453F-A3A2-014A95D44FA9}.Debug|Any CPU.ActiveCfg = Debug|Any CPU
		{A5883172-27AE-453F-A3A2-014A95D44FA9}.Debug|Any CPU.Build.0 = Debug|Any CPU
		{A5883172-27AE-453F-A3A2-014A95D44FA9}.Debug|x64.ActiveCfg = Debug|Any CPU
		{A5883172-27AE-453F-A3A2-014A95D44FA9}.Debug|x64.Build.0 = Debug|Any CPU
		{A5883172-27AE-453F-A3A2-014A95D44FA9}.Debug|x86.ActiveCfg = Debug|Any CPU
		{A5883172-27AE-453F-A3A2-014A95D44FA9}.Debug|x86.Build.0 = Debug|Any CPU
		{A5883172-27AE-453F-A3A2-014A95D44FA9}.Release|Any CPU.ActiveCfg = Release|Any CPU
		{A5883172-27AE-453F-A3A2-014A95D44FA9}.Release|Any CPU.Build.0 = Release|Any CPU
		{A5883172-27AE-453F-A3A2-014A95D44FA9}.Release|x64.ActiveCfg = Release|Any CPU
		{A5883172-27AE-453F-A3A2-014A95D44FA9}.Release|x64.Build.0 = Release|Any CPU
		{A5883172-27AE-453F-A3A2-014A95D44FA9}.Release|x86.ActiveCfg = Release|Any CPU
		{A5883172-27AE-453F-A3A2-014A95D44FA9}.Release|x86.Build.0 = Release|Any CPU
		{C7943DA4-DFDA-4BAA-BD51-ABE17E8DA7D6}.Debug|Any CPU.ActiveCfg = Debug|Any CPU
		{C7943DA4-DFDA-4BAA-BD51-ABE17E8DA7D6}.Debug|Any CPU.Build.0 = Debug|Any CPU
		{C7943DA4-DFDA-4BAA-BD51-ABE17E8DA7D6}.Debug|x64.ActiveCfg = Debug|Any CPU
		{C7943DA4-DFDA-4BAA-BD51-ABE17E8DA7D6}.Debug|x64.Build.0 = Debug|Any CPU
		{C7943DA4-DFDA-4BAA-BD51-ABE17E8DA7D6}.Debug|x86.ActiveCfg = Debug|Any CPU
		{C7943DA4-DFDA-4BAA-BD51-ABE17E8DA7D6}.Debug|x86.Build.0 = Debug|Any CPU
		{C7943DA4-DFDA-4BAA-BD51-ABE17E8DA7D6}.Release|Any CPU.ActiveCfg = Release|Any CPU
		{C7943DA4-DFDA-4BAA-BD51-ABE17E8DA7D6}.Release|Any CPU.Build.0 = Release|Any CPU
		{C7943DA4-DFDA-4BAA-BD51-ABE17E8DA7D6}.Release|x64.ActiveCfg = Release|Any CPU
		{C7943DA4-DFDA-4BAA-BD51-ABE17E8DA7D6}.Release|x64.Build.0 = Release|Any CPU
		{C7943DA4-DFDA-4BAA-BD51-ABE17E8DA7D6}.Release|x86.ActiveCfg = Release|Any CPU
		{C7943DA4-DFDA-4BAA-BD51-ABE17E8DA7D6}.Release|x86.Build.0 = Release|Any CPU
		{D1AD06B8-1DA9-4390-877E-CC41A93C2A9C}.Debug|Any CPU.ActiveCfg = Debug|Any CPU
		{D1AD06B8-1DA9-4390-877E-CC41A93C2A9C}.Debug|Any CPU.Build.0 = Debug|Any CPU
		{D1AD06B8-1DA9-4390-877E-CC41A93C2A9C}.Debug|x64.ActiveCfg = Debug|Any CPU
		{D1AD06B8-1DA9-4390-877E-CC41A93C2A9C}.Debug|x64.Build.0 = Debug|Any CPU
		{D1AD06B8-1DA9-4390-877E-CC41A93C2A9C}.Debug|x86.ActiveCfg = Debug|Any CPU
		{D1AD06B8-1DA9-4390-877E-CC41A93C2A9C}.Debug|x86.Build.0 = Debug|Any CPU
		{D1AD06B8-1DA9-4390-877E-CC41A93C2A9C}.Release|Any CPU.ActiveCfg = Release|Any CPU
		{D1AD06B8-1DA9-4390-877E-CC41A93C2A9C}.Release|Any CPU.Build.0 = Release|Any CPU
		{D1AD06B8-1DA9-4390-877E-CC41A93C2A9C}.Release|x64.ActiveCfg = Release|Any CPU
		{D1AD06B8-1DA9-4390-877E-CC41A93C2A9C}.Release|x64.Build.0 = Release|Any CPU
		{D1AD06B8-1DA9-4390-877E-CC41A93C2A9C}.Release|x86.ActiveCfg = Release|Any CPU
		{D1AD06B8-1DA9-4390-877E-CC41A93C2A9C}.Release|x86.Build.0 = Release|Any CPU
		{2FA59B05-84AF-44CD-9514-735E09BC959E}.Debug|Any CPU.ActiveCfg = Debug|Any CPU
		{2FA59B05-84AF-44CD-9514-735E09BC959E}.Debug|Any CPU.Build.0 = Debug|Any CPU
		{2FA59B05-84AF-44CD-9514-735E09BC959E}.Debug|x64.ActiveCfg = Debug|Any CPU
		{2FA59B05-84AF-44CD-9514-735E09BC959E}.Debug|x64.Build.0 = Debug|Any CPU
		{2FA59B05-84AF-44CD-9514-735E09BC959E}.Debug|x86.ActiveCfg = Debug|Any CPU
		{2FA59B05-84AF-44CD-9514-735E09BC959E}.Debug|x86.Build.0 = Debug|Any CPU
		{2FA59B05-84AF-44CD-9514-735E09BC959E}.Release|Any CPU.ActiveCfg = Release|Any CPU
		{2FA59B05-84AF-44CD-9514-735E09BC959E}.Release|Any CPU.Build.0 = Release|Any CPU
		{2FA59B05-84AF-44CD-9514-735E09BC959E}.Release|x64.ActiveCfg = Release|Any CPU
		{2FA59B05-84AF-44CD-9514-735E09BC959E}.Release|x64.Build.0 = Release|Any CPU
		{2FA59B05-84AF-44CD-9514-735E09BC959E}.Release|x86.ActiveCfg = Release|Any CPU
		{2FA59B05-84AF-44CD-9514-735E09BC959E}.Release|x86.Build.0 = Release|Any CPU
		{FE216D65-AD8F-4817-9833-C3874AFC9FE4}.Debug|Any CPU.ActiveCfg = Debug|Any CPU
		{FE216D65-AD8F-4817-9833-C3874AFC9FE4}.Debug|Any CPU.Build.0 = Debug|Any CPU
		{FE216D65-AD8F-4817-9833-C3874AFC9FE4}.Debug|x64.ActiveCfg = Debug|Any CPU
		{FE216D65-AD8F-4817-9833-C3874AFC9FE4}.Debug|x64.Build.0 = Debug|Any CPU
		{FE216D65-AD8F-4817-9833-C3874AFC9FE4}.Debug|x86.ActiveCfg = Debug|Any CPU
		{FE216D65-AD8F-4817-9833-C3874AFC9FE4}.Debug|x86.Build.0 = Debug|Any CPU
		{FE216D65-AD8F-4817-9833-C3874AFC9FE4}.Release|Any CPU.ActiveCfg = Release|Any CPU
		{FE216D65-AD8F-4817-9833-C3874AFC9FE4}.Release|Any CPU.Build.0 = Release|Any CPU
		{FE216D65-AD8F-4817-9833-C3874AFC9FE4}.Release|x64.ActiveCfg = Release|Any CPU
		{FE216D65-AD8F-4817-9833-C3874AFC9FE4}.Release|x64.Build.0 = Release|Any CPU
		{FE216D65-AD8F-4817-9833-C3874AFC9FE4}.Release|x86.ActiveCfg = Release|Any CPU
		{FE216D65-AD8F-4817-9833-C3874AFC9FE4}.Release|x86.Build.0 = Release|Any CPU
		{10C90C8C-F92A-4F2F-A3F0-DEF3CA43689D}.Debug|Any CPU.ActiveCfg = Debug|Any CPU
		{10C90C8C-F92A-4F2F-A3F0-DEF3CA43689D}.Debug|Any CPU.Build.0 = Debug|Any CPU
		{10C90C8C-F92A-4F2F-A3F0-DEF3CA43689D}.Debug|x64.ActiveCfg = Debug|Any CPU
		{10C90C8C-F92A-4F2F-A3F0-DEF3CA43689D}.Debug|x64.Build.0 = Debug|Any CPU
		{10C90C8C-F92A-4F2F-A3F0-DEF3CA43689D}.Debug|x86.ActiveCfg = Debug|Any CPU
		{10C90C8C-F92A-4F2F-A3F0-DEF3CA43689D}.Debug|x86.Build.0 = Debug|Any CPU
		{10C90C8C-F92A-4F2F-A3F0-DEF3CA43689D}.Release|Any CPU.ActiveCfg = Release|Any CPU
		{10C90C8C-F92A-4F2F-A3F0-DEF3CA43689D}.Release|Any CPU.Build.0 = Release|Any CPU
		{10C90C8C-F92A-4F2F-A3F0-DEF3CA43689D}.Release|x64.ActiveCfg = Release|Any CPU
		{10C90C8C-F92A-4F2F-A3F0-DEF3CA43689D}.Release|x64.Build.0 = Release|Any CPU
		{10C90C8C-F92A-4F2F-A3F0-DEF3CA43689D}.Release|x86.ActiveCfg = Release|Any CPU
		{10C90C8C-F92A-4F2F-A3F0-DEF3CA43689D}.Release|x86.Build.0 = Release|Any CPU
		{0CE69AA2-4FBD-4D9B-9580-AF308F77E081}.Debug|Any CPU.ActiveCfg = Debug|Any CPU
		{0CE69AA2-4FBD-4D9B-9580-AF308F77E081}.Debug|Any CPU.Build.0 = Debug|Any CPU
		{0CE69AA2-4FBD-4D9B-9580-AF308F77E081}.Debug|x64.ActiveCfg = Debug|Any CPU
		{0CE69AA2-4FBD-4D9B-9580-AF308F77E081}.Debug|x64.Build.0 = Debug|Any CPU
		{0CE69AA2-4FBD-4D9B-9580-AF308F77E081}.Debug|x86.ActiveCfg = Debug|Any CPU
		{0CE69AA2-4FBD-4D9B-9580-AF308F77E081}.Debug|x86.Build.0 = Debug|Any CPU
		{0CE69AA2-4FBD-4D9B-9580-AF308F77E081}.Release|Any CPU.ActiveCfg = Release|Any CPU
		{0CE69AA2-4FBD-4D9B-9580-AF308F77E081}.Release|Any CPU.Build.0 = Release|Any CPU
		{0CE69AA2-4FBD-4D9B-9580-AF308F77E081}.Release|x64.ActiveCfg = Release|Any CPU
		{0CE69AA2-4FBD-4D9B-9580-AF308F77E081}.Release|x64.Build.0 = Release|Any CPU
		{0CE69AA2-4FBD-4D9B-9580-AF308F77E081}.Release|x86.ActiveCfg = Release|Any CPU
		{0CE69AA2-4FBD-4D9B-9580-AF308F77E081}.Release|x86.Build.0 = Release|Any CPU
		{92531743-23FE-425E-B01F-2E7E1A7DFDA8}.Debug|Any CPU.ActiveCfg = Debug|Any CPU
		{92531743-23FE-425E-B01F-2E7E1A7DFDA8}.Debug|Any CPU.Build.0 = Debug|Any CPU
		{92531743-23FE-425E-B01F-2E7E1A7DFDA8}.Debug|x64.ActiveCfg = Debug|Any CPU
		{92531743-23FE-425E-B01F-2E7E1A7DFDA8}.Debug|x64.Build.0 = Debug|Any CPU
		{92531743-23FE-425E-B01F-2E7E1A7DFDA8}.Debug|x86.ActiveCfg = Debug|Any CPU
		{92531743-23FE-425E-B01F-2E7E1A7DFDA8}.Debug|x86.Build.0 = Debug|Any CPU
		{92531743-23FE-425E-B01F-2E7E1A7DFDA8}.Release|Any CPU.ActiveCfg = Release|Any CPU
		{92531743-23FE-425E-B01F-2E7E1A7DFDA8}.Release|Any CPU.Build.0 = Release|Any CPU
		{92531743-23FE-425E-B01F-2E7E1A7DFDA8}.Release|x64.ActiveCfg = Release|Any CPU
		{92531743-23FE-425E-B01F-2E7E1A7DFDA8}.Release|x64.Build.0 = Release|Any CPU
		{92531743-23FE-425E-B01F-2E7E1A7DFDA8}.Release|x86.ActiveCfg = Release|Any CPU
		{92531743-23FE-425E-B01F-2E7E1A7DFDA8}.Release|x86.Build.0 = Release|Any CPU
		{2F8FC09F-C0F3-4F38-B708-7326913C4E16}.Debug|Any CPU.ActiveCfg = Debug|Any CPU
		{2F8FC09F-C0F3-4F38-B708-7326913C4E16}.Debug|Any CPU.Build.0 = Debug|Any CPU
		{2F8FC09F-C0F3-4F38-B708-7326913C4E16}.Debug|x64.ActiveCfg = Debug|Any CPU
		{2F8FC09F-C0F3-4F38-B708-7326913C4E16}.Debug|x64.Build.0 = Debug|Any CPU
		{2F8FC09F-C0F3-4F38-B708-7326913C4E16}.Debug|x86.ActiveCfg = Debug|Any CPU
		{2F8FC09F-C0F3-4F38-B708-7326913C4E16}.Debug|x86.Build.0 = Debug|Any CPU
		{2F8FC09F-C0F3-4F38-B708-7326913C4E16}.Release|Any CPU.ActiveCfg = Release|Any CPU
		{2F8FC09F-C0F3-4F38-B708-7326913C4E16}.Release|Any CPU.Build.0 = Release|Any CPU
		{2F8FC09F-C0F3-4F38-B708-7326913C4E16}.Release|x64.ActiveCfg = Release|Any CPU
		{2F8FC09F-C0F3-4F38-B708-7326913C4E16}.Release|x64.Build.0 = Release|Any CPU
		{2F8FC09F-C0F3-4F38-B708-7326913C4E16}.Release|x86.ActiveCfg = Release|Any CPU
		{2F8FC09F-C0F3-4F38-B708-7326913C4E16}.Release|x86.Build.0 = Release|Any CPU
		{3C7E5628-FFCD-46C8-BDD6-52ED1A9EC587}.Debug|Any CPU.ActiveCfg = Debug|Any CPU
		{3C7E5628-FFCD-46C8-BDD6-52ED1A9EC587}.Debug|Any CPU.Build.0 = Debug|Any CPU
		{3C7E5628-FFCD-46C8-BDD6-52ED1A9EC587}.Debug|x64.ActiveCfg = Debug|Any CPU
		{3C7E5628-FFCD-46C8-BDD6-52ED1A9EC587}.Debug|x64.Build.0 = Debug|Any CPU
		{3C7E5628-FFCD-46C8-BDD6-52ED1A9EC587}.Debug|x86.ActiveCfg = Debug|Any CPU
		{3C7E5628-FFCD-46C8-BDD6-52ED1A9EC587}.Debug|x86.Build.0 = Debug|Any CPU
		{3C7E5628-FFCD-46C8-BDD6-52ED1A9EC587}.Release|Any CPU.ActiveCfg = Release|Any CPU
		{3C7E5628-FFCD-46C8-BDD6-52ED1A9EC587}.Release|Any CPU.Build.0 = Release|Any CPU
		{3C7E5628-FFCD-46C8-BDD6-52ED1A9EC587}.Release|x64.ActiveCfg = Release|Any CPU
		{3C7E5628-FFCD-46C8-BDD6-52ED1A9EC587}.Release|x64.Build.0 = Release|Any CPU
		{3C7E5628-FFCD-46C8-BDD6-52ED1A9EC587}.Release|x86.ActiveCfg = Release|Any CPU
		{3C7E5628-FFCD-46C8-BDD6-52ED1A9EC587}.Release|x86.Build.0 = Release|Any CPU
		{E83932AB-EDFF-48C3-B809-64E084ACFD4E}.Debug|Any CPU.ActiveCfg = Debug|Any CPU
		{E83932AB-EDFF-48C3-B809-64E084ACFD4E}.Debug|Any CPU.Build.0 = Debug|Any CPU
		{E83932AB-EDFF-48C3-B809-64E084ACFD4E}.Debug|x64.ActiveCfg = Debug|Any CPU
		{E83932AB-EDFF-48C3-B809-64E084ACFD4E}.Debug|x64.Build.0 = Debug|Any CPU
		{E83932AB-EDFF-48C3-B809-64E084ACFD4E}.Debug|x86.ActiveCfg = Debug|Any CPU
		{E83932AB-EDFF-48C3-B809-64E084ACFD4E}.Debug|x86.Build.0 = Debug|Any CPU
		{E83932AB-EDFF-48C3-B809-64E084ACFD4E}.Release|Any CPU.ActiveCfg = Release|Any CPU
		{E83932AB-EDFF-48C3-B809-64E084ACFD4E}.Release|Any CPU.Build.0 = Release|Any CPU
		{E83932AB-EDFF-48C3-B809-64E084ACFD4E}.Release|x64.ActiveCfg = Release|Any CPU
		{E83932AB-EDFF-48C3-B809-64E084ACFD4E}.Release|x64.Build.0 = Release|Any CPU
		{E83932AB-EDFF-48C3-B809-64E084ACFD4E}.Release|x86.ActiveCfg = Release|Any CPU
		{E83932AB-EDFF-48C3-B809-64E084ACFD4E}.Release|x86.Build.0 = Release|Any CPU
		{67200096-228E-45D4-9F6A-F0C90FC1B6A8}.Debug|Any CPU.ActiveCfg = Debug|Any CPU
		{67200096-228E-45D4-9F6A-F0C90FC1B6A8}.Debug|Any CPU.Build.0 = Debug|Any CPU
		{67200096-228E-45D4-9F6A-F0C90FC1B6A8}.Debug|x64.ActiveCfg = Debug|Any CPU
		{67200096-228E-45D4-9F6A-F0C90FC1B6A8}.Debug|x64.Build.0 = Debug|Any CPU
		{67200096-228E-45D4-9F6A-F0C90FC1B6A8}.Debug|x86.ActiveCfg = Debug|Any CPU
		{67200096-228E-45D4-9F6A-F0C90FC1B6A8}.Debug|x86.Build.0 = Debug|Any CPU
		{67200096-228E-45D4-9F6A-F0C90FC1B6A8}.Release|Any CPU.ActiveCfg = Release|Any CPU
		{67200096-228E-45D4-9F6A-F0C90FC1B6A8}.Release|Any CPU.Build.0 = Release|Any CPU
		{67200096-228E-45D4-9F6A-F0C90FC1B6A8}.Release|x64.ActiveCfg = Release|Any CPU
		{67200096-228E-45D4-9F6A-F0C90FC1B6A8}.Release|x64.Build.0 = Release|Any CPU
		{67200096-228E-45D4-9F6A-F0C90FC1B6A8}.Release|x86.ActiveCfg = Release|Any CPU
		{67200096-228E-45D4-9F6A-F0C90FC1B6A8}.Release|x86.Build.0 = Release|Any CPU
		{FEF6512B-0D2E-4ADC-B5D8-AFAD0D48275F}.Debug|Any CPU.ActiveCfg = Debug|Any CPU
		{FEF6512B-0D2E-4ADC-B5D8-AFAD0D48275F}.Debug|Any CPU.Build.0 = Debug|Any CPU
		{FEF6512B-0D2E-4ADC-B5D8-AFAD0D48275F}.Debug|x64.ActiveCfg = Debug|Any CPU
		{FEF6512B-0D2E-4ADC-B5D8-AFAD0D48275F}.Debug|x64.Build.0 = Debug|Any CPU
		{FEF6512B-0D2E-4ADC-B5D8-AFAD0D48275F}.Debug|x86.ActiveCfg = Debug|Any CPU
		{FEF6512B-0D2E-4ADC-B5D8-AFAD0D48275F}.Debug|x86.Build.0 = Debug|Any CPU
		{FEF6512B-0D2E-4ADC-B5D8-AFAD0D48275F}.Release|Any CPU.ActiveCfg = Release|Any CPU
		{FEF6512B-0D2E-4ADC-B5D8-AFAD0D48275F}.Release|Any CPU.Build.0 = Release|Any CPU
		{FEF6512B-0D2E-4ADC-B5D8-AFAD0D48275F}.Release|x64.ActiveCfg = Release|Any CPU
		{FEF6512B-0D2E-4ADC-B5D8-AFAD0D48275F}.Release|x64.Build.0 = Release|Any CPU
		{FEF6512B-0D2E-4ADC-B5D8-AFAD0D48275F}.Release|x86.ActiveCfg = Release|Any CPU
		{FEF6512B-0D2E-4ADC-B5D8-AFAD0D48275F}.Release|x86.Build.0 = Release|Any CPU
		{7EBBC626-6D2C-4CBB-895A-D020224B92EC}.Debug|Any CPU.ActiveCfg = Debug|Any CPU
		{7EBBC626-6D2C-4CBB-895A-D020224B92EC}.Debug|Any CPU.Build.0 = Debug|Any CPU
		{7EBBC626-6D2C-4CBB-895A-D020224B92EC}.Debug|x64.ActiveCfg = Debug|Any CPU
		{7EBBC626-6D2C-4CBB-895A-D020224B92EC}.Debug|x64.Build.0 = Debug|Any CPU
		{7EBBC626-6D2C-4CBB-895A-D020224B92EC}.Debug|x86.ActiveCfg = Debug|Any CPU
		{7EBBC626-6D2C-4CBB-895A-D020224B92EC}.Debug|x86.Build.0 = Debug|Any CPU
		{7EBBC626-6D2C-4CBB-895A-D020224B92EC}.Release|Any CPU.ActiveCfg = Release|Any CPU
		{7EBBC626-6D2C-4CBB-895A-D020224B92EC}.Release|Any CPU.Build.0 = Release|Any CPU
		{7EBBC626-6D2C-4CBB-895A-D020224B92EC}.Release|x64.ActiveCfg = Release|Any CPU
		{7EBBC626-6D2C-4CBB-895A-D020224B92EC}.Release|x64.Build.0 = Release|Any CPU
		{7EBBC626-6D2C-4CBB-895A-D020224B92EC}.Release|x86.ActiveCfg = Release|Any CPU
		{7EBBC626-6D2C-4CBB-895A-D020224B92EC}.Release|x86.Build.0 = Release|Any CPU
	EndGlobalSection
EndGlobal
